
Microsoft Visual Studio Solution File, Format Version 12.00
# Visual Studio Version 16
VisualStudioVersion = 16.0.30309.148
MinimumVisualStudioVersion = 10.0.40219.1
Project("{EB24A91B-7107-410B-8C3A-D668EE9EED1D}") = "Azure.ResourceManager.CostResourceManager", "src\Azure.ResourceManager.CostResourceManager.csproj", "{9C1CECE3-C232-4E98-9808-08568DADAA4F}"
EndProject
Project("{EB24A91B-7107-410B-8C3A-D668EE9EED1D}") = "Azure.ResourceManager.CostResourceManager.Tests", "tests\Azure.ResourceManager.CostResourceManager.Tests.csproj", "{1BADDD79-85AA-4AB4-AD28-EB7FE3207A72}"
EndProject
Project("{EB24A91B-7107-410B-8C3A-D668EE9EED1D}") = "Azure.Core.TestFramework", "..\..\core\Azure.Core.TestFramework\src\Azure.Core.TestFramework.csproj", "{D834F7AA-20E1-4A74-8474-6E367332E3EB}"
EndProject
Project("{EB24A91B-7107-410B-8C3A-D668EE9EED1D}") = "Azure.Core", "..\..\core\Azure.Core\src\Azure.Core.csproj", "{91F4FCC0-AEB7-4FEC-B3C2-7A3F9764CB51}"
EndProject
Global
	GlobalSection(SolutionProperties) = preSolution
		HideSolutionNode = FALSE
	EndGlobalSection
	GlobalSection(ExtensibilityGlobals) = postSolution
		SolutionGuid = {5998FC70-B3C5-4C9B-9DA9-BCAB2F174ACA}
	EndGlobalSection
	GlobalSection(SolutionConfigurationPlatforms) = preSolution
		Debug|Any CPU = Debug|Any CPU
		Debug|x64 = Debug|x64
		Debug|x86 = Debug|x86
		Release|Any CPU = Release|Any CPU
		Release|x64 = Release|x64
		Release|x86 = Release|x86
	EndGlobalSection
	GlobalSection(ProjectConfigurationPlatforms) = postSolution
		{9C1CECE3-C232-4E98-9808-08568DADAA4F}.Debug|Any CPU.ActiveCfg = Debug|Any CPU
		{9C1CECE3-C232-4E98-9808-08568DADAA4F}.Debug|Any CPU.Build.0 = Debug|Any CPU
		{9C1CECE3-C232-4E98-9808-08568DADAA4F}.Debug|x64.ActiveCfg = Debug|Any CPU
		{9C1CECE3-C232-4E98-9808-08568DADAA4F}.Debug|x64.Build.0 = Debug|Any CPU
		{9C1CECE3-C232-4E98-9808-08568DADAA4F}.Debug|x86.ActiveCfg = Debug|Any CPU
		{9C1CECE3-C232-4E98-9808-08568DADAA4F}.Debug|x86.Build.0 = Debug|Any CPU
		{9C1CECE3-C232-4E98-9808-08568DADAA4F}.Release|Any CPU.ActiveCfg = Release|Any CPU
		{9C1CECE3-C232-4E98-9808-08568DADAA4F}.Release|Any CPU.Build.0 = Release|Any CPU
		{9C1CECE3-C232-4E98-9808-08568DADAA4F}.Release|x64.ActiveCfg = Release|Any CPU
		{9C1CECE3-C232-4E98-9808-08568DADAA4F}.Release|x64.Build.0 = Release|Any CPU
		{9C1CECE3-C232-4E98-9808-08568DADAA4F}.Release|x86.ActiveCfg = Release|Any CPU
		{9C1CECE3-C232-4E98-9808-08568DADAA4F}.Release|x86.Build.0 = Release|Any CPU
		{1BADDD79-85AA-4AB4-AD28-EB7FE3207A72}.Debug|Any CPU.ActiveCfg = Debug|Any CPU
		{1BADDD79-85AA-4AB4-AD28-EB7FE3207A72}.Debug|Any CPU.Build.0 = Debug|Any CPU
		{1BADDD79-85AA-4AB4-AD28-EB7FE3207A72}.Debug|x64.ActiveCfg = Debug|Any CPU
		{1BADDD79-85AA-4AB4-AD28-EB7FE3207A72}.Debug|x64.Build.0 = Debug|Any CPU
		{1BADDD79-85AA-4AB4-AD28-EB7FE3207A72}.Debug|x86.ActiveCfg = Debug|Any CPU
		{1BADDD79-85AA-4AB4-AD28-EB7FE3207A72}.Debug|x86.Build.0 = Debug|Any CPU
		{1BADDD79-85AA-4AB4-AD28-EB7FE3207A72}.Release|Any CPU.ActiveCfg = Release|Any CPU
		{1BADDD79-85AA-4AB4-AD28-EB7FE3207A72}.Release|Any CPU.Build.0 = Release|Any CPU
		{1BADDD79-85AA-4AB4-AD28-EB7FE3207A72}.Release|x64.ActiveCfg = Release|Any CPU
		{1BADDD79-85AA-4AB4-AD28-EB7FE3207A72}.Release|x64.Build.0 = Release|Any CPU
		{1BADDD79-85AA-4AB4-AD28-EB7FE3207A72}.Release|x86.ActiveCfg = Release|Any CPU
		{1BADDD79-85AA-4AB4-AD28-EB7FE3207A72}.Release|x86.Build.0 = Release|Any CPU
	EndGlobalSection
EndGlobal
