
Microsoft Visual Studio Solution File, Format Version 12.00
# Visual Studio Version 16
VisualStudioVersion = 16.0.30309.148
MinimumVisualStudioVersion = 10.0.40219.1
Project("{842F2AE8-26BE-4298-A1D9-31321D2F425B}") = "Azure.ResourceManager.ResourceGraph", "src\Azure.ResourceManager.ResourceGraph.csproj", "{B173D691-EA8A-44BE-8303-D0B07895EED9}"
EndProject
Project("{842F2AE8-26BE-4298-A1D9-31321D2F425B}") = "Azure.ResourceManager.ResourceGraph.Tests", "tests\Azure.ResourceManager.ResourceGraph.Tests.csproj", "{8AC62776-DCB7-4E2E-BE79-CD70E4089126}"
EndProject
Project("{842F2AE8-26BE-4298-A1D9-31321D2F425B}") = "Azure.Core.TestFramework", "..\..\core\Azure.Core.TestFramework\src\Azure.Core.TestFramework.csproj", "{D834F7AA-20E1-4A74-8474-6E367332E3EB}"
EndProject
Project("{842F2AE8-26BE-4298-A1D9-31321D2F425B}") = "Azure.Core", "..\..\core\Azure.Core\src\Azure.Core.csproj", "{91F4FCC0-AEB7-4FEC-B3C2-7A3F9764CB51}"
EndProject
Global
	GlobalSection(SolutionProperties) = preSolution
		HideSolutionNode = FALSE
	EndGlobalSection
	GlobalSection(ExtensibilityGlobals) = postSolution
		SolutionGuid = {34429B01-39AE-4154-BBEB-64B670571FB0}
	EndGlobalSection
	GlobalSection(SolutionConfigurationPlatforms) = preSolution
		Debug|Any CPU = Debug|Any CPU
		Debug|x64 = Debug|x64
		Debug|x86 = Debug|x86
		Release|Any CPU = Release|Any CPU
		Release|x64 = Release|x64
		Release|x86 = Release|x86
	EndGlobalSection
	GlobalSection(ProjectConfigurationPlatforms) = postSolution
		{B173D691-EA8A-44BE-8303-D0B07895EED9}.Debug|Any CPU.ActiveCfg = Debug|Any CPU
		{B173D691-EA8A-44BE-8303-D0B07895EED9}.Debug|Any CPU.Build.0 = Debug|Any CPU
		{B173D691-EA8A-44BE-8303-D0B07895EED9}.Debug|x64.ActiveCfg = Debug|Any CPU
		{B173D691-EA8A-44BE-8303-D0B07895EED9}.Debug|x64.Build.0 = Debug|Any CPU
		{B173D691-EA8A-44BE-8303-D0B07895EED9}.Debug|x86.ActiveCfg = Debug|Any CPU
		{B173D691-EA8A-44BE-8303-D0B07895EED9}.Debug|x86.Build.0 = Debug|Any CPU
		{B173D691-EA8A-44BE-8303-D0B07895EED9}.Release|Any CPU.ActiveCfg = Release|Any CPU
		{B173D691-EA8A-44BE-8303-D0B07895EED9}.Release|Any CPU.Build.0 = Release|Any CPU
		{B173D691-EA8A-44BE-8303-D0B07895EED9}.Release|x64.ActiveCfg = Release|Any CPU
		{B173D691-EA8A-44BE-8303-D0B07895EED9}.Release|x64.Build.0 = Release|Any CPU
		{B173D691-EA8A-44BE-8303-D0B07895EED9}.Release|x86.ActiveCfg = Release|Any CPU
		{B173D691-EA8A-44BE-8303-D0B07895EED9}.Release|x86.Build.0 = Release|Any CPU
		{8AC62776-DCB7-4E2E-BE79-CD70E4089126}.Debug|Any CPU.ActiveCfg = Debug|Any CPU
		{8AC62776-DCB7-4E2E-BE79-CD70E4089126}.Debug|Any CPU.Build.0 = Debug|Any CPU
		{8AC62776-DCB7-4E2E-BE79-CD70E4089126}.Debug|x64.ActiveCfg = Debug|Any CPU
		{8AC62776-DCB7-4E2E-BE79-CD70E4089126}.Debug|x64.Build.0 = Debug|Any CPU
		{8AC62776-DCB7-4E2E-BE79-CD70E4089126}.Debug|x86.ActiveCfg = Debug|Any CPU
		{8AC62776-DCB7-4E2E-BE79-CD70E4089126}.Debug|x86.Build.0 = Debug|Any CPU
		{8AC62776-DCB7-4E2E-BE79-CD70E4089126}.Release|Any CPU.ActiveCfg = Release|Any CPU
		{8AC62776-DCB7-4E2E-BE79-CD70E4089126}.Release|Any CPU.Build.0 = Release|Any CPU
		{8AC62776-DCB7-4E2E-BE79-CD70E4089126}.Release|x64.ActiveCfg = Release|Any CPU
		{8AC62776-DCB7-4E2E-BE79-CD70E4089126}.Release|x64.Build.0 = Release|Any CPU
		{8AC62776-DCB7-4E2E-BE79-CD70E4089126}.Release|x86.ActiveCfg = Release|Any CPU
		{8AC62776-DCB7-4E2E-BE79-CD70E4089126}.Release|x86.Build.0 = Release|Any CPU
	EndGlobalSection
EndGlobal
