
Microsoft Visual Studio Solution File, Format Version 12.00
# Visual Studio Version 16
VisualStudioVersion = 16.0.30309.148
MinimumVisualStudioVersion = 10.0.40219.1
Project("{4B4CB054-F994-462F-B56B-1CB188C57DCA}") = "Azure.ResourceManager.ProviderHub", "src\Azure.ResourceManager.ProviderHub.csproj", "{D6C03392-1CF7-48B1-8FD0-B31B2D65DF52}"
EndProject
Project("{4B4CB054-F994-462F-B56B-1CB188C57DCA}") = "Azure.ResourceManager.ProviderHub.Tests", "tests\Azure.ResourceManager.ProviderHub.Tests.csproj", "{72EB5869-B961-4C85-8838-B509240B0132}"
EndProject
Project("{4B4CB054-F994-462F-B56B-1CB188C57DCA}") = "Azure.Core.TestFramework", "..\..\core\Azure.Core.TestFramework\src\Azure.Core.TestFramework.csproj", "{D834F7AA-20E1-4A74-8474-6E367332E3EB}"
EndProject
Project("{4B4CB054-F994-462F-B56B-1CB188C57DCA}") = "Azure.Core", "..\..\core\Azure.Core\src\Azure.Core.csproj", "{91F4FCC0-AEB7-4FEC-B3C2-7A3F9764CB51}"
EndProject
Global
	GlobalSection(SolutionProperties) = preSolution
		HideSolutionNode = FALSE
	EndGlobalSection
	GlobalSection(ExtensibilityGlobals) = postSolution
		SolutionGuid = {FD10A408-8269-48DE-AA2F-E2D45CA8CF35}
	EndGlobalSection
	GlobalSection(SolutionConfigurationPlatforms) = preSolution
		Debug|Any CPU = Debug|Any CPU
		Debug|x64 = Debug|x64
		Debug|x86 = Debug|x86
		Release|Any CPU = Release|Any CPU
		Release|x64 = Release|x64
		Release|x86 = Release|x86
	EndGlobalSection
	GlobalSection(ProjectConfigurationPlatforms) = postSolution
		{D6C03392-1CF7-48B1-8FD0-B31B2D65DF52}.Debug|Any CPU.ActiveCfg = Debug|Any CPU
		{D6C03392-1CF7-48B1-8FD0-B31B2D65DF52}.Debug|Any CPU.Build.0 = Debug|Any CPU
		{D6C03392-1CF7-48B1-8FD0-B31B2D65DF52}.Debug|x64.ActiveCfg = Debug|Any CPU
		{D6C03392-1CF7-48B1-8FD0-B31B2D65DF52}.Debug|x64.Build.0 = Debug|Any CPU
		{D6C03392-1CF7-48B1-8FD0-B31B2D65DF52}.Debug|x86.ActiveCfg = Debug|Any CPU
		{D6C03392-1CF7-48B1-8FD0-B31B2D65DF52}.Debug|x86.Build.0 = Debug|Any CPU
		{D6C03392-1CF7-48B1-8FD0-B31B2D65DF52}.Release|Any CPU.ActiveCfg = Release|Any CPU
		{D6C03392-1CF7-48B1-8FD0-B31B2D65DF52}.Release|Any CPU.Build.0 = Release|Any CPU
		{D6C03392-1CF7-48B1-8FD0-B31B2D65DF52}.Release|x64.ActiveCfg = Release|Any CPU
		{D6C03392-1CF7-48B1-8FD0-B31B2D65DF52}.Release|x64.Build.0 = Release|Any CPU
		{D6C03392-1CF7-48B1-8FD0-B31B2D65DF52}.Release|x86.ActiveCfg = Release|Any CPU
		{D6C03392-1CF7-48B1-8FD0-B31B2D65DF52}.Release|x86.Build.0 = Release|Any CPU
		{72EB5869-B961-4C85-8838-B509240B0132}.Debug|Any CPU.ActiveCfg = Debug|Any CPU
		{72EB5869-B961-4C85-8838-B509240B0132}.Debug|Any CPU.Build.0 = Debug|Any CPU
		{72EB5869-B961-4C85-8838-B509240B0132}.Debug|x64.ActiveCfg = Debug|Any CPU
		{72EB5869-B961-4C85-8838-B509240B0132}.Debug|x64.Build.0 = Debug|Any CPU
		{72EB5869-B961-4C85-8838-B509240B0132}.Debug|x86.ActiveCfg = Debug|Any CPU
		{72EB5869-B961-4C85-8838-B509240B0132}.Debug|x86.Build.0 = Debug|Any CPU
		{72EB5869-B961-4C85-8838-B509240B0132}.Release|Any CPU.ActiveCfg = Release|Any CPU
		{72EB5869-B961-4C85-8838-B509240B0132}.Release|Any CPU.Build.0 = Release|Any CPU
		{72EB5869-B961-4C85-8838-B509240B0132}.Release|x64.ActiveCfg = Release|Any CPU
		{72EB5869-B961-4C85-8838-B509240B0132}.Release|x64.Build.0 = Release|Any CPU
		{72EB5869-B961-4C85-8838-B509240B0132}.Release|x86.ActiveCfg = Release|Any CPU
		{72EB5869-B961-4C85-8838-B509240B0132}.Release|x86.Build.0 = Release|Any CPU
	EndGlobalSection
EndGlobal
