
Microsoft Visual Studio Solution File, Format Version 12.00
# Visual Studio Version 16
VisualStudioVersion = 16.0.30309.148
MinimumVisualStudioVersion = 10.0.40219.1
Project("{7A9E68CA-4C6B-4C58-9D48-E9DAC819B5BB}") = "Azure.ResourceManager.DeviceProvisioningServices", "src\Azure.ResourceManager.DeviceProvisioningServices.csproj", "{D0B0BFED-E55A-46F8-A1E9-90EEB83BEEBC}"
EndProject
Project("{7A9E68CA-4C6B-4C58-9D48-E9DAC819B5BB}") = "Azure.ResourceManager.DeviceProvisioningServices.Tests", "tests\Azure.ResourceManager.DeviceProvisioningServices.Tests.csproj", "{EDD2B517-6BEC-4940-B917-98BD1A5C25B8}"
EndProject
Project("{7A9E68CA-4C6B-4C58-9D48-E9DAC819B5BB}") = "Azure.Core.TestFramework", "..\..\core\Azure.Core.TestFramework\src\Azure.Core.TestFramework.csproj", "{D834F7AA-20E1-4A74-8474-6E367332E3EB}"
EndProject
Project("{7A9E68CA-4C6B-4C58-9D48-E9DAC819B5BB}") = "Azure.Core", "..\..\core\Azure.Core\src\Azure.Core.csproj", "{91F4FCC0-AEB7-4FEC-B3C2-7A3F9764CB51}"
EndProject
Global
	GlobalSection(SolutionProperties) = preSolution
		HideSolutionNode = FALSE
	EndGlobalSection
	GlobalSection(ExtensibilityGlobals) = postSolution
		SolutionGuid = {F7191487-E4E0-4FA6-9F21-1245EBFBB736}
	EndGlobalSection
	GlobalSection(SolutionConfigurationPlatforms) = preSolution
		Debug|Any CPU = Debug|Any CPU
		Debug|x64 = Debug|x64
		Debug|x86 = Debug|x86
		Release|Any CPU = Release|Any CPU
		Release|x64 = Release|x64
		Release|x86 = Release|x86
	EndGlobalSection
	GlobalSection(ProjectConfigurationPlatforms) = postSolution
		{D0B0BFED-E55A-46F8-A1E9-90EEB83BEEBC}.Debug|Any CPU.ActiveCfg = Debug|Any CPU
		{D0B0BFED-E55A-46F8-A1E9-90EEB83BEEBC}.Debug|Any CPU.Build.0 = Debug|Any CPU
		{D0B0BFED-E55A-46F8-A1E9-90EEB83BEEBC}.Debug|x64.ActiveCfg = Debug|Any CPU
		{D0B0BFED-E55A-46F8-A1E9-90EEB83BEEBC}.Debug|x64.Build.0 = Debug|Any CPU
		{D0B0BFED-E55A-46F8-A1E9-90EEB83BEEBC}.Debug|x86.ActiveCfg = Debug|Any CPU
		{D0B0BFED-E55A-46F8-A1E9-90EEB83BEEBC}.Debug|x86.Build.0 = Debug|Any CPU
		{D0B0BFED-E55A-46F8-A1E9-90EEB83BEEBC}.Release|Any CPU.ActiveCfg = Release|Any CPU
		{D0B0BFED-E55A-46F8-A1E9-90EEB83BEEBC}.Release|Any CPU.Build.0 = Release|Any CPU
		{D0B0BFED-E55A-46F8-A1E9-90EEB83BEEBC}.Release|x64.ActiveCfg = Release|Any CPU
		{D0B0BFED-E55A-46F8-A1E9-90EEB83BEEBC}.Release|x64.Build.0 = Release|Any CPU
		{D0B0BFED-E55A-46F8-A1E9-90EEB83BEEBC}.Release|x86.ActiveCfg = Release|Any CPU
		{D0B0BFED-E55A-46F8-A1E9-90EEB83BEEBC}.Release|x86.Build.0 = Release|Any CPU
		{EDD2B517-6BEC-4940-B917-98BD1A5C25B8}.Debug|Any CPU.ActiveCfg = Debug|Any CPU
		{EDD2B517-6BEC-4940-B917-98BD1A5C25B8}.Debug|Any CPU.Build.0 = Debug|Any CPU
		{EDD2B517-6BEC-4940-B917-98BD1A5C25B8}.Debug|x64.ActiveCfg = Debug|Any CPU
		{EDD2B517-6BEC-4940-B917-98BD1A5C25B8}.Debug|x64.Build.0 = Debug|Any CPU
		{EDD2B517-6BEC-4940-B917-98BD1A5C25B8}.Debug|x86.ActiveCfg = Debug|Any CPU
		{EDD2B517-6BEC-4940-B917-98BD1A5C25B8}.Debug|x86.Build.0 = Debug|Any CPU
		{EDD2B517-6BEC-4940-B917-98BD1A5C25B8}.Release|Any CPU.ActiveCfg = Release|Any CPU
		{EDD2B517-6BEC-4940-B917-98BD1A5C25B8}.Release|Any CPU.Build.0 = Release|Any CPU
		{EDD2B517-6BEC-4940-B917-98BD1A5C25B8}.Release|x64.ActiveCfg = Release|Any CPU
		{EDD2B517-6BEC-4940-B917-98BD1A5C25B8}.Release|x64.Build.0 = Release|Any CPU
		{EDD2B517-6BEC-4940-B917-98BD1A5C25B8}.Release|x86.ActiveCfg = Release|Any CPU
		{EDD2B517-6BEC-4940-B917-98BD1A5C25B8}.Release|x86.Build.0 = Release|Any CPU
	EndGlobalSection
EndGlobal
