
Microsoft Visual Studio Solution File, Format Version 12.00
# Visual Studio Version 16
VisualStudioVersion = 16.0.30309.148
MinimumVisualStudioVersion = 10.0.40219.1
Project("{2378320B-CCFC-4762-98C0-EEB1BF013C9F}") = "Azure.ResourceManager.Batch", "src\Azure.ResourceManager.Batch.csproj", "{F031C9A2-2F48-4C25-8D3C-1DE11C7BAA5F}"
EndProject
Project("{2378320B-CCFC-4762-98C0-EEB1BF013C9F}") = "Azure.ResourceManager.Batch.Tests", "mocktests\Azure.ResourceManager.Batch.Tests.csproj", "{2D1658AF-1BDF-46D8-85D9-A97D5C8C3A57}"
EndProject
Project("{2378320B-CCFC-4762-98C0-EEB1BF013C9F}") = "Azure.Core.TestFramework", "..\..\core\Azure.Core.TestFramework\src\Azure.Core.TestFramework.csproj", "{D834F7AA-20E1-4A74-8474-6E367332E3EB}"
EndProject
Project("{2378320B-CCFC-4762-98C0-EEB1BF013C9F}") = "Azure.Core", "..\..\core\Azure.Core\src\Azure.Core.csproj", "{91F4FCC0-AEB7-4FEC-B3C2-7A3F9764CB51}"
EndProject
Global
	GlobalSection(SolutionProperties) = preSolution
		HideSolutionNode = FALSE
	EndGlobalSection
	GlobalSection(ExtensibilityGlobals) = postSolution
		SolutionGuid = {19244ED6-A5CB-490F-8562-85B945906E20}
	EndGlobalSection
	GlobalSection(SolutionConfigurationPlatforms) = preSolution
		Debug|Any CPU = Debug|Any CPU
		Debug|x64 = Debug|x64
		Debug|x86 = Debug|x86
		Release|Any CPU = Release|Any CPU
		Release|x64 = Release|x64
		Release|x86 = Release|x86
	EndGlobalSection
	GlobalSection(ProjectConfigurationPlatforms) = postSolution
		{F031C9A2-2F48-4C25-8D3C-1DE11C7BAA5F}.Debug|Any CPU.ActiveCfg = Debug|Any CPU
		{F031C9A2-2F48-4C25-8D3C-1DE11C7BAA5F}.Debug|Any CPU.Build.0 = Debug|Any CPU
		{F031C9A2-2F48-4C25-8D3C-1DE11C7BAA5F}.Debug|x64.ActiveCfg = Debug|Any CPU
		{F031C9A2-2F48-4C25-8D3C-1DE11C7BAA5F}.Debug|x64.Build.0 = Debug|Any CPU
		{F031C9A2-2F48-4C25-8D3C-1DE11C7BAA5F}.Debug|x86.ActiveCfg = Debug|Any CPU
		{F031C9A2-2F48-4C25-8D3C-1DE11C7BAA5F}.Debug|x86.Build.0 = Debug|Any CPU
		{F031C9A2-2F48-4C25-8D3C-1DE11C7BAA5F}.Release|Any CPU.ActiveCfg = Release|Any CPU
		{F031C9A2-2F48-4C25-8D3C-1DE11C7BAA5F}.Release|Any CPU.Build.0 = Release|Any CPU
		{F031C9A2-2F48-4C25-8D3C-1DE11C7BAA5F}.Release|x64.ActiveCfg = Release|Any CPU
		{F031C9A2-2F48-4C25-8D3C-1DE11C7BAA5F}.Release|x64.Build.0 = Release|Any CPU
		{F031C9A2-2F48-4C25-8D3C-1DE11C7BAA5F}.Release|x86.ActiveCfg = Release|Any CPU
		{F031C9A2-2F48-4C25-8D3C-1DE11C7BAA5F}.Release|x86.Build.0 = Release|Any CPU
		{2D1658AF-1BDF-46D8-85D9-A97D5C8C3A57}.Debug|Any CPU.ActiveCfg = Debug|Any CPU
		{2D1658AF-1BDF-46D8-85D9-A97D5C8C3A57}.Debug|Any CPU.Build.0 = Debug|Any CPU
		{2D1658AF-1BDF-46D8-85D9-A97D5C8C3A57}.Debug|x64.ActiveCfg = Debug|Any CPU
		{2D1658AF-1BDF-46D8-85D9-A97D5C8C3A57}.Debug|x64.Build.0 = Debug|Any CPU
		{2D1658AF-1BDF-46D8-85D9-A97D5C8C3A57}.Debug|x86.ActiveCfg = Debug|Any CPU
		{2D1658AF-1BDF-46D8-85D9-A97D5C8C3A57}.Debug|x86.Build.0 = Debug|Any CPU
		{2D1658AF-1BDF-46D8-85D9-A97D5C8C3A57}.Release|Any CPU.ActiveCfg = Release|Any CPU
		{2D1658AF-1BDF-46D8-85D9-A97D5C8C3A57}.Release|Any CPU.Build.0 = Release|Any CPU
		{2D1658AF-1BDF-46D8-85D9-A97D5C8C3A57}.Release|x64.ActiveCfg = Release|Any CPU
		{2D1658AF-1BDF-46D8-85D9-A97D5C8C3A57}.Release|x64.Build.0 = Release|Any CPU
		{2D1658AF-1BDF-46D8-85D9-A97D5C8C3A57}.Release|x86.ActiveCfg = Release|Any CPU
		{2D1658AF-1BDF-46D8-85D9-A97D5C8C3A57}.Release|x86.Build.0 = Release|Any CPU
	EndGlobalSection
EndGlobal
