
Microsoft Visual Studio Solution File, Format Version 12.00
# Visual Studio Version 16
VisualStudioVersion = 16.0.30309.148
MinimumVisualStudioVersion = 10.0.40219.1
Project("{5051C926-ECF6-4093-9159-C9C77BCC1E10}") = "Azure.ResourceManager.StorSimple8000Series", "src\Azure.ResourceManager.StorSimple8000Series.csproj", "{AFE9B6D4-F0E4-4AD7-81CE-6D82A406D382}"
EndProject
Project("{5051C926-ECF6-4093-9159-C9C77BCC1E10}") = "Azure.ResourceManager.StorSimple8000Series.Tests", "tests\Azure.ResourceManager.StorSimple8000Series.Tests.csproj", "{6AEF4644-962E-44DB-AD14-7BCE7EC6C1B7}"
EndProject
Project("{5051C926-ECF6-4093-9159-C9C77BCC1E10}") = "Azure.Core.TestFramework", "..\..\core\Azure.Core.TestFramework\src\Azure.Core.TestFramework.csproj", "{D834F7AA-20E1-4A74-8474-6E367332E3EB}"
EndProject
Project("{5051C926-ECF6-4093-9159-C9C77BCC1E10}") = "Azure.Core", "..\..\core\Azure.Core\src\Azure.Core.csproj", "{91F4FCC0-AEB7-4FEC-B3C2-7A3F9764CB51}"
EndProject
Global
	GlobalSection(SolutionProperties) = preSolution
		HideSolutionNode = FALSE
	EndGlobalSection
	GlobalSection(ExtensibilityGlobals) = postSolution
		SolutionGuid = {C35CE432-3391-4B18-881C-45A2D925B39B}
	EndGlobalSection
	GlobalSection(SolutionConfigurationPlatforms) = preSolution
		Debug|Any CPU = Debug|Any CPU
		Debug|x64 = Debug|x64
		Debug|x86 = Debug|x86
		Release|Any CPU = Release|Any CPU
		Release|x64 = Release|x64
		Release|x86 = Release|x86
	EndGlobalSection
	GlobalSection(ProjectConfigurationPlatforms) = postSolution
		{AFE9B6D4-F0E4-4AD7-81CE-6D82A406D382}.Debug|Any CPU.ActiveCfg = Debug|Any CPU
		{AFE9B6D4-F0E4-4AD7-81CE-6D82A406D382}.Debug|Any CPU.Build.0 = Debug|Any CPU
		{AFE9B6D4-F0E4-4AD7-81CE-6D82A406D382}.Debug|x64.ActiveCfg = Debug|Any CPU
		{AFE9B6D4-F0E4-4AD7-81CE-6D82A406D382}.Debug|x64.Build.0 = Debug|Any CPU
		{AFE9B6D4-F0E4-4AD7-81CE-6D82A406D382}.Debug|x86.ActiveCfg = Debug|Any CPU
		{AFE9B6D4-F0E4-4AD7-81CE-6D82A406D382}.Debug|x86.Build.0 = Debug|Any CPU
		{AFE9B6D4-F0E4-4AD7-81CE-6D82A406D382}.Release|Any CPU.ActiveCfg = Release|Any CPU
		{AFE9B6D4-F0E4-4AD7-81CE-6D82A406D382}.Release|Any CPU.Build.0 = Release|Any CPU
		{AFE9B6D4-F0E4-4AD7-81CE-6D82A406D382}.Release|x64.ActiveCfg = Release|Any CPU
		{AFE9B6D4-F0E4-4AD7-81CE-6D82A406D382}.Release|x64.Build.0 = Release|Any CPU
		{AFE9B6D4-F0E4-4AD7-81CE-6D82A406D382}.Release|x86.ActiveCfg = Release|Any CPU
		{AFE9B6D4-F0E4-4AD7-81CE-6D82A406D382}.Release|x86.Build.0 = Release|Any CPU
		{6AEF4644-962E-44DB-AD14-7BCE7EC6C1B7}.Debug|Any CPU.ActiveCfg = Debug|Any CPU
		{6AEF4644-962E-44DB-AD14-7BCE7EC6C1B7}.Debug|Any CPU.Build.0 = Debug|Any CPU
		{6AEF4644-962E-44DB-AD14-7BCE7EC6C1B7}.Debug|x64.ActiveCfg = Debug|Any CPU
		{6AEF4644-962E-44DB-AD14-7BCE7EC6C1B7}.Debug|x64.Build.0 = Debug|Any CPU
		{6AEF4644-962E-44DB-AD14-7BCE7EC6C1B7}.Debug|x86.ActiveCfg = Debug|Any CPU
		{6AEF4644-962E-44DB-AD14-7BCE7EC6C1B7}.Debug|x86.Build.0 = Debug|Any CPU
		{6AEF4644-962E-44DB-AD14-7BCE7EC6C1B7}.Release|Any CPU.ActiveCfg = Release|Any CPU
		{6AEF4644-962E-44DB-AD14-7BCE7EC6C1B7}.Release|Any CPU.Build.0 = Release|Any CPU
		{6AEF4644-962E-44DB-AD14-7BCE7EC6C1B7}.Release|x64.ActiveCfg = Release|Any CPU
		{6AEF4644-962E-44DB-AD14-7BCE7EC6C1B7}.Release|x64.Build.0 = Release|Any CPU
		{6AEF4644-962E-44DB-AD14-7BCE7EC6C1B7}.Release|x86.ActiveCfg = Release|Any CPU
		{6AEF4644-962E-44DB-AD14-7BCE7EC6C1B7}.Release|x86.Build.0 = Release|Any CPU
	EndGlobalSection
EndGlobal
