
Microsoft Visual Studio Solution File, Format Version 12.00
# Visual Studio Version 16
VisualStudioVersion = 16.0.30309.148
MinimumVisualStudioVersion = 10.0.40219.1
Project("{0C71E84E-5401-4F1E-87E8-7CCFFBAFD65C}") = "Azure.ResourceManager.IotHub", "src\Azure.ResourceManager.IotHub.csproj", "{C66669BE-C3CC-4CAF-9E65-A2AFED7D7DB1}"
EndProject
Project("{0C71E84E-5401-4F1E-87E8-7CCFFBAFD65C}") = "Azure.ResourceManager.IotHub.Tests", "tests\Azure.ResourceManager.IotHub.Tests.csproj", "{13C1B445-9471-4E0E-842B-1144DC2568E0}"
EndProject
Project("{0C71E84E-5401-4F1E-87E8-7CCFFBAFD65C}") = "Azure.Core.TestFramework", "..\..\core\Azure.Core.TestFramework\src\Azure.Core.TestFramework.csproj", "{D834F7AA-20E1-4A74-8474-6E367332E3EB}"
EndProject
Project("{0C71E84E-5401-4F1E-87E8-7CCFFBAFD65C}") = "Azure.Core", "..\..\core\Azure.Core\src\Azure.Core.csproj", "{91F4FCC0-AEB7-4FEC-B3C2-7A3F9764CB51}"
EndProject
Global
	GlobalSection(SolutionProperties) = preSolution
		HideSolutionNode = FALSE
	EndGlobalSection
	GlobalSection(ExtensibilityGlobals) = postSolution
		SolutionGuid = {3B11C598-02DD-445C-BACA-E688D9D47201}
	EndGlobalSection
	GlobalSection(SolutionConfigurationPlatforms) = preSolution
		Debug|Any CPU = Debug|Any CPU
		Debug|x64 = Debug|x64
		Debug|x86 = Debug|x86
		Release|Any CPU = Release|Any CPU
		Release|x64 = Release|x64
		Release|x86 = Release|x86
	EndGlobalSection
	GlobalSection(ProjectConfigurationPlatforms) = postSolution
		{C66669BE-C3CC-4CAF-9E65-A2AFED7D7DB1}.Debug|Any CPU.ActiveCfg = Debug|Any CPU
		{C66669BE-C3CC-4CAF-9E65-A2AFED7D7DB1}.Debug|Any CPU.Build.0 = Debug|Any CPU
		{C66669BE-C3CC-4CAF-9E65-A2AFED7D7DB1}.Debug|x64.ActiveCfg = Debug|Any CPU
		{C66669BE-C3CC-4CAF-9E65-A2AFED7D7DB1}.Debug|x64.Build.0 = Debug|Any CPU
		{C66669BE-C3CC-4CAF-9E65-A2AFED7D7DB1}.Debug|x86.ActiveCfg = Debug|Any CPU
		{C66669BE-C3CC-4CAF-9E65-A2AFED7D7DB1}.Debug|x86.Build.0 = Debug|Any CPU
		{C66669BE-C3CC-4CAF-9E65-A2AFED7D7DB1}.Release|Any CPU.ActiveCfg = Release|Any CPU
		{C66669BE-C3CC-4CAF-9E65-A2AFED7D7DB1}.Release|Any CPU.Build.0 = Release|Any CPU
		{C66669BE-C3CC-4CAF-9E65-A2AFED7D7DB1}.Release|x64.ActiveCfg = Release|Any CPU
		{C66669BE-C3CC-4CAF-9E65-A2AFED7D7DB1}.Release|x64.Build.0 = Release|Any CPU
		{C66669BE-C3CC-4CAF-9E65-A2AFED7D7DB1}.Release|x86.ActiveCfg = Release|Any CPU
		{C66669BE-C3CC-4CAF-9E65-A2AFED7D7DB1}.Release|x86.Build.0 = Release|Any CPU
		{13C1B445-9471-4E0E-842B-1144DC2568E0}.Debug|Any CPU.ActiveCfg = Debug|Any CPU
		{13C1B445-9471-4E0E-842B-1144DC2568E0}.Debug|Any CPU.Build.0 = Debug|Any CPU
		{13C1B445-9471-4E0E-842B-1144DC2568E0}.Debug|x64.ActiveCfg = Debug|Any CPU
		{13C1B445-9471-4E0E-842B-1144DC2568E0}.Debug|x64.Build.0 = Debug|Any CPU
		{13C1B445-9471-4E0E-842B-1144DC2568E0}.Debug|x86.ActiveCfg = Debug|Any CPU
		{13C1B445-9471-4E0E-842B-1144DC2568E0}.Debug|x86.Build.0 = Debug|Any CPU
		{13C1B445-9471-4E0E-842B-1144DC2568E0}.Release|Any CPU.ActiveCfg = Release|Any CPU
		{13C1B445-9471-4E0E-842B-1144DC2568E0}.Release|Any CPU.Build.0 = Release|Any CPU
		{13C1B445-9471-4E0E-842B-1144DC2568E0}.Release|x64.ActiveCfg = Release|Any CPU
		{13C1B445-9471-4E0E-842B-1144DC2568E0}.Release|x64.Build.0 = Release|Any CPU
		{13C1B445-9471-4E0E-842B-1144DC2568E0}.Release|x86.ActiveCfg = Release|Any CPU
		{13C1B445-9471-4E0E-842B-1144DC2568E0}.Release|x86.Build.0 = Release|Any CPU
	EndGlobalSection
EndGlobal
