
Microsoft Visual Studio Solution File, Format Version 12.00
# Visual Studio Version 16
VisualStudioVersion = 16.0.30309.148
MinimumVisualStudioVersion = 10.0.40219.1
Project("{99DF1286-FB9F-4BB8-8DD1-AC38EE015672}") = "Azure.ResourceManager.IotHub", "src\Azure.ResourceManager.IotHub.csproj", "{59AFFF89-2C99-4C3D-ADC8-FC93AAF97C40}"
EndProject
Project("{99DF1286-FB9F-4BB8-8DD1-AC38EE015672}") = "Azure.ResourceManager.IotHub.Tests", "mocktests\Azure.ResourceManager.IotHub.Tests.csproj", "{7DFCD285-EBE8-4321-A2E0-1BE9DC3A7F44}"
EndProject
Project("{99DF1286-FB9F-4BB8-8DD1-AC38EE015672}") = "Azure.Core.TestFramework", "..\..\core\Azure.Core.TestFramework\src\Azure.Core.TestFramework.csproj", "{D834F7AA-20E1-4A74-8474-6E367332E3EB}"
EndProject
Project("{99DF1286-FB9F-4BB8-8DD1-AC38EE015672}") = "Azure.Core", "..\..\core\Azure.Core\src\Azure.Core.csproj", "{91F4FCC0-AEB7-4FEC-B3C2-7A3F9764CB51}"
EndProject
Global
	GlobalSection(SolutionProperties) = preSolution
		HideSolutionNode = FALSE
	EndGlobalSection
	GlobalSection(ExtensibilityGlobals) = postSolution
		SolutionGuid = {6A6A1CC9-19A1-4A04-856F-9587823FE28C}
	EndGlobalSection
	GlobalSection(SolutionConfigurationPlatforms) = preSolution
		Debug|Any CPU = Debug|Any CPU
		Debug|x64 = Debug|x64
		Debug|x86 = Debug|x86
		Release|Any CPU = Release|Any CPU
		Release|x64 = Release|x64
		Release|x86 = Release|x86
	EndGlobalSection
	GlobalSection(ProjectConfigurationPlatforms) = postSolution
		{59AFFF89-2C99-4C3D-ADC8-FC93AAF97C40}.Debug|Any CPU.ActiveCfg = Debug|Any CPU
		{59AFFF89-2C99-4C3D-ADC8-FC93AAF97C40}.Debug|Any CPU.Build.0 = Debug|Any CPU
		{59AFFF89-2C99-4C3D-ADC8-FC93AAF97C40}.Debug|x64.ActiveCfg = Debug|Any CPU
		{59AFFF89-2C99-4C3D-ADC8-FC93AAF97C40}.Debug|x64.Build.0 = Debug|Any CPU
		{59AFFF89-2C99-4C3D-ADC8-FC93AAF97C40}.Debug|x86.ActiveCfg = Debug|Any CPU
		{59AFFF89-2C99-4C3D-ADC8-FC93AAF97C40}.Debug|x86.Build.0 = Debug|Any CPU
		{59AFFF89-2C99-4C3D-ADC8-FC93AAF97C40}.Release|Any CPU.ActiveCfg = Release|Any CPU
		{59AFFF89-2C99-4C3D-ADC8-FC93AAF97C40}.Release|Any CPU.Build.0 = Release|Any CPU
		{59AFFF89-2C99-4C3D-ADC8-FC93AAF97C40}.Release|x64.ActiveCfg = Release|Any CPU
		{59AFFF89-2C99-4C3D-ADC8-FC93AAF97C40}.Release|x64.Build.0 = Release|Any CPU
		{59AFFF89-2C99-4C3D-ADC8-FC93AAF97C40}.Release|x86.ActiveCfg = Release|Any CPU
		{59AFFF89-2C99-4C3D-ADC8-FC93AAF97C40}.Release|x86.Build.0 = Release|Any CPU
		{7DFCD285-EBE8-4321-A2E0-1BE9DC3A7F44}.Debug|Any CPU.ActiveCfg = Debug|Any CPU
		{7DFCD285-EBE8-4321-A2E0-1BE9DC3A7F44}.Debug|Any CPU.Build.0 = Debug|Any CPU
		{7DFCD285-EBE8-4321-A2E0-1BE9DC3A7F44}.Debug|x64.ActiveCfg = Debug|Any CPU
		{7DFCD285-EBE8-4321-A2E0-1BE9DC3A7F44}.Debug|x64.Build.0 = Debug|Any CPU
		{7DFCD285-EBE8-4321-A2E0-1BE9DC3A7F44}.Debug|x86.ActiveCfg = Debug|Any CPU
		{7DFCD285-EBE8-4321-A2E0-1BE9DC3A7F44}.Debug|x86.Build.0 = Debug|Any CPU
		{7DFCD285-EBE8-4321-A2E0-1BE9DC3A7F44}.Release|Any CPU.ActiveCfg = Release|Any CPU
		{7DFCD285-EBE8-4321-A2E0-1BE9DC3A7F44}.Release|Any CPU.Build.0 = Release|Any CPU
		{7DFCD285-EBE8-4321-A2E0-1BE9DC3A7F44}.Release|x64.ActiveCfg = Release|Any CPU
		{7DFCD285-EBE8-4321-A2E0-1BE9DC3A7F44}.Release|x64.Build.0 = Release|Any CPU
		{7DFCD285-EBE8-4321-A2E0-1BE9DC3A7F44}.Release|x86.ActiveCfg = Release|Any CPU
		{7DFCD285-EBE8-4321-A2E0-1BE9DC3A7F44}.Release|x86.Build.0 = Release|Any CPU
	EndGlobalSection
EndGlobal
