
Microsoft Visual Studio Solution File, Format Version 12.00
# Visual Studio Version 16
VisualStudioVersion = 16.0.30309.148
MinimumVisualStudioVersion = 10.0.40219.1
Project("{DAA4D5FA-B119-4549-A529-58F3A860131E}") = "Azure.ResourceManager.DataFactory", "src\Azure.ResourceManager.DataFactory.csproj", "{B8AE44B7-94CB-486F-AC81-4F62FBAA6070}"
EndProject
Project("{DAA4D5FA-B119-4549-A529-58F3A860131E}") = "Azure.ResourceManager.DataFactory.Tests", "mocktests\Azure.ResourceManager.DataFactory.Tests.csproj", "{2CB89B26-130E-4861-A6DF-14A5DE920993}"
EndProject
Project("{DAA4D5FA-B119-4549-A529-58F3A860131E}") = "Azure.Core.TestFramework", "..\..\core\Azure.Core.TestFramework\src\Azure.Core.TestFramework.csproj", "{D834F7AA-20E1-4A74-8474-6E367332E3EB}"
EndProject
Project("{DAA4D5FA-B119-4549-A529-58F3A860131E}") = "Azure.Core", "..\..\core\Azure.Core\src\Azure.Core.csproj", "{91F4FCC0-AEB7-4FEC-B3C2-7A3F9764CB51}"
EndProject
Global
	GlobalSection(SolutionProperties) = preSolution
		HideSolutionNode = FALSE
	EndGlobalSection
	GlobalSection(ExtensibilityGlobals) = postSolution
		SolutionGuid = {68DFF9D1-2CEC-40C9-BAB1-7114288E9979}
	EndGlobalSection
	GlobalSection(SolutionConfigurationPlatforms) = preSolution
		Debug|Any CPU = Debug|Any CPU
		Debug|x64 = Debug|x64
		Debug|x86 = Debug|x86
		Release|Any CPU = Release|Any CPU
		Release|x64 = Release|x64
		Release|x86 = Release|x86
	EndGlobalSection
	GlobalSection(ProjectConfigurationPlatforms) = postSolution
		{B8AE44B7-94CB-486F-AC81-4F62FBAA6070}.Debug|Any CPU.ActiveCfg = Debug|Any CPU
		{B8AE44B7-94CB-486F-AC81-4F62FBAA6070}.Debug|Any CPU.Build.0 = Debug|Any CPU
		{B8AE44B7-94CB-486F-AC81-4F62FBAA6070}.Debug|x64.ActiveCfg = Debug|Any CPU
		{B8AE44B7-94CB-486F-AC81-4F62FBAA6070}.Debug|x64.Build.0 = Debug|Any CPU
		{B8AE44B7-94CB-486F-AC81-4F62FBAA6070}.Debug|x86.ActiveCfg = Debug|Any CPU
		{B8AE44B7-94CB-486F-AC81-4F62FBAA6070}.Debug|x86.Build.0 = Debug|Any CPU
		{B8AE44B7-94CB-486F-AC81-4F62FBAA6070}.Release|Any CPU.ActiveCfg = Release|Any CPU
		{B8AE44B7-94CB-486F-AC81-4F62FBAA6070}.Release|Any CPU.Build.0 = Release|Any CPU
		{B8AE44B7-94CB-486F-AC81-4F62FBAA6070}.Release|x64.ActiveCfg = Release|Any CPU
		{B8AE44B7-94CB-486F-AC81-4F62FBAA6070}.Release|x64.Build.0 = Release|Any CPU
		{B8AE44B7-94CB-486F-AC81-4F62FBAA6070}.Release|x86.ActiveCfg = Release|Any CPU
		{B8AE44B7-94CB-486F-AC81-4F62FBAA6070}.Release|x86.Build.0 = Release|Any CPU
		{2CB89B26-130E-4861-A6DF-14A5DE920993}.Debug|Any CPU.ActiveCfg = Debug|Any CPU
		{2CB89B26-130E-4861-A6DF-14A5DE920993}.Debug|Any CPU.Build.0 = Debug|Any CPU
		{2CB89B26-130E-4861-A6DF-14A5DE920993}.Debug|x64.ActiveCfg = Debug|Any CPU
		{2CB89B26-130E-4861-A6DF-14A5DE920993}.Debug|x64.Build.0 = Debug|Any CPU
		{2CB89B26-130E-4861-A6DF-14A5DE920993}.Debug|x86.ActiveCfg = Debug|Any CPU
		{2CB89B26-130E-4861-A6DF-14A5DE920993}.Debug|x86.Build.0 = Debug|Any CPU
		{2CB89B26-130E-4861-A6DF-14A5DE920993}.Release|Any CPU.ActiveCfg = Release|Any CPU
		{2CB89B26-130E-4861-A6DF-14A5DE920993}.Release|Any CPU.Build.0 = Release|Any CPU
		{2CB89B26-130E-4861-A6DF-14A5DE920993}.Release|x64.ActiveCfg = Release|Any CPU
		{2CB89B26-130E-4861-A6DF-14A5DE920993}.Release|x64.Build.0 = Release|Any CPU
		{2CB89B26-130E-4861-A6DF-14A5DE920993}.Release|x86.ActiveCfg = Release|Any CPU
		{2CB89B26-130E-4861-A6DF-14A5DE920993}.Release|x86.Build.0 = Release|Any CPU
	EndGlobalSection
EndGlobal
