
Microsoft Visual Studio Solution File, Format Version 12.00
# Visual Studio Version 16
VisualStudioVersion = 16.0.30309.148
MinimumVisualStudioVersion = 10.0.40219.1
Project("{1F845F11-738B-4CE9-80C7-38A865EEEFF7}") = "Azure.ResourceManager.DataFactory", "src\Azure.ResourceManager.DataFactory.csproj", "{02DC7042-6151-4628-97FB-6A34F0E78992}"
EndProject
Project("{1F845F11-738B-4CE9-80C7-38A865EEEFF7}") = "Azure.ResourceManager.DataFactory.Tests", "tests\Azure.ResourceManager.DataFactory.Tests.csproj", "{BBFC9877-75D5-498E-B19B-8E6CBB263176}"
EndProject
Project("{1F845F11-738B-4CE9-80C7-38A865EEEFF7}") = "Azure.Core.TestFramework", "..\..\core\Azure.Core.TestFramework\src\Azure.Core.TestFramework.csproj", "{D834F7AA-20E1-4A74-8474-6E367332E3EB}"
EndProject
Project("{1F845F11-738B-4CE9-80C7-38A865EEEFF7}") = "Azure.Core", "..\..\core\Azure.Core\src\Azure.Core.csproj", "{91F4FCC0-AEB7-4FEC-B3C2-7A3F9764CB51}"
EndProject
Global
	GlobalSection(SolutionProperties) = preSolution
		HideSolutionNode = FALSE
	EndGlobalSection
	GlobalSection(ExtensibilityGlobals) = postSolution
		SolutionGuid = {FF4ABBE6-8D73-4FC6-97FA-26C7AB58C5A3}
	EndGlobalSection
	GlobalSection(SolutionConfigurationPlatforms) = preSolution
		Debug|Any CPU = Debug|Any CPU
		Debug|x64 = Debug|x64
		Debug|x86 = Debug|x86
		Release|Any CPU = Release|Any CPU
		Release|x64 = Release|x64
		Release|x86 = Release|x86
	EndGlobalSection
	GlobalSection(ProjectConfigurationPlatforms) = postSolution
		{02DC7042-6151-4628-97FB-6A34F0E78992}.Debug|Any CPU.ActiveCfg = Debug|Any CPU
		{02DC7042-6151-4628-97FB-6A34F0E78992}.Debug|Any CPU.Build.0 = Debug|Any CPU
		{02DC7042-6151-4628-97FB-6A34F0E78992}.Debug|x64.ActiveCfg = Debug|Any CPU
		{02DC7042-6151-4628-97FB-6A34F0E78992}.Debug|x64.Build.0 = Debug|Any CPU
		{02DC7042-6151-4628-97FB-6A34F0E78992}.Debug|x86.ActiveCfg = Debug|Any CPU
		{02DC7042-6151-4628-97FB-6A34F0E78992}.Debug|x86.Build.0 = Debug|Any CPU
		{02DC7042-6151-4628-97FB-6A34F0E78992}.Release|Any CPU.ActiveCfg = Release|Any CPU
		{02DC7042-6151-4628-97FB-6A34F0E78992}.Release|Any CPU.Build.0 = Release|Any CPU
		{02DC7042-6151-4628-97FB-6A34F0E78992}.Release|x64.ActiveCfg = Release|Any CPU
		{02DC7042-6151-4628-97FB-6A34F0E78992}.Release|x64.Build.0 = Release|Any CPU
		{02DC7042-6151-4628-97FB-6A34F0E78992}.Release|x86.ActiveCfg = Release|Any CPU
		{02DC7042-6151-4628-97FB-6A34F0E78992}.Release|x86.Build.0 = Release|Any CPU
		{BBFC9877-75D5-498E-B19B-8E6CBB263176}.Debug|Any CPU.ActiveCfg = Debug|Any CPU
		{BBFC9877-75D5-498E-B19B-8E6CBB263176}.Debug|Any CPU.Build.0 = Debug|Any CPU
		{BBFC9877-75D5-498E-B19B-8E6CBB263176}.Debug|x64.ActiveCfg = Debug|Any CPU
		{BBFC9877-75D5-498E-B19B-8E6CBB263176}.Debug|x64.Build.0 = Debug|Any CPU
		{BBFC9877-75D5-498E-B19B-8E6CBB263176}.Debug|x86.ActiveCfg = Debug|Any CPU
		{BBFC9877-75D5-498E-B19B-8E6CBB263176}.Debug|x86.Build.0 = Debug|Any CPU
		{BBFC9877-75D5-498E-B19B-8E6CBB263176}.Release|Any CPU.ActiveCfg = Release|Any CPU
		{BBFC9877-75D5-498E-B19B-8E6CBB263176}.Release|Any CPU.Build.0 = Release|Any CPU
		{BBFC9877-75D5-498E-B19B-8E6CBB263176}.Release|x64.ActiveCfg = Release|Any CPU
		{BBFC9877-75D5-498E-B19B-8E6CBB263176}.Release|x64.Build.0 = Release|Any CPU
		{BBFC9877-75D5-498E-B19B-8E6CBB263176}.Release|x86.ActiveCfg = Release|Any CPU
		{BBFC9877-75D5-498E-B19B-8E6CBB263176}.Release|x86.Build.0 = Release|Any CPU
	EndGlobalSection
EndGlobal
