
Microsoft Visual Studio Solution File, Format Version 12.00
# Visual Studio Version 16
VisualStudioVersion = 16.0.30309.148
MinimumVisualStudioVersion = 10.0.40219.1
Project("{5CFA4FEE-39A7-4A36-8791-18A99D4BE665}") = "Azure.ResourceManager.FrontDoor", "src\Azure.ResourceManager.FrontDoor.csproj", "{C12F67E3-CDF7-4415-A18F-0D0B5A22F0B0}"
EndProject
Project("{5CFA4FEE-39A7-4A36-8791-18A99D4BE665}") = "Azure.ResourceManager.FrontDoor.Tests", "tests\Azure.ResourceManager.FrontDoor.Tests.csproj", "{D35AB04B-228D-455C-9198-038814BC3122}"
EndProject
Project("{5CFA4FEE-39A7-4A36-8791-18A99D4BE665}") = "Azure.Core.TestFramework", "..\..\core\Azure.Core.TestFramework\src\Azure.Core.TestFramework.csproj", "{D834F7AA-20E1-4A74-8474-6E367332E3EB}"
EndProject
Project("{5CFA4FEE-39A7-4A36-8791-18A99D4BE665}") = "Azure.Core", "..\..\core\Azure.Core\src\Azure.Core.csproj", "{91F4FCC0-AEB7-4FEC-B3C2-7A3F9764CB51}"
EndProject
Global
	GlobalSection(SolutionProperties) = preSolution
		HideSolutionNode = FALSE
	EndGlobalSection
	GlobalSection(ExtensibilityGlobals) = postSolution
		SolutionGuid = {C6E181A3-7154-46AB-B406-059946E289C9}
	EndGlobalSection
	GlobalSection(SolutionConfigurationPlatforms) = preSolution
		Debug|Any CPU = Debug|Any CPU
		Debug|x64 = Debug|x64
		Debug|x86 = Debug|x86
		Release|Any CPU = Release|Any CPU
		Release|x64 = Release|x64
		Release|x86 = Release|x86
	EndGlobalSection
	GlobalSection(ProjectConfigurationPlatforms) = postSolution
		{C12F67E3-CDF7-4415-A18F-0D0B5A22F0B0}.Debug|Any CPU.ActiveCfg = Debug|Any CPU
		{C12F67E3-CDF7-4415-A18F-0D0B5A22F0B0}.Debug|Any CPU.Build.0 = Debug|Any CPU
		{C12F67E3-CDF7-4415-A18F-0D0B5A22F0B0}.Debug|x64.ActiveCfg = Debug|Any CPU
		{C12F67E3-CDF7-4415-A18F-0D0B5A22F0B0}.Debug|x64.Build.0 = Debug|Any CPU
		{C12F67E3-CDF7-4415-A18F-0D0B5A22F0B0}.Debug|x86.ActiveCfg = Debug|Any CPU
		{C12F67E3-CDF7-4415-A18F-0D0B5A22F0B0}.Debug|x86.Build.0 = Debug|Any CPU
		{C12F67E3-CDF7-4415-A18F-0D0B5A22F0B0}.Release|Any CPU.ActiveCfg = Release|Any CPU
		{C12F67E3-CDF7-4415-A18F-0D0B5A22F0B0}.Release|Any CPU.Build.0 = Release|Any CPU
		{C12F67E3-CDF7-4415-A18F-0D0B5A22F0B0}.Release|x64.ActiveCfg = Release|Any CPU
		{C12F67E3-CDF7-4415-A18F-0D0B5A22F0B0}.Release|x64.Build.0 = Release|Any CPU
		{C12F67E3-CDF7-4415-A18F-0D0B5A22F0B0}.Release|x86.ActiveCfg = Release|Any CPU
		{C12F67E3-CDF7-4415-A18F-0D0B5A22F0B0}.Release|x86.Build.0 = Release|Any CPU
		{D35AB04B-228D-455C-9198-038814BC3122}.Debug|Any CPU.ActiveCfg = Debug|Any CPU
		{D35AB04B-228D-455C-9198-038814BC3122}.Debug|Any CPU.Build.0 = Debug|Any CPU
		{D35AB04B-228D-455C-9198-038814BC3122}.Debug|x64.ActiveCfg = Debug|Any CPU
		{D35AB04B-228D-455C-9198-038814BC3122}.Debug|x64.Build.0 = Debug|Any CPU
		{D35AB04B-228D-455C-9198-038814BC3122}.Debug|x86.ActiveCfg = Debug|Any CPU
		{D35AB04B-228D-455C-9198-038814BC3122}.Debug|x86.Build.0 = Debug|Any CPU
		{D35AB04B-228D-455C-9198-038814BC3122}.Release|Any CPU.ActiveCfg = Release|Any CPU
		{D35AB04B-228D-455C-9198-038814BC3122}.Release|Any CPU.Build.0 = Release|Any CPU
		{D35AB04B-228D-455C-9198-038814BC3122}.Release|x64.ActiveCfg = Release|Any CPU
		{D35AB04B-228D-455C-9198-038814BC3122}.Release|x64.Build.0 = Release|Any CPU
		{D35AB04B-228D-455C-9198-038814BC3122}.Release|x86.ActiveCfg = Release|Any CPU
		{D35AB04B-228D-455C-9198-038814BC3122}.Release|x86.Build.0 = Release|Any CPU
	EndGlobalSection
EndGlobal
