
Microsoft Visual Studio Solution File, Format Version 12.00
# Visual Studio Version 16
VisualStudioVersion = 16.0.30309.148
MinimumVisualStudioVersion = 10.0.40219.1
Project("{845C2ACF-E3B6-4C7A-BC76-AFF3AB85D83B}") = "Azure.ResourceManager.TrafficManager", "src\Azure.ResourceManager.TrafficManager.csproj", "{500D5DC3-D518-4D83-B5A6-05785AEF081D}"
EndProject
Project("{845C2ACF-E3B6-4C7A-BC76-AFF3AB85D83B}") = "Azure.ResourceManager.TrafficManager.Tests", "tests\Azure.ResourceManager.TrafficManager.Tests.csproj", "{C3B5E079-67E2-48BF-BF76-20EA649BF3CB}"
EndProject
Project("{845C2ACF-E3B6-4C7A-BC76-AFF3AB85D83B}") = "Azure.Core.TestFramework", "..\..\core\Azure.Core.TestFramework\src\Azure.Core.TestFramework.csproj", "{D834F7AA-20E1-4A74-8474-6E367332E3EB}"
EndProject
Project("{845C2ACF-E3B6-4C7A-BC76-AFF3AB85D83B}") = "Azure.Core", "..\..\core\Azure.Core\src\Azure.Core.csproj", "{91F4FCC0-AEB7-4FEC-B3C2-7A3F9764CB51}"
EndProject
Global
	GlobalSection(SolutionProperties) = preSolution
		HideSolutionNode = FALSE
	EndGlobalSection
	GlobalSection(ExtensibilityGlobals) = postSolution
		SolutionGuid = {430B85E9-3971-4C16-8A0A-0D1AE15E677E}
	EndGlobalSection
	GlobalSection(SolutionConfigurationPlatforms) = preSolution
		Debug|Any CPU = Debug|Any CPU
		Debug|x64 = Debug|x64
		Debug|x86 = Debug|x86
		Release|Any CPU = Release|Any CPU
		Release|x64 = Release|x64
		Release|x86 = Release|x86
	EndGlobalSection
	GlobalSection(ProjectConfigurationPlatforms) = postSolution
		{500D5DC3-D518-4D83-B5A6-05785AEF081D}.Debug|Any CPU.ActiveCfg = Debug|Any CPU
		{500D5DC3-D518-4D83-B5A6-05785AEF081D}.Debug|Any CPU.Build.0 = Debug|Any CPU
		{500D5DC3-D518-4D83-B5A6-05785AEF081D}.Debug|x64.ActiveCfg = Debug|Any CPU
		{500D5DC3-D518-4D83-B5A6-05785AEF081D}.Debug|x64.Build.0 = Debug|Any CPU
		{500D5DC3-D518-4D83-B5A6-05785AEF081D}.Debug|x86.ActiveCfg = Debug|Any CPU
		{500D5DC3-D518-4D83-B5A6-05785AEF081D}.Debug|x86.Build.0 = Debug|Any CPU
		{500D5DC3-D518-4D83-B5A6-05785AEF081D}.Release|Any CPU.ActiveCfg = Release|Any CPU
		{500D5DC3-D518-4D83-B5A6-05785AEF081D}.Release|Any CPU.Build.0 = Release|Any CPU
		{500D5DC3-D518-4D83-B5A6-05785AEF081D}.Release|x64.ActiveCfg = Release|Any CPU
		{500D5DC3-D518-4D83-B5A6-05785AEF081D}.Release|x64.Build.0 = Release|Any CPU
		{500D5DC3-D518-4D83-B5A6-05785AEF081D}.Release|x86.ActiveCfg = Release|Any CPU
		{500D5DC3-D518-4D83-B5A6-05785AEF081D}.Release|x86.Build.0 = Release|Any CPU
		{C3B5E079-67E2-48BF-BF76-20EA649BF3CB}.Debug|Any CPU.ActiveCfg = Debug|Any CPU
		{C3B5E079-67E2-48BF-BF76-20EA649BF3CB}.Debug|Any CPU.Build.0 = Debug|Any CPU
		{C3B5E079-67E2-48BF-BF76-20EA649BF3CB}.Debug|x64.ActiveCfg = Debug|Any CPU
		{C3B5E079-67E2-48BF-BF76-20EA649BF3CB}.Debug|x64.Build.0 = Debug|Any CPU
		{C3B5E079-67E2-48BF-BF76-20EA649BF3CB}.Debug|x86.ActiveCfg = Debug|Any CPU
		{C3B5E079-67E2-48BF-BF76-20EA649BF3CB}.Debug|x86.Build.0 = Debug|Any CPU
		{C3B5E079-67E2-48BF-BF76-20EA649BF3CB}.Release|Any CPU.ActiveCfg = Release|Any CPU
		{C3B5E079-67E2-48BF-BF76-20EA649BF3CB}.Release|Any CPU.Build.0 = Release|Any CPU
		{C3B5E079-67E2-48BF-BF76-20EA649BF3CB}.Release|x64.ActiveCfg = Release|Any CPU
		{C3B5E079-67E2-48BF-BF76-20EA649BF3CB}.Release|x64.Build.0 = Release|Any CPU
		{C3B5E079-67E2-48BF-BF76-20EA649BF3CB}.Release|x86.ActiveCfg = Release|Any CPU
		{C3B5E079-67E2-48BF-BF76-20EA649BF3CB}.Release|x86.Build.0 = Release|Any CPU
	EndGlobalSection
EndGlobal
