
Microsoft Visual Studio Solution File, Format Version 12.00
# Visual Studio Version 16
VisualStudioVersion = 16.0.30309.148
MinimumVisualStudioVersion = 10.0.40219.1
Project("{12E8345D-CF23-4873-B73B-7409E364FA6E}") = "Azure.ResourceManager.RecoveryServices.Backup", "src\Azure.ResourceManager.RecoveryServices.Backup.csproj", "{F4829E23-64FB-4A62-963B-1F28BF7CEEEE}"
EndProject
Project("{12E8345D-CF23-4873-B73B-7409E364FA6E}") = "Azure.ResourceManager.RecoveryServices.Backup.Tests", "mocktests\Azure.ResourceManager.RecoveryServices.Backup.Tests.csproj", "{1BBE8EF3-42B2-4319-9C41-F6A9D8562D14}"
EndProject
Project("{12E8345D-CF23-4873-B73B-7409E364FA6E}") = "Azure.Core.TestFramework", "..\..\core\Azure.Core.TestFramework\src\Azure.Core.TestFramework.csproj", "{D834F7AA-20E1-4A74-8474-6E367332E3EB}"
EndProject
Project("{12E8345D-CF23-4873-B73B-7409E364FA6E}") = "Azure.Core", "..\..\core\Azure.Core\src\Azure.Core.csproj", "{91F4FCC0-AEB7-4FEC-B3C2-7A3F9764CB51}"
EndProject
Global
	GlobalSection(SolutionProperties) = preSolution
		HideSolutionNode = FALSE
	EndGlobalSection
	GlobalSection(ExtensibilityGlobals) = postSolution
		SolutionGuid = {0907C958-7429-496E-9FD8-47B9AF966979}
	EndGlobalSection
	GlobalSection(SolutionConfigurationPlatforms) = preSolution
		Debug|Any CPU = Debug|Any CPU
		Debug|x64 = Debug|x64
		Debug|x86 = Debug|x86
		Release|Any CPU = Release|Any CPU
		Release|x64 = Release|x64
		Release|x86 = Release|x86
	EndGlobalSection
	GlobalSection(ProjectConfigurationPlatforms) = postSolution
		{F4829E23-64FB-4A62-963B-1F28BF7CEEEE}.Debug|Any CPU.ActiveCfg = Debug|Any CPU
		{F4829E23-64FB-4A62-963B-1F28BF7CEEEE}.Debug|Any CPU.Build.0 = Debug|Any CPU
		{F4829E23-64FB-4A62-963B-1F28BF7CEEEE}.Debug|x64.ActiveCfg = Debug|Any CPU
		{F4829E23-64FB-4A62-963B-1F28BF7CEEEE}.Debug|x64.Build.0 = Debug|Any CPU
		{F4829E23-64FB-4A62-963B-1F28BF7CEEEE}.Debug|x86.ActiveCfg = Debug|Any CPU
		{F4829E23-64FB-4A62-963B-1F28BF7CEEEE}.Debug|x86.Build.0 = Debug|Any CPU
		{F4829E23-64FB-4A62-963B-1F28BF7CEEEE}.Release|Any CPU.ActiveCfg = Release|Any CPU
		{F4829E23-64FB-4A62-963B-1F28BF7CEEEE}.Release|Any CPU.Build.0 = Release|Any CPU
		{F4829E23-64FB-4A62-963B-1F28BF7CEEEE}.Release|x64.ActiveCfg = Release|Any CPU
		{F4829E23-64FB-4A62-963B-1F28BF7CEEEE}.Release|x64.Build.0 = Release|Any CPU
		{F4829E23-64FB-4A62-963B-1F28BF7CEEEE}.Release|x86.ActiveCfg = Release|Any CPU
		{F4829E23-64FB-4A62-963B-1F28BF7CEEEE}.Release|x86.Build.0 = Release|Any CPU
		{1BBE8EF3-42B2-4319-9C41-F6A9D8562D14}.Debug|Any CPU.ActiveCfg = Debug|Any CPU
		{1BBE8EF3-42B2-4319-9C41-F6A9D8562D14}.Debug|Any CPU.Build.0 = Debug|Any CPU
		{1BBE8EF3-42B2-4319-9C41-F6A9D8562D14}.Debug|x64.ActiveCfg = Debug|Any CPU
		{1BBE8EF3-42B2-4319-9C41-F6A9D8562D14}.Debug|x64.Build.0 = Debug|Any CPU
		{1BBE8EF3-42B2-4319-9C41-F6A9D8562D14}.Debug|x86.ActiveCfg = Debug|Any CPU
		{1BBE8EF3-42B2-4319-9C41-F6A9D8562D14}.Debug|x86.Build.0 = Debug|Any CPU
		{1BBE8EF3-42B2-4319-9C41-F6A9D8562D14}.Release|Any CPU.ActiveCfg = Release|Any CPU
		{1BBE8EF3-42B2-4319-9C41-F6A9D8562D14}.Release|Any CPU.Build.0 = Release|Any CPU
		{1BBE8EF3-42B2-4319-9C41-F6A9D8562D14}.Release|x64.ActiveCfg = Release|Any CPU
		{1BBE8EF3-42B2-4319-9C41-F6A9D8562D14}.Release|x64.Build.0 = Release|Any CPU
		{1BBE8EF3-42B2-4319-9C41-F6A9D8562D14}.Release|x86.ActiveCfg = Release|Any CPU
		{1BBE8EF3-42B2-4319-9C41-F6A9D8562D14}.Release|x86.Build.0 = Release|Any CPU
	EndGlobalSection
EndGlobal
