
Microsoft Visual Studio Solution File, Format Version 12.00
# Visual Studio Version 16
VisualStudioVersion = 16.0.30309.148
MinimumVisualStudioVersion = 10.0.40219.1
Project("{4B44741A-C626-4E96-BB1C-458DEB1CDD38}") = "Azure.ResourceManager.RecoveryServices.Backup", "src\Azure.ResourceManager.RecoveryServices.Backup.csproj", "{00447723-86CB-4AFF-AFD4-58557D841D68}"
EndProject
Project("{4B44741A-C626-4E96-BB1C-458DEB1CDD38}") = "Azure.ResourceManager.RecoveryServices.Backup.Tests", "tests\Azure.ResourceManager.RecoveryServices.Backup.Tests.csproj", "{F97A5335-595A-44C0-8E24-55943E6AF6AF}"
EndProject
Project("{4B44741A-C626-4E96-BB1C-458DEB1CDD38}") = "Azure.Core.TestFramework", "..\..\core\Azure.Core.TestFramework\src\Azure.Core.TestFramework.csproj", "{D834F7AA-20E1-4A74-8474-6E367332E3EB}"
EndProject
Project("{4B44741A-C626-4E96-BB1C-458DEB1CDD38}") = "Azure.Core", "..\..\core\Azure.Core\src\Azure.Core.csproj", "{91F4FCC0-AEB7-4FEC-B3C2-7A3F9764CB51}"
EndProject
Global
	GlobalSection(SolutionProperties) = preSolution
		HideSolutionNode = FALSE
	EndGlobalSection
	GlobalSection(ExtensibilityGlobals) = postSolution
		SolutionGuid = {B728455D-C9D4-4E70-A0B9-71948FDC88E6}
	EndGlobalSection
	GlobalSection(SolutionConfigurationPlatforms) = preSolution
		Debug|Any CPU = Debug|Any CPU
		Debug|x64 = Debug|x64
		Debug|x86 = Debug|x86
		Release|Any CPU = Release|Any CPU
		Release|x64 = Release|x64
		Release|x86 = Release|x86
	EndGlobalSection
	GlobalSection(ProjectConfigurationPlatforms) = postSolution
		{00447723-86CB-4AFF-AFD4-58557D841D68}.Debug|Any CPU.ActiveCfg = Debug|Any CPU
		{00447723-86CB-4AFF-AFD4-58557D841D68}.Debug|Any CPU.Build.0 = Debug|Any CPU
		{00447723-86CB-4AFF-AFD4-58557D841D68}.Debug|x64.ActiveCfg = Debug|Any CPU
		{00447723-86CB-4AFF-AFD4-58557D841D68}.Debug|x64.Build.0 = Debug|Any CPU
		{00447723-86CB-4AFF-AFD4-58557D841D68}.Debug|x86.ActiveCfg = Debug|Any CPU
		{00447723-86CB-4AFF-AFD4-58557D841D68}.Debug|x86.Build.0 = Debug|Any CPU
		{00447723-86CB-4AFF-AFD4-58557D841D68}.Release|Any CPU.ActiveCfg = Release|Any CPU
		{00447723-86CB-4AFF-AFD4-58557D841D68}.Release|Any CPU.Build.0 = Release|Any CPU
		{00447723-86CB-4AFF-AFD4-58557D841D68}.Release|x64.ActiveCfg = Release|Any CPU
		{00447723-86CB-4AFF-AFD4-58557D841D68}.Release|x64.Build.0 = Release|Any CPU
		{00447723-86CB-4AFF-AFD4-58557D841D68}.Release|x86.ActiveCfg = Release|Any CPU
		{00447723-86CB-4AFF-AFD4-58557D841D68}.Release|x86.Build.0 = Release|Any CPU
		{F97A5335-595A-44C0-8E24-55943E6AF6AF}.Debug|Any CPU.ActiveCfg = Debug|Any CPU
		{F97A5335-595A-44C0-8E24-55943E6AF6AF}.Debug|Any CPU.Build.0 = Debug|Any CPU
		{F97A5335-595A-44C0-8E24-55943E6AF6AF}.Debug|x64.ActiveCfg = Debug|Any CPU
		{F97A5335-595A-44C0-8E24-55943E6AF6AF}.Debug|x64.Build.0 = Debug|Any CPU
		{F97A5335-595A-44C0-8E24-55943E6AF6AF}.Debug|x86.ActiveCfg = Debug|Any CPU
		{F97A5335-595A-44C0-8E24-55943E6AF6AF}.Debug|x86.Build.0 = Debug|Any CPU
		{F97A5335-595A-44C0-8E24-55943E6AF6AF}.Release|Any CPU.ActiveCfg = Release|Any CPU
		{F97A5335-595A-44C0-8E24-55943E6AF6AF}.Release|Any CPU.Build.0 = Release|Any CPU
		{F97A5335-595A-44C0-8E24-55943E6AF6AF}.Release|x64.ActiveCfg = Release|Any CPU
		{F97A5335-595A-44C0-8E24-55943E6AF6AF}.Release|x64.Build.0 = Release|Any CPU
		{F97A5335-595A-44C0-8E24-55943E6AF6AF}.Release|x86.ActiveCfg = Release|Any CPU
		{F97A5335-595A-44C0-8E24-55943E6AF6AF}.Release|x86.Build.0 = Release|Any CPU
	EndGlobalSection
EndGlobal
