
Microsoft Visual Studio Solution File, Format Version 12.00
# Visual Studio Version 16
VisualStudioVersion = 16.0.30309.148
MinimumVisualStudioVersion = 10.0.40219.1
Project("{85DF1E7C-7B8B-494B-84A9-8A89291B9F7B}") = "Azure.ResourceManager.KubernetesConfiguration", "src\Azure.ResourceManager.KubernetesConfiguration.csproj", "{F1E74F93-E51D-4CE3-A83D-22EEDD93A4B6}"
EndProject
Project("{85DF1E7C-7B8B-494B-84A9-8A89291B9F7B}") = "Azure.ResourceManager.KubernetesConfiguration.Tests", "mocktests\Azure.ResourceManager.KubernetesConfiguration.Tests.csproj", "{8A1B6BD6-8315-4405-ACBD-17583F66434E}"
EndProject
Project("{85DF1E7C-7B8B-494B-84A9-8A89291B9F7B}") = "Azure.Core.TestFramework", "..\..\core\Azure.Core.TestFramework\src\Azure.Core.TestFramework.csproj", "{D834F7AA-20E1-4A74-8474-6E367332E3EB}"
EndProject
Project("{85DF1E7C-7B8B-494B-84A9-8A89291B9F7B}") = "Azure.Core", "..\..\core\Azure.Core\src\Azure.Core.csproj", "{91F4FCC0-AEB7-4FEC-B3C2-7A3F9764CB51}"
EndProject
Global
	GlobalSection(SolutionProperties) = preSolution
		HideSolutionNode = FALSE
	EndGlobalSection
	GlobalSection(ExtensibilityGlobals) = postSolution
		SolutionGuid = {286295C7-AA82-4B5E-9A2B-350268C9C211}
	EndGlobalSection
	GlobalSection(SolutionConfigurationPlatforms) = preSolution
		Debug|Any CPU = Debug|Any CPU
		Debug|x64 = Debug|x64
		Debug|x86 = Debug|x86
		Release|Any CPU = Release|Any CPU
		Release|x64 = Release|x64
		Release|x86 = Release|x86
	EndGlobalSection
	GlobalSection(ProjectConfigurationPlatforms) = postSolution
		{F1E74F93-E51D-4CE3-A83D-22EEDD93A4B6}.Debug|Any CPU.ActiveCfg = Debug|Any CPU
		{F1E74F93-E51D-4CE3-A83D-22EEDD93A4B6}.Debug|Any CPU.Build.0 = Debug|Any CPU
		{F1E74F93-E51D-4CE3-A83D-22EEDD93A4B6}.Debug|x64.ActiveCfg = Debug|Any CPU
		{F1E74F93-E51D-4CE3-A83D-22EEDD93A4B6}.Debug|x64.Build.0 = Debug|Any CPU
		{F1E74F93-E51D-4CE3-A83D-22EEDD93A4B6}.Debug|x86.ActiveCfg = Debug|Any CPU
		{F1E74F93-E51D-4CE3-A83D-22EEDD93A4B6}.Debug|x86.Build.0 = Debug|Any CPU
		{F1E74F93-E51D-4CE3-A83D-22EEDD93A4B6}.Release|Any CPU.ActiveCfg = Release|Any CPU
		{F1E74F93-E51D-4CE3-A83D-22EEDD93A4B6}.Release|Any CPU.Build.0 = Release|Any CPU
		{F1E74F93-E51D-4CE3-A83D-22EEDD93A4B6}.Release|x64.ActiveCfg = Release|Any CPU
		{F1E74F93-E51D-4CE3-A83D-22EEDD93A4B6}.Release|x64.Build.0 = Release|Any CPU
		{F1E74F93-E51D-4CE3-A83D-22EEDD93A4B6}.Release|x86.ActiveCfg = Release|Any CPU
		{F1E74F93-E51D-4CE3-A83D-22EEDD93A4B6}.Release|x86.Build.0 = Release|Any CPU
		{8A1B6BD6-8315-4405-ACBD-17583F66434E}.Debug|Any CPU.ActiveCfg = Debug|Any CPU
		{8A1B6BD6-8315-4405-ACBD-17583F66434E}.Debug|Any CPU.Build.0 = Debug|Any CPU
		{8A1B6BD6-8315-4405-ACBD-17583F66434E}.Debug|x64.ActiveCfg = Debug|Any CPU
		{8A1B6BD6-8315-4405-ACBD-17583F66434E}.Debug|x64.Build.0 = Debug|Any CPU
		{8A1B6BD6-8315-4405-ACBD-17583F66434E}.Debug|x86.ActiveCfg = Debug|Any CPU
		{8A1B6BD6-8315-4405-ACBD-17583F66434E}.Debug|x86.Build.0 = Debug|Any CPU
		{8A1B6BD6-8315-4405-ACBD-17583F66434E}.Release|Any CPU.ActiveCfg = Release|Any CPU
		{8A1B6BD6-8315-4405-ACBD-17583F66434E}.Release|Any CPU.Build.0 = Release|Any CPU
		{8A1B6BD6-8315-4405-ACBD-17583F66434E}.Release|x64.ActiveCfg = Release|Any CPU
		{8A1B6BD6-8315-4405-ACBD-17583F66434E}.Release|x64.Build.0 = Release|Any CPU
		{8A1B6BD6-8315-4405-ACBD-17583F66434E}.Release|x86.ActiveCfg = Release|Any CPU
		{8A1B6BD6-8315-4405-ACBD-17583F66434E}.Release|x86.Build.0 = Release|Any CPU
	EndGlobalSection
EndGlobal
