
Microsoft Visual Studio Solution File, Format Version 12.00
# Visual Studio Version 16
VisualStudioVersion = 16.0.30309.148
MinimumVisualStudioVersion = 10.0.40219.1
Project("{E39E59E1-1ABE-4904-8B15-79E1996AD1AD}") = "Azure.ResourceManager.DataLake.Analytics", "src\Azure.ResourceManager.DataLake.Analytics.csproj", "{2C59916A-24D7-4EB3-BB39-F64E6BAA4725}"
EndProject
Project("{E39E59E1-1ABE-4904-8B15-79E1996AD1AD}") = "Azure.ResourceManager.DataLake.Analytics.Tests", "mocktests\Azure.ResourceManager.DataLake.Analytics.Tests.csproj", "{EA1C5D3F-2AE7-4EFC-962B-62F169C9844E}"
EndProject
Project("{E39E59E1-1ABE-4904-8B15-79E1996AD1AD}") = "Azure.Core.TestFramework", "..\..\core\Azure.Core.TestFramework\src\Azure.Core.TestFramework.csproj", "{D834F7AA-20E1-4A74-8474-6E367332E3EB}"
EndProject
Project("{E39E59E1-1ABE-4904-8B15-79E1996AD1AD}") = "Azure.Core", "..\..\core\Azure.Core\src\Azure.Core.csproj", "{91F4FCC0-AEB7-4FEC-B3C2-7A3F9764CB51}"
EndProject
Global
	GlobalSection(SolutionProperties) = preSolution
		HideSolutionNode = FALSE
	EndGlobalSection
	GlobalSection(ExtensibilityGlobals) = postSolution
		SolutionGuid = {9A23E54D-3953-4A35-9D79-EEB7682762B3}
	EndGlobalSection
	GlobalSection(SolutionConfigurationPlatforms) = preSolution
		Debug|Any CPU = Debug|Any CPU
		Debug|x64 = Debug|x64
		Debug|x86 = Debug|x86
		Release|Any CPU = Release|Any CPU
		Release|x64 = Release|x64
		Release|x86 = Release|x86
	EndGlobalSection
	GlobalSection(ProjectConfigurationPlatforms) = postSolution
		{2C59916A-24D7-4EB3-BB39-F64E6BAA4725}.Debug|Any CPU.ActiveCfg = Debug|Any CPU
		{2C59916A-24D7-4EB3-BB39-F64E6BAA4725}.Debug|Any CPU.Build.0 = Debug|Any CPU
		{2C59916A-24D7-4EB3-BB39-F64E6BAA4725}.Debug|x64.ActiveCfg = Debug|Any CPU
		{2C59916A-24D7-4EB3-BB39-F64E6BAA4725}.Debug|x64.Build.0 = Debug|Any CPU
		{2C59916A-24D7-4EB3-BB39-F64E6BAA4725}.Debug|x86.ActiveCfg = Debug|Any CPU
		{2C59916A-24D7-4EB3-BB39-F64E6BAA4725}.Debug|x86.Build.0 = Debug|Any CPU
		{2C59916A-24D7-4EB3-BB39-F64E6BAA4725}.Release|Any CPU.ActiveCfg = Release|Any CPU
		{2C59916A-24D7-4EB3-BB39-F64E6BAA4725}.Release|Any CPU.Build.0 = Release|Any CPU
		{2C59916A-24D7-4EB3-BB39-F64E6BAA4725}.Release|x64.ActiveCfg = Release|Any CPU
		{2C59916A-24D7-4EB3-BB39-F64E6BAA4725}.Release|x64.Build.0 = Release|Any CPU
		{2C59916A-24D7-4EB3-BB39-F64E6BAA4725}.Release|x86.ActiveCfg = Release|Any CPU
		{2C59916A-24D7-4EB3-BB39-F64E6BAA4725}.Release|x86.Build.0 = Release|Any CPU
		{EA1C5D3F-2AE7-4EFC-962B-62F169C9844E}.Debug|Any CPU.ActiveCfg = Debug|Any CPU
		{EA1C5D3F-2AE7-4EFC-962B-62F169C9844E}.Debug|Any CPU.Build.0 = Debug|Any CPU
		{EA1C5D3F-2AE7-4EFC-962B-62F169C9844E}.Debug|x64.ActiveCfg = Debug|Any CPU
		{EA1C5D3F-2AE7-4EFC-962B-62F169C9844E}.Debug|x64.Build.0 = Debug|Any CPU
		{EA1C5D3F-2AE7-4EFC-962B-62F169C9844E}.Debug|x86.ActiveCfg = Debug|Any CPU
		{EA1C5D3F-2AE7-4EFC-962B-62F169C9844E}.Debug|x86.Build.0 = Debug|Any CPU
		{EA1C5D3F-2AE7-4EFC-962B-62F169C9844E}.Release|Any CPU.ActiveCfg = Release|Any CPU
		{EA1C5D3F-2AE7-4EFC-962B-62F169C9844E}.Release|Any CPU.Build.0 = Release|Any CPU
		{EA1C5D3F-2AE7-4EFC-962B-62F169C9844E}.Release|x64.ActiveCfg = Release|Any CPU
		{EA1C5D3F-2AE7-4EFC-962B-62F169C9844E}.Release|x64.Build.0 = Release|Any CPU
		{EA1C5D3F-2AE7-4EFC-962B-62F169C9844E}.Release|x86.ActiveCfg = Release|Any CPU
		{EA1C5D3F-2AE7-4EFC-962B-62F169C9844E}.Release|x86.Build.0 = Release|Any CPU
	EndGlobalSection
EndGlobal
