
Microsoft Visual Studio Solution File, Format Version 12.00
# Visual Studio Version 16
VisualStudioVersion = 16.0.30309.148
MinimumVisualStudioVersion = 10.0.40219.1
Project("{E38DA254-403B-4828-AD50-F0A4B64EF71B}") = "Azure.ResourceManager.ChangeAnalysis", "src\Azure.ResourceManager.ChangeAnalysis.csproj", "{99C9A2C5-BD07-4342-8361-137FC99C4BCA}"
EndProject
Project("{E38DA254-403B-4828-AD50-F0A4B64EF71B}") = "Azure.ResourceManager.ChangeAnalysis.Tests", "mocktests\Azure.ResourceManager.ChangeAnalysis.Tests.csproj", "{91AF917D-2926-4F95-BD30-9F15566BC6D5}"
EndProject
Project("{E38DA254-403B-4828-AD50-F0A4B64EF71B}") = "Azure.Core.TestFramework", "..\..\core\Azure.Core.TestFramework\src\Azure.Core.TestFramework.csproj", "{D834F7AA-20E1-4A74-8474-6E367332E3EB}"
EndProject
Project("{E38DA254-403B-4828-AD50-F0A4B64EF71B}") = "Azure.Core", "..\..\core\Azure.Core\src\Azure.Core.csproj", "{91F4FCC0-AEB7-4FEC-B3C2-7A3F9764CB51}"
EndProject
Global
	GlobalSection(SolutionProperties) = preSolution
		HideSolutionNode = FALSE
	EndGlobalSection
	GlobalSection(ExtensibilityGlobals) = postSolution
		SolutionGuid = {1848071A-0684-4068-8069-97871E53A705}
	EndGlobalSection
	GlobalSection(SolutionConfigurationPlatforms) = preSolution
		Debug|Any CPU = Debug|Any CPU
		Debug|x64 = Debug|x64
		Debug|x86 = Debug|x86
		Release|Any CPU = Release|Any CPU
		Release|x64 = Release|x64
		Release|x86 = Release|x86
	EndGlobalSection
	GlobalSection(ProjectConfigurationPlatforms) = postSolution
		{99C9A2C5-BD07-4342-8361-137FC99C4BCA}.Debug|Any CPU.ActiveCfg = Debug|Any CPU
		{99C9A2C5-BD07-4342-8361-137FC99C4BCA}.Debug|Any CPU.Build.0 = Debug|Any CPU
		{99C9A2C5-BD07-4342-8361-137FC99C4BCA}.Debug|x64.ActiveCfg = Debug|Any CPU
		{99C9A2C5-BD07-4342-8361-137FC99C4BCA}.Debug|x64.Build.0 = Debug|Any CPU
		{99C9A2C5-BD07-4342-8361-137FC99C4BCA}.Debug|x86.ActiveCfg = Debug|Any CPU
		{99C9A2C5-BD07-4342-8361-137FC99C4BCA}.Debug|x86.Build.0 = Debug|Any CPU
		{99C9A2C5-BD07-4342-8361-137FC99C4BCA}.Release|Any CPU.ActiveCfg = Release|Any CPU
		{99C9A2C5-BD07-4342-8361-137FC99C4BCA}.Release|Any CPU.Build.0 = Release|Any CPU
		{99C9A2C5-BD07-4342-8361-137FC99C4BCA}.Release|x64.ActiveCfg = Release|Any CPU
		{99C9A2C5-BD07-4342-8361-137FC99C4BCA}.Release|x64.Build.0 = Release|Any CPU
		{99C9A2C5-BD07-4342-8361-137FC99C4BCA}.Release|x86.ActiveCfg = Release|Any CPU
		{99C9A2C5-BD07-4342-8361-137FC99C4BCA}.Release|x86.Build.0 = Release|Any CPU
		{91AF917D-2926-4F95-BD30-9F15566BC6D5}.Debug|Any CPU.ActiveCfg = Debug|Any CPU
		{91AF917D-2926-4F95-BD30-9F15566BC6D5}.Debug|Any CPU.Build.0 = Debug|Any CPU
		{91AF917D-2926-4F95-BD30-9F15566BC6D5}.Debug|x64.ActiveCfg = Debug|Any CPU
		{91AF917D-2926-4F95-BD30-9F15566BC6D5}.Debug|x64.Build.0 = Debug|Any CPU
		{91AF917D-2926-4F95-BD30-9F15566BC6D5}.Debug|x86.ActiveCfg = Debug|Any CPU
		{91AF917D-2926-4F95-BD30-9F15566BC6D5}.Debug|x86.Build.0 = Debug|Any CPU
		{91AF917D-2926-4F95-BD30-9F15566BC6D5}.Release|Any CPU.ActiveCfg = Release|Any CPU
		{91AF917D-2926-4F95-BD30-9F15566BC6D5}.Release|Any CPU.Build.0 = Release|Any CPU
		{91AF917D-2926-4F95-BD30-9F15566BC6D5}.Release|x64.ActiveCfg = Release|Any CPU
		{91AF917D-2926-4F95-BD30-9F15566BC6D5}.Release|x64.Build.0 = Release|Any CPU
		{91AF917D-2926-4F95-BD30-9F15566BC6D5}.Release|x86.ActiveCfg = Release|Any CPU
		{91AF917D-2926-4F95-BD30-9F15566BC6D5}.Release|x86.Build.0 = Release|Any CPU
	EndGlobalSection
EndGlobal
