
Microsoft Visual Studio Solution File, Format Version 12.00
# Visual Studio Version 16
VisualStudioVersion = 16.0.30309.148
MinimumVisualStudioVersion = 10.0.40219.1
Project("{7F603361-5AD6-4488-8887-D8AB4169E3E8}") = "Azure.ResourceManager.ChangeAnalysis", "src\Azure.ResourceManager.ChangeAnalysis.csproj", "{E0915A77-C7AB-4E8C-8EBD-4C36DF8A4702}"
EndProject
Project("{7F603361-5AD6-4488-8887-D8AB4169E3E8}") = "Azure.ResourceManager.ChangeAnalysis.Tests", "tests\Azure.ResourceManager.ChangeAnalysis.Tests.csproj", "{E384DF61-64D9-45F6-816F-BDBA2BEE5BA4}"
EndProject
Project("{7F603361-5AD6-4488-8887-D8AB4169E3E8}") = "Azure.Core.TestFramework", "..\..\core\Azure.Core.TestFramework\src\Azure.Core.TestFramework.csproj", "{D834F7AA-20E1-4A74-8474-6E367332E3EB}"
EndProject
Project("{7F603361-5AD6-4488-8887-D8AB4169E3E8}") = "Azure.Core", "..\..\core\Azure.Core\src\Azure.Core.csproj", "{91F4FCC0-AEB7-4FEC-B3C2-7A3F9764CB51}"
EndProject
Global
	GlobalSection(SolutionProperties) = preSolution
		HideSolutionNode = FALSE
	EndGlobalSection
	GlobalSection(ExtensibilityGlobals) = postSolution
		SolutionGuid = {D573E64C-91FB-47E3-9FD6-DAE7F811932B}
	EndGlobalSection
	GlobalSection(SolutionConfigurationPlatforms) = preSolution
		Debug|Any CPU = Debug|Any CPU
		Debug|x64 = Debug|x64
		Debug|x86 = Debug|x86
		Release|Any CPU = Release|Any CPU
		Release|x64 = Release|x64
		Release|x86 = Release|x86
	EndGlobalSection
	GlobalSection(ProjectConfigurationPlatforms) = postSolution
		{E0915A77-C7AB-4E8C-8EBD-4C36DF8A4702}.Debug|Any CPU.ActiveCfg = Debug|Any CPU
		{E0915A77-C7AB-4E8C-8EBD-4C36DF8A4702}.Debug|Any CPU.Build.0 = Debug|Any CPU
		{E0915A77-C7AB-4E8C-8EBD-4C36DF8A4702}.Debug|x64.ActiveCfg = Debug|Any CPU
		{E0915A77-C7AB-4E8C-8EBD-4C36DF8A4702}.Debug|x64.Build.0 = Debug|Any CPU
		{E0915A77-C7AB-4E8C-8EBD-4C36DF8A4702}.Debug|x86.ActiveCfg = Debug|Any CPU
		{E0915A77-C7AB-4E8C-8EBD-4C36DF8A4702}.Debug|x86.Build.0 = Debug|Any CPU
		{E0915A77-C7AB-4E8C-8EBD-4C36DF8A4702}.Release|Any CPU.ActiveCfg = Release|Any CPU
		{E0915A77-C7AB-4E8C-8EBD-4C36DF8A4702}.Release|Any CPU.Build.0 = Release|Any CPU
		{E0915A77-C7AB-4E8C-8EBD-4C36DF8A4702}.Release|x64.ActiveCfg = Release|Any CPU
		{E0915A77-C7AB-4E8C-8EBD-4C36DF8A4702}.Release|x64.Build.0 = Release|Any CPU
		{E0915A77-C7AB-4E8C-8EBD-4C36DF8A4702}.Release|x86.ActiveCfg = Release|Any CPU
		{E0915A77-C7AB-4E8C-8EBD-4C36DF8A4702}.Release|x86.Build.0 = Release|Any CPU
		{E384DF61-64D9-45F6-816F-BDBA2BEE5BA4}.Debug|Any CPU.ActiveCfg = Debug|Any CPU
		{E384DF61-64D9-45F6-816F-BDBA2BEE5BA4}.Debug|Any CPU.Build.0 = Debug|Any CPU
		{E384DF61-64D9-45F6-816F-BDBA2BEE5BA4}.Debug|x64.ActiveCfg = Debug|Any CPU
		{E384DF61-64D9-45F6-816F-BDBA2BEE5BA4}.Debug|x64.Build.0 = Debug|Any CPU
		{E384DF61-64D9-45F6-816F-BDBA2BEE5BA4}.Debug|x86.ActiveCfg = Debug|Any CPU
		{E384DF61-64D9-45F6-816F-BDBA2BEE5BA4}.Debug|x86.Build.0 = Debug|Any CPU
		{E384DF61-64D9-45F6-816F-BDBA2BEE5BA4}.Release|Any CPU.ActiveCfg = Release|Any CPU
		{E384DF61-64D9-45F6-816F-BDBA2BEE5BA4}.Release|Any CPU.Build.0 = Release|Any CPU
		{E384DF61-64D9-45F6-816F-BDBA2BEE5BA4}.Release|x64.ActiveCfg = Release|Any CPU
		{E384DF61-64D9-45F6-816F-BDBA2BEE5BA4}.Release|x64.Build.0 = Release|Any CPU
		{E384DF61-64D9-45F6-816F-BDBA2BEE5BA4}.Release|x86.ActiveCfg = Release|Any CPU
		{E384DF61-64D9-45F6-816F-BDBA2BEE5BA4}.Release|x86.Build.0 = Release|Any CPU
	EndGlobalSection
EndGlobal
