
Microsoft Visual Studio Solution File, Format Version 12.00
# Visual Studio Version 16
VisualStudioVersion = 16.0.30309.148
MinimumVisualStudioVersion = 10.0.40219.1
Project("{720BCFCA-3EF5-4DD5-94BB-99ADB78C45DE}") = "Azure.ResourceManager.AnalysisServices", "src\Azure.ResourceManager.AnalysisServices.csproj", "{23571D10-673D-4703-B352-CCB4B0A4C7ED}"
EndProject
Project("{720BCFCA-3EF5-4DD5-94BB-99ADB78C45DE}") = "Azure.ResourceManager.AnalysisServices.Tests", "mocktests\Azure.ResourceManager.AnalysisServices.Tests.csproj", "{86EF3037-6EF4-4C51-BD61-87B669673163}"
EndProject
Project("{720BCFCA-3EF5-4DD5-94BB-99ADB78C45DE}") = "Azure.Core.TestFramework", "..\..\core\Azure.Core.TestFramework\src\Azure.Core.TestFramework.csproj", "{D834F7AA-20E1-4A74-8474-6E367332E3EB}"
EndProject
Project("{720BCFCA-3EF5-4DD5-94BB-99ADB78C45DE}") = "Azure.Core", "..\..\core\Azure.Core\src\Azure.Core.csproj", "{91F4FCC0-AEB7-4FEC-B3C2-7A3F9764CB51}"
EndProject
Global
	GlobalSection(SolutionProperties) = preSolution
		HideSolutionNode = FALSE
	EndGlobalSection
	GlobalSection(ExtensibilityGlobals) = postSolution
		SolutionGuid = {84CD17B4-8F5C-4DE8-902E-862734E1DC87}
	EndGlobalSection
	GlobalSection(SolutionConfigurationPlatforms) = preSolution
		Debug|Any CPU = Debug|Any CPU
		Debug|x64 = Debug|x64
		Debug|x86 = Debug|x86
		Release|Any CPU = Release|Any CPU
		Release|x64 = Release|x64
		Release|x86 = Release|x86
	EndGlobalSection
	GlobalSection(ProjectConfigurationPlatforms) = postSolution
		{23571D10-673D-4703-B352-CCB4B0A4C7ED}.Debug|Any CPU.ActiveCfg = Debug|Any CPU
		{23571D10-673D-4703-B352-CCB4B0A4C7ED}.Debug|Any CPU.Build.0 = Debug|Any CPU
		{23571D10-673D-4703-B352-CCB4B0A4C7ED}.Debug|x64.ActiveCfg = Debug|Any CPU
		{23571D10-673D-4703-B352-CCB4B0A4C7ED}.Debug|x64.Build.0 = Debug|Any CPU
		{23571D10-673D-4703-B352-CCB4B0A4C7ED}.Debug|x86.ActiveCfg = Debug|Any CPU
		{23571D10-673D-4703-B352-CCB4B0A4C7ED}.Debug|x86.Build.0 = Debug|Any CPU
		{23571D10-673D-4703-B352-CCB4B0A4C7ED}.Release|Any CPU.ActiveCfg = Release|Any CPU
		{23571D10-673D-4703-B352-CCB4B0A4C7ED}.Release|Any CPU.Build.0 = Release|Any CPU
		{23571D10-673D-4703-B352-CCB4B0A4C7ED}.Release|x64.ActiveCfg = Release|Any CPU
		{23571D10-673D-4703-B352-CCB4B0A4C7ED}.Release|x64.Build.0 = Release|Any CPU
		{23571D10-673D-4703-B352-CCB4B0A4C7ED}.Release|x86.ActiveCfg = Release|Any CPU
		{23571D10-673D-4703-B352-CCB4B0A4C7ED}.Release|x86.Build.0 = Release|Any CPU
		{86EF3037-6EF4-4C51-BD61-87B669673163}.Debug|Any CPU.ActiveCfg = Debug|Any CPU
		{86EF3037-6EF4-4C51-BD61-87B669673163}.Debug|Any CPU.Build.0 = Debug|Any CPU
		{86EF3037-6EF4-4C51-BD61-87B669673163}.Debug|x64.ActiveCfg = Debug|Any CPU
		{86EF3037-6EF4-4C51-BD61-87B669673163}.Debug|x64.Build.0 = Debug|Any CPU
		{86EF3037-6EF4-4C51-BD61-87B669673163}.Debug|x86.ActiveCfg = Debug|Any CPU
		{86EF3037-6EF4-4C51-BD61-87B669673163}.Debug|x86.Build.0 = Debug|Any CPU
		{86EF3037-6EF4-4C51-BD61-87B669673163}.Release|Any CPU.ActiveCfg = Release|Any CPU
		{86EF3037-6EF4-4C51-BD61-87B669673163}.Release|Any CPU.Build.0 = Release|Any CPU
		{86EF3037-6EF4-4C51-BD61-87B669673163}.Release|x64.ActiveCfg = Release|Any CPU
		{86EF3037-6EF4-4C51-BD61-87B669673163}.Release|x64.Build.0 = Release|Any CPU
		{86EF3037-6EF4-4C51-BD61-87B669673163}.Release|x86.ActiveCfg = Release|Any CPU
		{86EF3037-6EF4-4C51-BD61-87B669673163}.Release|x86.Build.0 = Release|Any CPU
	EndGlobalSection
EndGlobal
