
Microsoft Visual Studio Solution File, Format Version 12.00
# Visual Studio Version 16
VisualStudioVersion = 16.0.30309.148
MinimumVisualStudioVersion = 10.0.40219.1
Project("{8DC68CC3-2B1B-4EEA-8B00-E1B1E4F4ACCE}") = "Azure.ResourceManager.Reservations", "src\Azure.ResourceManager.Reservations.csproj", "{8E655181-7D49-4E0A-90AC-7F0A46CC21F4}"
EndProject
Project("{8DC68CC3-2B1B-4EEA-8B00-E1B1E4F4ACCE}") = "Azure.ResourceManager.Reservations.Tests", "mocktests\Azure.ResourceManager.Reservations.Tests.csproj", "{C8496CEE-52F1-4780-8060-94EB361983B9}"
EndProject
Project("{8DC68CC3-2B1B-4EEA-8B00-E1B1E4F4ACCE}") = "Azure.Core.TestFramework", "..\..\core\Azure.Core.TestFramework\src\Azure.Core.TestFramework.csproj", "{D834F7AA-20E1-4A74-8474-6E367332E3EB}"
EndProject
Project("{8DC68CC3-2B1B-4EEA-8B00-E1B1E4F4ACCE}") = "Azure.Core", "..\..\core\Azure.Core\src\Azure.Core.csproj", "{91F4FCC0-AEB7-4FEC-B3C2-7A3F9764CB51}"
EndProject
Global
	GlobalSection(SolutionProperties) = preSolution
		HideSolutionNode = FALSE
	EndGlobalSection
	GlobalSection(ExtensibilityGlobals) = postSolution
		SolutionGuid = {EB48B86C-5A40-4CD3-B13B-E23B26631303}
	EndGlobalSection
	GlobalSection(SolutionConfigurationPlatforms) = preSolution
		Debug|Any CPU = Debug|Any CPU
		Debug|x64 = Debug|x64
		Debug|x86 = Debug|x86
		Release|Any CPU = Release|Any CPU
		Release|x64 = Release|x64
		Release|x86 = Release|x86
	EndGlobalSection
	GlobalSection(ProjectConfigurationPlatforms) = postSolution
		{8E655181-7D49-4E0A-90AC-7F0A46CC21F4}.Debug|Any CPU.ActiveCfg = Debug|Any CPU
		{8E655181-7D49-4E0A-90AC-7F0A46CC21F4}.Debug|Any CPU.Build.0 = Debug|Any CPU
		{8E655181-7D49-4E0A-90AC-7F0A46CC21F4}.Debug|x64.ActiveCfg = Debug|Any CPU
		{8E655181-7D49-4E0A-90AC-7F0A46CC21F4}.Debug|x64.Build.0 = Debug|Any CPU
		{8E655181-7D49-4E0A-90AC-7F0A46CC21F4}.Debug|x86.ActiveCfg = Debug|Any CPU
		{8E655181-7D49-4E0A-90AC-7F0A46CC21F4}.Debug|x86.Build.0 = Debug|Any CPU
		{8E655181-7D49-4E0A-90AC-7F0A46CC21F4}.Release|Any CPU.ActiveCfg = Release|Any CPU
		{8E655181-7D49-4E0A-90AC-7F0A46CC21F4}.Release|Any CPU.Build.0 = Release|Any CPU
		{8E655181-7D49-4E0A-90AC-7F0A46CC21F4}.Release|x64.ActiveCfg = Release|Any CPU
		{8E655181-7D49-4E0A-90AC-7F0A46CC21F4}.Release|x64.Build.0 = Release|Any CPU
		{8E655181-7D49-4E0A-90AC-7F0A46CC21F4}.Release|x86.ActiveCfg = Release|Any CPU
		{8E655181-7D49-4E0A-90AC-7F0A46CC21F4}.Release|x86.Build.0 = Release|Any CPU
		{C8496CEE-52F1-4780-8060-94EB361983B9}.Debug|Any CPU.ActiveCfg = Debug|Any CPU
		{C8496CEE-52F1-4780-8060-94EB361983B9}.Debug|Any CPU.Build.0 = Debug|Any CPU
		{C8496CEE-52F1-4780-8060-94EB361983B9}.Debug|x64.ActiveCfg = Debug|Any CPU
		{C8496CEE-52F1-4780-8060-94EB361983B9}.Debug|x64.Build.0 = Debug|Any CPU
		{C8496CEE-52F1-4780-8060-94EB361983B9}.Debug|x86.ActiveCfg = Debug|Any CPU
		{C8496CEE-52F1-4780-8060-94EB361983B9}.Debug|x86.Build.0 = Debug|Any CPU
		{C8496CEE-52F1-4780-8060-94EB361983B9}.Release|Any CPU.ActiveCfg = Release|Any CPU
		{C8496CEE-52F1-4780-8060-94EB361983B9}.Release|Any CPU.Build.0 = Release|Any CPU
		{C8496CEE-52F1-4780-8060-94EB361983B9}.Release|x64.ActiveCfg = Release|Any CPU
		{C8496CEE-52F1-4780-8060-94EB361983B9}.Release|x64.Build.0 = Release|Any CPU
		{C8496CEE-52F1-4780-8060-94EB361983B9}.Release|x86.ActiveCfg = Release|Any CPU
		{C8496CEE-52F1-4780-8060-94EB361983B9}.Release|x86.Build.0 = Release|Any CPU
	EndGlobalSection
EndGlobal
