
Microsoft Visual Studio Solution File, Format Version 12.00
# Visual Studio Version 16
VisualStudioVersion = 16.0.30309.148
MinimumVisualStudioVersion = 10.0.40219.1
Project("{2CE15945-131F-48F5-8CAE-CC7881532209}") = "Azure.ResourceManager.Maintenance", "src\Azure.ResourceManager.Maintenance.csproj", "{3FF95682-5AFC-40E0-B74A-3D98D745B93D}"
EndProject
Project("{2CE15945-131F-48F5-8CAE-CC7881532209}") = "Azure.ResourceManager.Maintenance.Tests", "mocktests\Azure.ResourceManager.Maintenance.Tests.csproj", "{8A80E8C9-6AA7-4F51-B000-4236F35A1768}"
EndProject
Project("{2CE15945-131F-48F5-8CAE-CC7881532209}") = "Azure.Core.TestFramework", "..\..\core\Azure.Core.TestFramework\src\Azure.Core.TestFramework.csproj", "{D834F7AA-20E1-4A74-8474-6E367332E3EB}"
EndProject
Project("{2CE15945-131F-48F5-8CAE-CC7881532209}") = "Azure.Core", "..\..\core\Azure.Core\src\Azure.Core.csproj", "{91F4FCC0-AEB7-4FEC-B3C2-7A3F9764CB51}"
EndProject
Global
	GlobalSection(SolutionProperties) = preSolution
		HideSolutionNode = FALSE
	EndGlobalSection
	GlobalSection(ExtensibilityGlobals) = postSolution
		SolutionGuid = {5F8AFD10-525A-40D2-898B-720A9BA228B6}
	EndGlobalSection
	GlobalSection(SolutionConfigurationPlatforms) = preSolution
		Debug|Any CPU = Debug|Any CPU
		Debug|x64 = Debug|x64
		Debug|x86 = Debug|x86
		Release|Any CPU = Release|Any CPU
		Release|x64 = Release|x64
		Release|x86 = Release|x86
	EndGlobalSection
	GlobalSection(ProjectConfigurationPlatforms) = postSolution
		{3FF95682-5AFC-40E0-B74A-3D98D745B93D}.Debug|Any CPU.ActiveCfg = Debug|Any CPU
		{3FF95682-5AFC-40E0-B74A-3D98D745B93D}.Debug|Any CPU.Build.0 = Debug|Any CPU
		{3FF95682-5AFC-40E0-B74A-3D98D745B93D}.Debug|x64.ActiveCfg = Debug|Any CPU
		{3FF95682-5AFC-40E0-B74A-3D98D745B93D}.Debug|x64.Build.0 = Debug|Any CPU
		{3FF95682-5AFC-40E0-B74A-3D98D745B93D}.Debug|x86.ActiveCfg = Debug|Any CPU
		{3FF95682-5AFC-40E0-B74A-3D98D745B93D}.Debug|x86.Build.0 = Debug|Any CPU
		{3FF95682-5AFC-40E0-B74A-3D98D745B93D}.Release|Any CPU.ActiveCfg = Release|Any CPU
		{3FF95682-5AFC-40E0-B74A-3D98D745B93D}.Release|Any CPU.Build.0 = Release|Any CPU
		{3FF95682-5AFC-40E0-B74A-3D98D745B93D}.Release|x64.ActiveCfg = Release|Any CPU
		{3FF95682-5AFC-40E0-B74A-3D98D745B93D}.Release|x64.Build.0 = Release|Any CPU
		{3FF95682-5AFC-40E0-B74A-3D98D745B93D}.Release|x86.ActiveCfg = Release|Any CPU
		{3FF95682-5AFC-40E0-B74A-3D98D745B93D}.Release|x86.Build.0 = Release|Any CPU
		{8A80E8C9-6AA7-4F51-B000-4236F35A1768}.Debug|Any CPU.ActiveCfg = Debug|Any CPU
		{8A80E8C9-6AA7-4F51-B000-4236F35A1768}.Debug|Any CPU.Build.0 = Debug|Any CPU
		{8A80E8C9-6AA7-4F51-B000-4236F35A1768}.Debug|x64.ActiveCfg = Debug|Any CPU
		{8A80E8C9-6AA7-4F51-B000-4236F35A1768}.Debug|x64.Build.0 = Debug|Any CPU
		{8A80E8C9-6AA7-4F51-B000-4236F35A1768}.Debug|x86.ActiveCfg = Debug|Any CPU
		{8A80E8C9-6AA7-4F51-B000-4236F35A1768}.Debug|x86.Build.0 = Debug|Any CPU
		{8A80E8C9-6AA7-4F51-B000-4236F35A1768}.Release|Any CPU.ActiveCfg = Release|Any CPU
		{8A80E8C9-6AA7-4F51-B000-4236F35A1768}.Release|Any CPU.Build.0 = Release|Any CPU
		{8A80E8C9-6AA7-4F51-B000-4236F35A1768}.Release|x64.ActiveCfg = Release|Any CPU
		{8A80E8C9-6AA7-4F51-B000-4236F35A1768}.Release|x64.Build.0 = Release|Any CPU
		{8A80E8C9-6AA7-4F51-B000-4236F35A1768}.Release|x86.ActiveCfg = Release|Any CPU
		{8A80E8C9-6AA7-4F51-B000-4236F35A1768}.Release|x86.Build.0 = Release|Any CPU
	EndGlobalSection
EndGlobal
