
Microsoft Visual Studio Solution File, Format Version 12.00
# Visual Studio Version 16
VisualStudioVersion = 16.0.30309.148
MinimumVisualStudioVersion = 10.0.40219.1
Project("{61FD08F8-C89B-440A-9F30-AA922BEB7A66}") = "Azure.ResourceManager.Maintenance", "src\Azure.ResourceManager.Maintenance.csproj", "{910E9DAC-5DEF-4AF8-9128-3E63A37AFD4A}"
EndProject
Project("{61FD08F8-C89B-440A-9F30-AA922BEB7A66}") = "Azure.ResourceManager.Maintenance.Tests", "tests\Azure.ResourceManager.Maintenance.Tests.csproj", "{4149DF50-CC53-4952-AE5C-539DEA8D5BA8}"
EndProject
Project("{61FD08F8-C89B-440A-9F30-AA922BEB7A66}") = "Azure.Core.TestFramework", "..\..\core\Azure.Core.TestFramework\src\Azure.Core.TestFramework.csproj", "{D834F7AA-20E1-4A74-8474-6E367332E3EB}"
EndProject
Project("{61FD08F8-C89B-440A-9F30-AA922BEB7A66}") = "Azure.Core", "..\..\core\Azure.Core\src\Azure.Core.csproj", "{91F4FCC0-AEB7-4FEC-B3C2-7A3F9764CB51}"
EndProject
Global
	GlobalSection(SolutionProperties) = preSolution
		HideSolutionNode = FALSE
	EndGlobalSection
	GlobalSection(ExtensibilityGlobals) = postSolution
		SolutionGuid = {BD886A30-F996-4F39-A829-E65CEF000312}
	EndGlobalSection
	GlobalSection(SolutionConfigurationPlatforms) = preSolution
		Debug|Any CPU = Debug|Any CPU
		Debug|x64 = Debug|x64
		Debug|x86 = Debug|x86
		Release|Any CPU = Release|Any CPU
		Release|x64 = Release|x64
		Release|x86 = Release|x86
	EndGlobalSection
	GlobalSection(ProjectConfigurationPlatforms) = postSolution
		{910E9DAC-5DEF-4AF8-9128-3E63A37AFD4A}.Debug|Any CPU.ActiveCfg = Debug|Any CPU
		{910E9DAC-5DEF-4AF8-9128-3E63A37AFD4A}.Debug|Any CPU.Build.0 = Debug|Any CPU
		{910E9DAC-5DEF-4AF8-9128-3E63A37AFD4A}.Debug|x64.ActiveCfg = Debug|Any CPU
		{910E9DAC-5DEF-4AF8-9128-3E63A37AFD4A}.Debug|x64.Build.0 = Debug|Any CPU
		{910E9DAC-5DEF-4AF8-9128-3E63A37AFD4A}.Debug|x86.ActiveCfg = Debug|Any CPU
		{910E9DAC-5DEF-4AF8-9128-3E63A37AFD4A}.Debug|x86.Build.0 = Debug|Any CPU
		{910E9DAC-5DEF-4AF8-9128-3E63A37AFD4A}.Release|Any CPU.ActiveCfg = Release|Any CPU
		{910E9DAC-5DEF-4AF8-9128-3E63A37AFD4A}.Release|Any CPU.Build.0 = Release|Any CPU
		{910E9DAC-5DEF-4AF8-9128-3E63A37AFD4A}.Release|x64.ActiveCfg = Release|Any CPU
		{910E9DAC-5DEF-4AF8-9128-3E63A37AFD4A}.Release|x64.Build.0 = Release|Any CPU
		{910E9DAC-5DEF-4AF8-9128-3E63A37AFD4A}.Release|x86.ActiveCfg = Release|Any CPU
		{910E9DAC-5DEF-4AF8-9128-3E63A37AFD4A}.Release|x86.Build.0 = Release|Any CPU
		{4149DF50-CC53-4952-AE5C-539DEA8D5BA8}.Debug|Any CPU.ActiveCfg = Debug|Any CPU
		{4149DF50-CC53-4952-AE5C-539DEA8D5BA8}.Debug|Any CPU.Build.0 = Debug|Any CPU
		{4149DF50-CC53-4952-AE5C-539DEA8D5BA8}.Debug|x64.ActiveCfg = Debug|Any CPU
		{4149DF50-CC53-4952-AE5C-539DEA8D5BA8}.Debug|x64.Build.0 = Debug|Any CPU
		{4149DF50-CC53-4952-AE5C-539DEA8D5BA8}.Debug|x86.ActiveCfg = Debug|Any CPU
		{4149DF50-CC53-4952-AE5C-539DEA8D5BA8}.Debug|x86.Build.0 = Debug|Any CPU
		{4149DF50-CC53-4952-AE5C-539DEA8D5BA8}.Release|Any CPU.ActiveCfg = Release|Any CPU
		{4149DF50-CC53-4952-AE5C-539DEA8D5BA8}.Release|Any CPU.Build.0 = Release|Any CPU
		{4149DF50-CC53-4952-AE5C-539DEA8D5BA8}.Release|x64.ActiveCfg = Release|Any CPU
		{4149DF50-CC53-4952-AE5C-539DEA8D5BA8}.Release|x64.Build.0 = Release|Any CPU
		{4149DF50-CC53-4952-AE5C-539DEA8D5BA8}.Release|x86.ActiveCfg = Release|Any CPU
		{4149DF50-CC53-4952-AE5C-539DEA8D5BA8}.Release|x86.Build.0 = Release|Any CPU
	EndGlobalSection
EndGlobal
