
Microsoft Visual Studio Solution File, Format Version 12.00
# Visual Studio Version 16
VisualStudioVersion = 16.0.30309.148
MinimumVisualStudioVersion = 10.0.40219.1
Project("{1AD90496-DE32-4371-89A9-70F6E0A5DE7F}") = "Azure.ResourceManager.ApplicationInsights", "src\Azure.ResourceManager.ApplicationInsights.csproj", "{3192EBB4-1137-4E88-AFB6-C06DE67010D4}"
EndProject
Project("{1AD90496-DE32-4371-89A9-70F6E0A5DE7F}") = "Azure.ResourceManager.ApplicationInsights.Tests", "mocktests\Azure.ResourceManager.ApplicationInsights.Tests.csproj", "{47C80985-DE4D-437D-8FCC-51ED70C5E5AB}"
EndProject
Project("{1AD90496-DE32-4371-89A9-70F6E0A5DE7F}") = "Azure.Core.TestFramework", "..\..\core\Azure.Core.TestFramework\src\Azure.Core.TestFramework.csproj", "{D834F7AA-20E1-4A74-8474-6E367332E3EB}"
EndProject
Project("{1AD90496-DE32-4371-89A9-70F6E0A5DE7F}") = "Azure.Core", "..\..\core\Azure.Core\src\Azure.Core.csproj", "{91F4FCC0-AEB7-4FEC-B3C2-7A3F9764CB51}"
EndProject
Global
	GlobalSection(SolutionProperties) = preSolution
		HideSolutionNode = FALSE
	EndGlobalSection
	GlobalSection(ExtensibilityGlobals) = postSolution
		SolutionGuid = {9A068628-584E-4859-ADD0-1EF95C024B8C}
	EndGlobalSection
	GlobalSection(SolutionConfigurationPlatforms) = preSolution
		Debug|Any CPU = Debug|Any CPU
		Debug|x64 = Debug|x64
		Debug|x86 = Debug|x86
		Release|Any CPU = Release|Any CPU
		Release|x64 = Release|x64
		Release|x86 = Release|x86
	EndGlobalSection
	GlobalSection(ProjectConfigurationPlatforms) = postSolution
		{3192EBB4-1137-4E88-AFB6-C06DE67010D4}.Debug|Any CPU.ActiveCfg = Debug|Any CPU
		{3192EBB4-1137-4E88-AFB6-C06DE67010D4}.Debug|Any CPU.Build.0 = Debug|Any CPU
		{3192EBB4-1137-4E88-AFB6-C06DE67010D4}.Debug|x64.ActiveCfg = Debug|Any CPU
		{3192EBB4-1137-4E88-AFB6-C06DE67010D4}.Debug|x64.Build.0 = Debug|Any CPU
		{3192EBB4-1137-4E88-AFB6-C06DE67010D4}.Debug|x86.ActiveCfg = Debug|Any CPU
		{3192EBB4-1137-4E88-AFB6-C06DE67010D4}.Debug|x86.Build.0 = Debug|Any CPU
		{3192EBB4-1137-4E88-AFB6-C06DE67010D4}.Release|Any CPU.ActiveCfg = Release|Any CPU
		{3192EBB4-1137-4E88-AFB6-C06DE67010D4}.Release|Any CPU.Build.0 = Release|Any CPU
		{3192EBB4-1137-4E88-AFB6-C06DE67010D4}.Release|x64.ActiveCfg = Release|Any CPU
		{3192EBB4-1137-4E88-AFB6-C06DE67010D4}.Release|x64.Build.0 = Release|Any CPU
		{3192EBB4-1137-4E88-AFB6-C06DE67010D4}.Release|x86.ActiveCfg = Release|Any CPU
		{3192EBB4-1137-4E88-AFB6-C06DE67010D4}.Release|x86.Build.0 = Release|Any CPU
		{47C80985-DE4D-437D-8FCC-51ED70C5E5AB}.Debug|Any CPU.ActiveCfg = Debug|Any CPU
		{47C80985-DE4D-437D-8FCC-51ED70C5E5AB}.Debug|Any CPU.Build.0 = Debug|Any CPU
		{47C80985-DE4D-437D-8FCC-51ED70C5E5AB}.Debug|x64.ActiveCfg = Debug|Any CPU
		{47C80985-DE4D-437D-8FCC-51ED70C5E5AB}.Debug|x64.Build.0 = Debug|Any CPU
		{47C80985-DE4D-437D-8FCC-51ED70C5E5AB}.Debug|x86.ActiveCfg = Debug|Any CPU
		{47C80985-DE4D-437D-8FCC-51ED70C5E5AB}.Debug|x86.Build.0 = Debug|Any CPU
		{47C80985-DE4D-437D-8FCC-51ED70C5E5AB}.Release|Any CPU.ActiveCfg = Release|Any CPU
		{47C80985-DE4D-437D-8FCC-51ED70C5E5AB}.Release|Any CPU.Build.0 = Release|Any CPU
		{47C80985-DE4D-437D-8FCC-51ED70C5E5AB}.Release|x64.ActiveCfg = Release|Any CPU
		{47C80985-DE4D-437D-8FCC-51ED70C5E5AB}.Release|x64.Build.0 = Release|Any CPU
		{47C80985-DE4D-437D-8FCC-51ED70C5E5AB}.Release|x86.ActiveCfg = Release|Any CPU
		{47C80985-DE4D-437D-8FCC-51ED70C5E5AB}.Release|x86.Build.0 = Release|Any CPU
	EndGlobalSection
EndGlobal
