
Microsoft Visual Studio Solution File, Format Version 12.00
# Visual Studio Version 16
VisualStudioVersion = 16.0.30309.148
MinimumVisualStudioVersion = 10.0.40219.1
Project("{C79FF441-DE98-4BE4-BA9B-4357D1E166C5}") = "Azure.ResourceManager.ApplicationInsights", "src\Azure.ResourceManager.ApplicationInsights.csproj", "{C862C8A8-3616-4624-BD45-CEBFE385CB5F}"
EndProject
Project("{C79FF441-DE98-4BE4-BA9B-4357D1E166C5}") = "Azure.ResourceManager.ApplicationInsights.Tests", "tests\Azure.ResourceManager.ApplicationInsights.Tests.csproj", "{3F6CD064-A133-49FD-80B9-DCAC25029A0B}"
EndProject
Project("{C79FF441-DE98-4BE4-BA9B-4357D1E166C5}") = "Azure.Core.TestFramework", "..\..\core\Azure.Core.TestFramework\src\Azure.Core.TestFramework.csproj", "{D834F7AA-20E1-4A74-8474-6E367332E3EB}"
EndProject
Project("{C79FF441-DE98-4BE4-BA9B-4357D1E166C5}") = "Azure.Core", "..\..\core\Azure.Core\src\Azure.Core.csproj", "{91F4FCC0-AEB7-4FEC-B3C2-7A3F9764CB51}"
EndProject
Global
	GlobalSection(SolutionProperties) = preSolution
		HideSolutionNode = FALSE
	EndGlobalSection
	GlobalSection(ExtensibilityGlobals) = postSolution
		SolutionGuid = {94C2302E-09A5-4AFA-8E44-6FE7978A5DFF}
	EndGlobalSection
	GlobalSection(SolutionConfigurationPlatforms) = preSolution
		Debug|Any CPU = Debug|Any CPU
		Debug|x64 = Debug|x64
		Debug|x86 = Debug|x86
		Release|Any CPU = Release|Any CPU
		Release|x64 = Release|x64
		Release|x86 = Release|x86
	EndGlobalSection
	GlobalSection(ProjectConfigurationPlatforms) = postSolution
		{C862C8A8-3616-4624-BD45-CEBFE385CB5F}.Debug|Any CPU.ActiveCfg = Debug|Any CPU
		{C862C8A8-3616-4624-BD45-CEBFE385CB5F}.Debug|Any CPU.Build.0 = Debug|Any CPU
		{C862C8A8-3616-4624-BD45-CEBFE385CB5F}.Debug|x64.ActiveCfg = Debug|Any CPU
		{C862C8A8-3616-4624-BD45-CEBFE385CB5F}.Debug|x64.Build.0 = Debug|Any CPU
		{C862C8A8-3616-4624-BD45-CEBFE385CB5F}.Debug|x86.ActiveCfg = Debug|Any CPU
		{C862C8A8-3616-4624-BD45-CEBFE385CB5F}.Debug|x86.Build.0 = Debug|Any CPU
		{C862C8A8-3616-4624-BD45-CEBFE385CB5F}.Release|Any CPU.ActiveCfg = Release|Any CPU
		{C862C8A8-3616-4624-BD45-CEBFE385CB5F}.Release|Any CPU.Build.0 = Release|Any CPU
		{C862C8A8-3616-4624-BD45-CEBFE385CB5F}.Release|x64.ActiveCfg = Release|Any CPU
		{C862C8A8-3616-4624-BD45-CEBFE385CB5F}.Release|x64.Build.0 = Release|Any CPU
		{C862C8A8-3616-4624-BD45-CEBFE385CB5F}.Release|x86.ActiveCfg = Release|Any CPU
		{C862C8A8-3616-4624-BD45-CEBFE385CB5F}.Release|x86.Build.0 = Release|Any CPU
		{3F6CD064-A133-49FD-80B9-DCAC25029A0B}.Debug|Any CPU.ActiveCfg = Debug|Any CPU
		{3F6CD064-A133-49FD-80B9-DCAC25029A0B}.Debug|Any CPU.Build.0 = Debug|Any CPU
		{3F6CD064-A133-49FD-80B9-DCAC25029A0B}.Debug|x64.ActiveCfg = Debug|Any CPU
		{3F6CD064-A133-49FD-80B9-DCAC25029A0B}.Debug|x64.Build.0 = Debug|Any CPU
		{3F6CD064-A133-49FD-80B9-DCAC25029A0B}.Debug|x86.ActiveCfg = Debug|Any CPU
		{3F6CD064-A133-49FD-80B9-DCAC25029A0B}.Debug|x86.Build.0 = Debug|Any CPU
		{3F6CD064-A133-49FD-80B9-DCAC25029A0B}.Release|Any CPU.ActiveCfg = Release|Any CPU
		{3F6CD064-A133-49FD-80B9-DCAC25029A0B}.Release|Any CPU.Build.0 = Release|Any CPU
		{3F6CD064-A133-49FD-80B9-DCAC25029A0B}.Release|x64.ActiveCfg = Release|Any CPU
		{3F6CD064-A133-49FD-80B9-DCAC25029A0B}.Release|x64.Build.0 = Release|Any CPU
		{3F6CD064-A133-49FD-80B9-DCAC25029A0B}.Release|x86.ActiveCfg = Release|Any CPU
		{3F6CD064-A133-49FD-80B9-DCAC25029A0B}.Release|x86.Build.0 = Release|Any CPU
	EndGlobalSection
EndGlobal
