
Microsoft Visual Studio Solution File, Format Version 12.00
# Visual Studio Version 16
VisualStudioVersion = 16.0.30309.148
MinimumVisualStudioVersion = 10.0.40219.1
Project("{490C0C7D-A357-470B-98C3-9EBC907BC84E}") = "Azure.ResourceManager.ServiceFabricMesh", "src\Azure.ResourceManager.ServiceFabricMesh.csproj", "{36A9CB01-FF9D-4054-B4F6-26F52E095A55}"
EndProject
Project("{490C0C7D-A357-470B-98C3-9EBC907BC84E}") = "Azure.ResourceManager.ServiceFabricMesh.Tests", "mocktests\Azure.ResourceManager.ServiceFabricMesh.Tests.csproj", "{8DFC09B5-F5E6-4AD3-8078-A8F8CE3B87A6}"
EndProject
Project("{490C0C7D-A357-470B-98C3-9EBC907BC84E}") = "Azure.Core.TestFramework", "..\..\core\Azure.Core.TestFramework\src\Azure.Core.TestFramework.csproj", "{D834F7AA-20E1-4A74-8474-6E367332E3EB}"
EndProject
Project("{490C0C7D-A357-470B-98C3-9EBC907BC84E}") = "Azure.Core", "..\..\core\Azure.Core\src\Azure.Core.csproj", "{91F4FCC0-AEB7-4FEC-B3C2-7A3F9764CB51}"
EndProject
Global
	GlobalSection(SolutionProperties) = preSolution
		HideSolutionNode = FALSE
	EndGlobalSection
	GlobalSection(ExtensibilityGlobals) = postSolution
		SolutionGuid = {3C931197-19A9-43AC-B6A4-1F4114EBEE22}
	EndGlobalSection
	GlobalSection(SolutionConfigurationPlatforms) = preSolution
		Debug|Any CPU = Debug|Any CPU
		Debug|x64 = Debug|x64
		Debug|x86 = Debug|x86
		Release|Any CPU = Release|Any CPU
		Release|x64 = Release|x64
		Release|x86 = Release|x86
	EndGlobalSection
	GlobalSection(ProjectConfigurationPlatforms) = postSolution
		{36A9CB01-FF9D-4054-B4F6-26F52E095A55}.Debug|Any CPU.ActiveCfg = Debug|Any CPU
		{36A9CB01-FF9D-4054-B4F6-26F52E095A55}.Debug|Any CPU.Build.0 = Debug|Any CPU
		{36A9CB01-FF9D-4054-B4F6-26F52E095A55}.Debug|x64.ActiveCfg = Debug|Any CPU
		{36A9CB01-FF9D-4054-B4F6-26F52E095A55}.Debug|x64.Build.0 = Debug|Any CPU
		{36A9CB01-FF9D-4054-B4F6-26F52E095A55}.Debug|x86.ActiveCfg = Debug|Any CPU
		{36A9CB01-FF9D-4054-B4F6-26F52E095A55}.Debug|x86.Build.0 = Debug|Any CPU
		{36A9CB01-FF9D-4054-B4F6-26F52E095A55}.Release|Any CPU.ActiveCfg = Release|Any CPU
		{36A9CB01-FF9D-4054-B4F6-26F52E095A55}.Release|Any CPU.Build.0 = Release|Any CPU
		{36A9CB01-FF9D-4054-B4F6-26F52E095A55}.Release|x64.ActiveCfg = Release|Any CPU
		{36A9CB01-FF9D-4054-B4F6-26F52E095A55}.Release|x64.Build.0 = Release|Any CPU
		{36A9CB01-FF9D-4054-B4F6-26F52E095A55}.Release|x86.ActiveCfg = Release|Any CPU
		{36A9CB01-FF9D-4054-B4F6-26F52E095A55}.Release|x86.Build.0 = Release|Any CPU
		{8DFC09B5-F5E6-4AD3-8078-A8F8CE3B87A6}.Debug|Any CPU.ActiveCfg = Debug|Any CPU
		{8DFC09B5-F5E6-4AD3-8078-A8F8CE3B87A6}.Debug|Any CPU.Build.0 = Debug|Any CPU
		{8DFC09B5-F5E6-4AD3-8078-A8F8CE3B87A6}.Debug|x64.ActiveCfg = Debug|Any CPU
		{8DFC09B5-F5E6-4AD3-8078-A8F8CE3B87A6}.Debug|x64.Build.0 = Debug|Any CPU
		{8DFC09B5-F5E6-4AD3-8078-A8F8CE3B87A6}.Debug|x86.ActiveCfg = Debug|Any CPU
		{8DFC09B5-F5E6-4AD3-8078-A8F8CE3B87A6}.Debug|x86.Build.0 = Debug|Any CPU
		{8DFC09B5-F5E6-4AD3-8078-A8F8CE3B87A6}.Release|Any CPU.ActiveCfg = Release|Any CPU
		{8DFC09B5-F5E6-4AD3-8078-A8F8CE3B87A6}.Release|Any CPU.Build.0 = Release|Any CPU
		{8DFC09B5-F5E6-4AD3-8078-A8F8CE3B87A6}.Release|x64.ActiveCfg = Release|Any CPU
		{8DFC09B5-F5E6-4AD3-8078-A8F8CE3B87A6}.Release|x64.Build.0 = Release|Any CPU
		{8DFC09B5-F5E6-4AD3-8078-A8F8CE3B87A6}.Release|x86.ActiveCfg = Release|Any CPU
		{8DFC09B5-F5E6-4AD3-8078-A8F8CE3B87A6}.Release|x86.Build.0 = Release|Any CPU
	EndGlobalSection
EndGlobal
