
Microsoft Visual Studio Solution File, Format Version 12.00
# Visual Studio Version 16
VisualStudioVersion = 16.0.30309.148
MinimumVisualStudioVersion = 10.0.40219.1
Project("{E11E93B2-38E0-4C8B-85FF-E8ADE2C4BB0E}") = "Azure.ResourceManager.DataMigration", "src\Azure.ResourceManager.DataMigration.csproj", "{0C20211D-DF25-4817-BF5B-9D4F459AD799}"
EndProject
Project("{E11E93B2-38E0-4C8B-85FF-E8ADE2C4BB0E}") = "Azure.ResourceManager.DataMigration.Tests", "mocktests\Azure.ResourceManager.DataMigration.Tests.csproj", "{1FF8D58E-2388-4C0B-8E26-AE4E4A0B0D28}"
EndProject
Project("{E11E93B2-38E0-4C8B-85FF-E8ADE2C4BB0E}") = "Azure.Core.TestFramework", "..\..\core\Azure.Core.TestFramework\src\Azure.Core.TestFramework.csproj", "{D834F7AA-20E1-4A74-8474-6E367332E3EB}"
EndProject
Project("{E11E93B2-38E0-4C8B-85FF-E8ADE2C4BB0E}") = "Azure.Core", "..\..\core\Azure.Core\src\Azure.Core.csproj", "{91F4FCC0-AEB7-4FEC-B3C2-7A3F9764CB51}"
EndProject
Global
	GlobalSection(SolutionProperties) = preSolution
		HideSolutionNode = FALSE
	EndGlobalSection
	GlobalSection(ExtensibilityGlobals) = postSolution
		SolutionGuid = {CBDD9716-47AE-4D39-A55B-9678EECC9254}
	EndGlobalSection
	GlobalSection(SolutionConfigurationPlatforms) = preSolution
		Debug|Any CPU = Debug|Any CPU
		Debug|x64 = Debug|x64
		Debug|x86 = Debug|x86
		Release|Any CPU = Release|Any CPU
		Release|x64 = Release|x64
		Release|x86 = Release|x86
	EndGlobalSection
	GlobalSection(ProjectConfigurationPlatforms) = postSolution
		{0C20211D-DF25-4817-BF5B-9D4F459AD799}.Debug|Any CPU.ActiveCfg = Debug|Any CPU
		{0C20211D-DF25-4817-BF5B-9D4F459AD799}.Debug|Any CPU.Build.0 = Debug|Any CPU
		{0C20211D-DF25-4817-BF5B-9D4F459AD799}.Debug|x64.ActiveCfg = Debug|Any CPU
		{0C20211D-DF25-4817-BF5B-9D4F459AD799}.Debug|x64.Build.0 = Debug|Any CPU
		{0C20211D-DF25-4817-BF5B-9D4F459AD799}.Debug|x86.ActiveCfg = Debug|Any CPU
		{0C20211D-DF25-4817-BF5B-9D4F459AD799}.Debug|x86.Build.0 = Debug|Any CPU
		{0C20211D-DF25-4817-BF5B-9D4F459AD799}.Release|Any CPU.ActiveCfg = Release|Any CPU
		{0C20211D-DF25-4817-BF5B-9D4F459AD799}.Release|Any CPU.Build.0 = Release|Any CPU
		{0C20211D-DF25-4817-BF5B-9D4F459AD799}.Release|x64.ActiveCfg = Release|Any CPU
		{0C20211D-DF25-4817-BF5B-9D4F459AD799}.Release|x64.Build.0 = Release|Any CPU
		{0C20211D-DF25-4817-BF5B-9D4F459AD799}.Release|x86.ActiveCfg = Release|Any CPU
		{0C20211D-DF25-4817-BF5B-9D4F459AD799}.Release|x86.Build.0 = Release|Any CPU
		{1FF8D58E-2388-4C0B-8E26-AE4E4A0B0D28}.Debug|Any CPU.ActiveCfg = Debug|Any CPU
		{1FF8D58E-2388-4C0B-8E26-AE4E4A0B0D28}.Debug|Any CPU.Build.0 = Debug|Any CPU
		{1FF8D58E-2388-4C0B-8E26-AE4E4A0B0D28}.Debug|x64.ActiveCfg = Debug|Any CPU
		{1FF8D58E-2388-4C0B-8E26-AE4E4A0B0D28}.Debug|x64.Build.0 = Debug|Any CPU
		{1FF8D58E-2388-4C0B-8E26-AE4E4A0B0D28}.Debug|x86.ActiveCfg = Debug|Any CPU
		{1FF8D58E-2388-4C0B-8E26-AE4E4A0B0D28}.Debug|x86.Build.0 = Debug|Any CPU
		{1FF8D58E-2388-4C0B-8E26-AE4E4A0B0D28}.Release|Any CPU.ActiveCfg = Release|Any CPU
		{1FF8D58E-2388-4C0B-8E26-AE4E4A0B0D28}.Release|Any CPU.Build.0 = Release|Any CPU
		{1FF8D58E-2388-4C0B-8E26-AE4E4A0B0D28}.Release|x64.ActiveCfg = Release|Any CPU
		{1FF8D58E-2388-4C0B-8E26-AE4E4A0B0D28}.Release|x64.Build.0 = Release|Any CPU
		{1FF8D58E-2388-4C0B-8E26-AE4E4A0B0D28}.Release|x86.ActiveCfg = Release|Any CPU
		{1FF8D58E-2388-4C0B-8E26-AE4E4A0B0D28}.Release|x86.Build.0 = Release|Any CPU
	EndGlobalSection
EndGlobal
