
Microsoft Visual Studio Solution File, Format Version 12.00
# Visual Studio Version 16
VisualStudioVersion = 16.0.30309.148
MinimumVisualStudioVersion = 10.0.40219.1
Project("{EB2640DE-8D4F-4553-BEFF-E174C43A64A0}") = "Azure.ResourceManager.ResourceManager", "src\Azure.ResourceManager.ResourceManager.csproj", "{59B146F7-5898-4C08-9790-5EDB352AB200}"
EndProject
Project("{EB2640DE-8D4F-4553-BEFF-E174C43A64A0}") = "Azure.ResourceManager.ResourceManager.Tests", "mocktests\Azure.ResourceManager.ResourceManager.Tests.csproj", "{81129D6A-0448-4960-8441-D96C3A52E43D}"
EndProject
Project("{EB2640DE-8D4F-4553-BEFF-E174C43A64A0}") = "Azure.Core.TestFramework", "..\..\core\Azure.Core.TestFramework\src\Azure.Core.TestFramework.csproj", "{D834F7AA-20E1-4A74-8474-6E367332E3EB}"
EndProject
Project("{EB2640DE-8D4F-4553-BEFF-E174C43A64A0}") = "Azure.Core", "..\..\core\Azure.Core\src\Azure.Core.csproj", "{91F4FCC0-AEB7-4FEC-B3C2-7A3F9764CB51}"
EndProject
Global
	GlobalSection(SolutionProperties) = preSolution
		HideSolutionNode = FALSE
	EndGlobalSection
	GlobalSection(ExtensibilityGlobals) = postSolution
		SolutionGuid = {F1BF59EC-70EB-4CDB-BC31-71D8ACAE8E72}
	EndGlobalSection
	GlobalSection(SolutionConfigurationPlatforms) = preSolution
		Debug|Any CPU = Debug|Any CPU
		Debug|x64 = Debug|x64
		Debug|x86 = Debug|x86
		Release|Any CPU = Release|Any CPU
		Release|x64 = Release|x64
		Release|x86 = Release|x86
	EndGlobalSection
	GlobalSection(ProjectConfigurationPlatforms) = postSolution
		{59B146F7-5898-4C08-9790-5EDB352AB200}.Debug|Any CPU.ActiveCfg = Debug|Any CPU
		{59B146F7-5898-4C08-9790-5EDB352AB200}.Debug|Any CPU.Build.0 = Debug|Any CPU
		{59B146F7-5898-4C08-9790-5EDB352AB200}.Debug|x64.ActiveCfg = Debug|Any CPU
		{59B146F7-5898-4C08-9790-5EDB352AB200}.Debug|x64.Build.0 = Debug|Any CPU
		{59B146F7-5898-4C08-9790-5EDB352AB200}.Debug|x86.ActiveCfg = Debug|Any CPU
		{59B146F7-5898-4C08-9790-5EDB352AB200}.Debug|x86.Build.0 = Debug|Any CPU
		{59B146F7-5898-4C08-9790-5EDB352AB200}.Release|Any CPU.ActiveCfg = Release|Any CPU
		{59B146F7-5898-4C08-9790-5EDB352AB200}.Release|Any CPU.Build.0 = Release|Any CPU
		{59B146F7-5898-4C08-9790-5EDB352AB200}.Release|x64.ActiveCfg = Release|Any CPU
		{59B146F7-5898-4C08-9790-5EDB352AB200}.Release|x64.Build.0 = Release|Any CPU
		{59B146F7-5898-4C08-9790-5EDB352AB200}.Release|x86.ActiveCfg = Release|Any CPU
		{59B146F7-5898-4C08-9790-5EDB352AB200}.Release|x86.Build.0 = Release|Any CPU
		{81129D6A-0448-4960-8441-D96C3A52E43D}.Debug|Any CPU.ActiveCfg = Debug|Any CPU
		{81129D6A-0448-4960-8441-D96C3A52E43D}.Debug|Any CPU.Build.0 = Debug|Any CPU
		{81129D6A-0448-4960-8441-D96C3A52E43D}.Debug|x64.ActiveCfg = Debug|Any CPU
		{81129D6A-0448-4960-8441-D96C3A52E43D}.Debug|x64.Build.0 = Debug|Any CPU
		{81129D6A-0448-4960-8441-D96C3A52E43D}.Debug|x86.ActiveCfg = Debug|Any CPU
		{81129D6A-0448-4960-8441-D96C3A52E43D}.Debug|x86.Build.0 = Debug|Any CPU
		{81129D6A-0448-4960-8441-D96C3A52E43D}.Release|Any CPU.ActiveCfg = Release|Any CPU
		{81129D6A-0448-4960-8441-D96C3A52E43D}.Release|Any CPU.Build.0 = Release|Any CPU
		{81129D6A-0448-4960-8441-D96C3A52E43D}.Release|x64.ActiveCfg = Release|Any CPU
		{81129D6A-0448-4960-8441-D96C3A52E43D}.Release|x64.Build.0 = Release|Any CPU
		{81129D6A-0448-4960-8441-D96C3A52E43D}.Release|x86.ActiveCfg = Release|Any CPU
		{81129D6A-0448-4960-8441-D96C3A52E43D}.Release|x86.Build.0 = Release|Any CPU
	EndGlobalSection
EndGlobal
