
Microsoft Visual Studio Solution File, Format Version 12.00
# Visual Studio Version 16
VisualStudioVersion = 16.0.30309.148
MinimumVisualStudioVersion = 10.0.40219.1
Project("{8AB14BC0-CE81-4A01-9D80-09B51314B63E}") = "Azure.ResourceManager.DevSpaces", "src\Azure.ResourceManager.DevSpaces.csproj", "{8954BB63-C5EF-48E2-9102-63128ADBDAC5}"
EndProject
Project("{8AB14BC0-CE81-4A01-9D80-09B51314B63E}") = "Azure.ResourceManager.DevSpaces.Tests", "tests\Azure.ResourceManager.DevSpaces.Tests.csproj", "{CFF8D907-AA06-49ED-8AF6-4157D798A974}"
EndProject
Project("{8AB14BC0-CE81-4A01-9D80-09B51314B63E}") = "Azure.Core.TestFramework", "..\..\core\Azure.Core.TestFramework\src\Azure.Core.TestFramework.csproj", "{D834F7AA-20E1-4A74-8474-6E367332E3EB}"
EndProject
Project("{8AB14BC0-CE81-4A01-9D80-09B51314B63E}") = "Azure.Core", "..\..\core\Azure.Core\src\Azure.Core.csproj", "{91F4FCC0-AEB7-4FEC-B3C2-7A3F9764CB51}"
EndProject
Global
	GlobalSection(SolutionProperties) = preSolution
		HideSolutionNode = FALSE
	EndGlobalSection
	GlobalSection(ExtensibilityGlobals) = postSolution
		SolutionGuid = {C30795D9-F100-4341-8A6F-F63665331A25}
	EndGlobalSection
	GlobalSection(SolutionConfigurationPlatforms) = preSolution
		Debug|Any CPU = Debug|Any CPU
		Debug|x64 = Debug|x64
		Debug|x86 = Debug|x86
		Release|Any CPU = Release|Any CPU
		Release|x64 = Release|x64
		Release|x86 = Release|x86
	EndGlobalSection
	GlobalSection(ProjectConfigurationPlatforms) = postSolution
		{8954BB63-C5EF-48E2-9102-63128ADBDAC5}.Debug|Any CPU.ActiveCfg = Debug|Any CPU
		{8954BB63-C5EF-48E2-9102-63128ADBDAC5}.Debug|Any CPU.Build.0 = Debug|Any CPU
		{8954BB63-C5EF-48E2-9102-63128ADBDAC5}.Debug|x64.ActiveCfg = Debug|Any CPU
		{8954BB63-C5EF-48E2-9102-63128ADBDAC5}.Debug|x64.Build.0 = Debug|Any CPU
		{8954BB63-C5EF-48E2-9102-63128ADBDAC5}.Debug|x86.ActiveCfg = Debug|Any CPU
		{8954BB63-C5EF-48E2-9102-63128ADBDAC5}.Debug|x86.Build.0 = Debug|Any CPU
		{8954BB63-C5EF-48E2-9102-63128ADBDAC5}.Release|Any CPU.ActiveCfg = Release|Any CPU
		{8954BB63-C5EF-48E2-9102-63128ADBDAC5}.Release|Any CPU.Build.0 = Release|Any CPU
		{8954BB63-C5EF-48E2-9102-63128ADBDAC5}.Release|x64.ActiveCfg = Release|Any CPU
		{8954BB63-C5EF-48E2-9102-63128ADBDAC5}.Release|x64.Build.0 = Release|Any CPU
		{8954BB63-C5EF-48E2-9102-63128ADBDAC5}.Release|x86.ActiveCfg = Release|Any CPU
		{8954BB63-C5EF-48E2-9102-63128ADBDAC5}.Release|x86.Build.0 = Release|Any CPU
		{CFF8D907-AA06-49ED-8AF6-4157D798A974}.Debug|Any CPU.ActiveCfg = Debug|Any CPU
		{CFF8D907-AA06-49ED-8AF6-4157D798A974}.Debug|Any CPU.Build.0 = Debug|Any CPU
		{CFF8D907-AA06-49ED-8AF6-4157D798A974}.Debug|x64.ActiveCfg = Debug|Any CPU
		{CFF8D907-AA06-49ED-8AF6-4157D798A974}.Debug|x64.Build.0 = Debug|Any CPU
		{CFF8D907-AA06-49ED-8AF6-4157D798A974}.Debug|x86.ActiveCfg = Debug|Any CPU
		{CFF8D907-AA06-49ED-8AF6-4157D798A974}.Debug|x86.Build.0 = Debug|Any CPU
		{CFF8D907-AA06-49ED-8AF6-4157D798A974}.Release|Any CPU.ActiveCfg = Release|Any CPU
		{CFF8D907-AA06-49ED-8AF6-4157D798A974}.Release|Any CPU.Build.0 = Release|Any CPU
		{CFF8D907-AA06-49ED-8AF6-4157D798A974}.Release|x64.ActiveCfg = Release|Any CPU
		{CFF8D907-AA06-49ED-8AF6-4157D798A974}.Release|x64.Build.0 = Release|Any CPU
		{CFF8D907-AA06-49ED-8AF6-4157D798A974}.Release|x86.ActiveCfg = Release|Any CPU
		{CFF8D907-AA06-49ED-8AF6-4157D798A974}.Release|x86.Build.0 = Release|Any CPU
	EndGlobalSection
EndGlobal
