
Microsoft Visual Studio Solution File, Format Version 12.00
# Visual Studio Version 16
VisualStudioVersion = 16.0.30309.148
MinimumVisualStudioVersion = 10.0.40219.1
Project("{B2A09415-3ADF-48D5-9349-31B42486FCDB}") = "Azure.ResourceManager.Quota", "src\Azure.ResourceManager.Quota.csproj", "{DF4EE55B-52CC-4EE8-BA37-6D7562225E49}"
EndProject
Project("{B2A09415-3ADF-48D5-9349-31B42486FCDB}") = "Azure.ResourceManager.Quota.Tests", "mocktests\Azure.ResourceManager.Quota.Tests.csproj", "{B3BC9D4A-A560-459F-802A-9521BBEC7983}"
EndProject
Project("{B2A09415-3ADF-48D5-9349-31B42486FCDB}") = "Azure.Core.TestFramework", "..\..\core\Azure.Core.TestFramework\src\Azure.Core.TestFramework.csproj", "{D834F7AA-20E1-4A74-8474-6E367332E3EB}"
EndProject
Project("{B2A09415-3ADF-48D5-9349-31B42486FCDB}") = "Azure.Core", "..\..\core\Azure.Core\src\Azure.Core.csproj", "{91F4FCC0-AEB7-4FEC-B3C2-7A3F9764CB51}"
EndProject
Global
	GlobalSection(SolutionProperties) = preSolution
		HideSolutionNode = FALSE
	EndGlobalSection
	GlobalSection(ExtensibilityGlobals) = postSolution
		SolutionGuid = {283D45C5-FDB5-44B0-947A-ED48D49F3663}
	EndGlobalSection
	GlobalSection(SolutionConfigurationPlatforms) = preSolution
		Debug|Any CPU = Debug|Any CPU
		Debug|x64 = Debug|x64
		Debug|x86 = Debug|x86
		Release|Any CPU = Release|Any CPU
		Release|x64 = Release|x64
		Release|x86 = Release|x86
	EndGlobalSection
	GlobalSection(ProjectConfigurationPlatforms) = postSolution
		{DF4EE55B-52CC-4EE8-BA37-6D7562225E49}.Debug|Any CPU.ActiveCfg = Debug|Any CPU
		{DF4EE55B-52CC-4EE8-BA37-6D7562225E49}.Debug|Any CPU.Build.0 = Debug|Any CPU
		{DF4EE55B-52CC-4EE8-BA37-6D7562225E49}.Debug|x64.ActiveCfg = Debug|Any CPU
		{DF4EE55B-52CC-4EE8-BA37-6D7562225E49}.Debug|x64.Build.0 = Debug|Any CPU
		{DF4EE55B-52CC-4EE8-BA37-6D7562225E49}.Debug|x86.ActiveCfg = Debug|Any CPU
		{DF4EE55B-52CC-4EE8-BA37-6D7562225E49}.Debug|x86.Build.0 = Debug|Any CPU
		{DF4EE55B-52CC-4EE8-BA37-6D7562225E49}.Release|Any CPU.ActiveCfg = Release|Any CPU
		{DF4EE55B-52CC-4EE8-BA37-6D7562225E49}.Release|Any CPU.Build.0 = Release|Any CPU
		{DF4EE55B-52CC-4EE8-BA37-6D7562225E49}.Release|x64.ActiveCfg = Release|Any CPU
		{DF4EE55B-52CC-4EE8-BA37-6D7562225E49}.Release|x64.Build.0 = Release|Any CPU
		{DF4EE55B-52CC-4EE8-BA37-6D7562225E49}.Release|x86.ActiveCfg = Release|Any CPU
		{DF4EE55B-52CC-4EE8-BA37-6D7562225E49}.Release|x86.Build.0 = Release|Any CPU
		{B3BC9D4A-A560-459F-802A-9521BBEC7983}.Debug|Any CPU.ActiveCfg = Debug|Any CPU
		{B3BC9D4A-A560-459F-802A-9521BBEC7983}.Debug|Any CPU.Build.0 = Debug|Any CPU
		{B3BC9D4A-A560-459F-802A-9521BBEC7983}.Debug|x64.ActiveCfg = Debug|Any CPU
		{B3BC9D4A-A560-459F-802A-9521BBEC7983}.Debug|x64.Build.0 = Debug|Any CPU
		{B3BC9D4A-A560-459F-802A-9521BBEC7983}.Debug|x86.ActiveCfg = Debug|Any CPU
		{B3BC9D4A-A560-459F-802A-9521BBEC7983}.Debug|x86.Build.0 = Debug|Any CPU
		{B3BC9D4A-A560-459F-802A-9521BBEC7983}.Release|Any CPU.ActiveCfg = Release|Any CPU
		{B3BC9D4A-A560-459F-802A-9521BBEC7983}.Release|Any CPU.Build.0 = Release|Any CPU
		{B3BC9D4A-A560-459F-802A-9521BBEC7983}.Release|x64.ActiveCfg = Release|Any CPU
		{B3BC9D4A-A560-459F-802A-9521BBEC7983}.Release|x64.Build.0 = Release|Any CPU
		{B3BC9D4A-A560-459F-802A-9521BBEC7983}.Release|x86.ActiveCfg = Release|Any CPU
		{B3BC9D4A-A560-459F-802A-9521BBEC7983}.Release|x86.Build.0 = Release|Any CPU
	EndGlobalSection
EndGlobal
