
Microsoft Visual Studio Solution File, Format Version 12.00
# Visual Studio Version 16
VisualStudioVersion = 16.0.30309.148
MinimumVisualStudioVersion = 10.0.40219.1
Project("{BB63B057-C7D9-45B9-9810-865058C91CC0}") = "Azure.ResourceManager.OperationalInsights", "src\Azure.ResourceManager.OperationalInsights.csproj", "{4447FD92-83FF-4859-8107-A1F94392106B}"
EndProject
Project("{BB63B057-C7D9-45B9-9810-865058C91CC0}") = "Azure.ResourceManager.OperationalInsights.Tests", "tests\Azure.ResourceManager.OperationalInsights.Tests.csproj", "{AEF1282E-4609-4FDD-A6AC-FCDD8B36BEDD}"
EndProject
Project("{BB63B057-C7D9-45B9-9810-865058C91CC0}") = "Azure.Core.TestFramework", "..\..\core\Azure.Core.TestFramework\src\Azure.Core.TestFramework.csproj", "{D834F7AA-20E1-4A74-8474-6E367332E3EB}"
EndProject
Project("{BB63B057-C7D9-45B9-9810-865058C91CC0}") = "Azure.Core", "..\..\core\Azure.Core\src\Azure.Core.csproj", "{91F4FCC0-AEB7-4FEC-B3C2-7A3F9764CB51}"
EndProject
Global
	GlobalSection(SolutionProperties) = preSolution
		HideSolutionNode = FALSE
	EndGlobalSection
	GlobalSection(ExtensibilityGlobals) = postSolution
		SolutionGuid = {7ED0F918-75E2-45A5-8643-8936081AC6D9}
	EndGlobalSection
	GlobalSection(SolutionConfigurationPlatforms) = preSolution
		Debug|Any CPU = Debug|Any CPU
		Debug|x64 = Debug|x64
		Debug|x86 = Debug|x86
		Release|Any CPU = Release|Any CPU
		Release|x64 = Release|x64
		Release|x86 = Release|x86
	EndGlobalSection
	GlobalSection(ProjectConfigurationPlatforms) = postSolution
		{4447FD92-83FF-4859-8107-A1F94392106B}.Debug|Any CPU.ActiveCfg = Debug|Any CPU
		{4447FD92-83FF-4859-8107-A1F94392106B}.Debug|Any CPU.Build.0 = Debug|Any CPU
		{4447FD92-83FF-4859-8107-A1F94392106B}.Debug|x64.ActiveCfg = Debug|Any CPU
		{4447FD92-83FF-4859-8107-A1F94392106B}.Debug|x64.Build.0 = Debug|Any CPU
		{4447FD92-83FF-4859-8107-A1F94392106B}.Debug|x86.ActiveCfg = Debug|Any CPU
		{4447FD92-83FF-4859-8107-A1F94392106B}.Debug|x86.Build.0 = Debug|Any CPU
		{4447FD92-83FF-4859-8107-A1F94392106B}.Release|Any CPU.ActiveCfg = Release|Any CPU
		{4447FD92-83FF-4859-8107-A1F94392106B}.Release|Any CPU.Build.0 = Release|Any CPU
		{4447FD92-83FF-4859-8107-A1F94392106B}.Release|x64.ActiveCfg = Release|Any CPU
		{4447FD92-83FF-4859-8107-A1F94392106B}.Release|x64.Build.0 = Release|Any CPU
		{4447FD92-83FF-4859-8107-A1F94392106B}.Release|x86.ActiveCfg = Release|Any CPU
		{4447FD92-83FF-4859-8107-A1F94392106B}.Release|x86.Build.0 = Release|Any CPU
		{AEF1282E-4609-4FDD-A6AC-FCDD8B36BEDD}.Debug|Any CPU.ActiveCfg = Debug|Any CPU
		{AEF1282E-4609-4FDD-A6AC-FCDD8B36BEDD}.Debug|Any CPU.Build.0 = Debug|Any CPU
		{AEF1282E-4609-4FDD-A6AC-FCDD8B36BEDD}.Debug|x64.ActiveCfg = Debug|Any CPU
		{AEF1282E-4609-4FDD-A6AC-FCDD8B36BEDD}.Debug|x64.Build.0 = Debug|Any CPU
		{AEF1282E-4609-4FDD-A6AC-FCDD8B36BEDD}.Debug|x86.ActiveCfg = Debug|Any CPU
		{AEF1282E-4609-4FDD-A6AC-FCDD8B36BEDD}.Debug|x86.Build.0 = Debug|Any CPU
		{AEF1282E-4609-4FDD-A6AC-FCDD8B36BEDD}.Release|Any CPU.ActiveCfg = Release|Any CPU
		{AEF1282E-4609-4FDD-A6AC-FCDD8B36BEDD}.Release|Any CPU.Build.0 = Release|Any CPU
		{AEF1282E-4609-4FDD-A6AC-FCDD8B36BEDD}.Release|x64.ActiveCfg = Release|Any CPU
		{AEF1282E-4609-4FDD-A6AC-FCDD8B36BEDD}.Release|x64.Build.0 = Release|Any CPU
		{AEF1282E-4609-4FDD-A6AC-FCDD8B36BEDD}.Release|x86.ActiveCfg = Release|Any CPU
		{AEF1282E-4609-4FDD-A6AC-FCDD8B36BEDD}.Release|x86.Build.0 = Release|Any CPU
	EndGlobalSection
EndGlobal
