
Microsoft Visual Studio Solution File, Format Version 12.00
# Visual Studio Version 16
VisualStudioVersion = 16.0.30309.148
MinimumVisualStudioVersion = 10.0.40219.1
Project("{7ADB99B6-E2F7-4BF4-939B-09FF1CA81776}") = "Azure.ResourceManager.Logz", "src\Azure.ResourceManager.Logz.csproj", "{92B8D74B-4F3F-4C72-A418-97449C0E5C2D}"
EndProject
Project("{7ADB99B6-E2F7-4BF4-939B-09FF1CA81776}") = "Azure.ResourceManager.Logz.Tests", "tests\Azure.ResourceManager.Logz.Tests.csproj", "{4CFE05AE-7B34-4CC4-BCBE-F2AE2D55AFAE}"
EndProject
Project("{7ADB99B6-E2F7-4BF4-939B-09FF1CA81776}") = "Azure.Core.TestFramework", "..\..\core\Azure.Core.TestFramework\src\Azure.Core.TestFramework.csproj", "{D834F7AA-20E1-4A74-8474-6E367332E3EB}"
EndProject
Project("{7ADB99B6-E2F7-4BF4-939B-09FF1CA81776}") = "Azure.Core", "..\..\core\Azure.Core\src\Azure.Core.csproj", "{91F4FCC0-AEB7-4FEC-B3C2-7A3F9764CB51}"
EndProject
Global
	GlobalSection(SolutionProperties) = preSolution
		HideSolutionNode = FALSE
	EndGlobalSection
	GlobalSection(ExtensibilityGlobals) = postSolution
		SolutionGuid = {998974CE-CFC8-465D-81BF-81BE2D1A137C}
	EndGlobalSection
	GlobalSection(SolutionConfigurationPlatforms) = preSolution
		Debug|Any CPU = Debug|Any CPU
		Debug|x64 = Debug|x64
		Debug|x86 = Debug|x86
		Release|Any CPU = Release|Any CPU
		Release|x64 = Release|x64
		Release|x86 = Release|x86
	EndGlobalSection
	GlobalSection(ProjectConfigurationPlatforms) = postSolution
		{92B8D74B-4F3F-4C72-A418-97449C0E5C2D}.Debug|Any CPU.ActiveCfg = Debug|Any CPU
		{92B8D74B-4F3F-4C72-A418-97449C0E5C2D}.Debug|Any CPU.Build.0 = Debug|Any CPU
		{92B8D74B-4F3F-4C72-A418-97449C0E5C2D}.Debug|x64.ActiveCfg = Debug|Any CPU
		{92B8D74B-4F3F-4C72-A418-97449C0E5C2D}.Debug|x64.Build.0 = Debug|Any CPU
		{92B8D74B-4F3F-4C72-A418-97449C0E5C2D}.Debug|x86.ActiveCfg = Debug|Any CPU
		{92B8D74B-4F3F-4C72-A418-97449C0E5C2D}.Debug|x86.Build.0 = Debug|Any CPU
		{92B8D74B-4F3F-4C72-A418-97449C0E5C2D}.Release|Any CPU.ActiveCfg = Release|Any CPU
		{92B8D74B-4F3F-4C72-A418-97449C0E5C2D}.Release|Any CPU.Build.0 = Release|Any CPU
		{92B8D74B-4F3F-4C72-A418-97449C0E5C2D}.Release|x64.ActiveCfg = Release|Any CPU
		{92B8D74B-4F3F-4C72-A418-97449C0E5C2D}.Release|x64.Build.0 = Release|Any CPU
		{92B8D74B-4F3F-4C72-A418-97449C0E5C2D}.Release|x86.ActiveCfg = Release|Any CPU
		{92B8D74B-4F3F-4C72-A418-97449C0E5C2D}.Release|x86.Build.0 = Release|Any CPU
		{4CFE05AE-7B34-4CC4-BCBE-F2AE2D55AFAE}.Debug|Any CPU.ActiveCfg = Debug|Any CPU
		{4CFE05AE-7B34-4CC4-BCBE-F2AE2D55AFAE}.Debug|Any CPU.Build.0 = Debug|Any CPU
		{4CFE05AE-7B34-4CC4-BCBE-F2AE2D55AFAE}.Debug|x64.ActiveCfg = Debug|Any CPU
		{4CFE05AE-7B34-4CC4-BCBE-F2AE2D55AFAE}.Debug|x64.Build.0 = Debug|Any CPU
		{4CFE05AE-7B34-4CC4-BCBE-F2AE2D55AFAE}.Debug|x86.ActiveCfg = Debug|Any CPU
		{4CFE05AE-7B34-4CC4-BCBE-F2AE2D55AFAE}.Debug|x86.Build.0 = Debug|Any CPU
		{4CFE05AE-7B34-4CC4-BCBE-F2AE2D55AFAE}.Release|Any CPU.ActiveCfg = Release|Any CPU
		{4CFE05AE-7B34-4CC4-BCBE-F2AE2D55AFAE}.Release|Any CPU.Build.0 = Release|Any CPU
		{4CFE05AE-7B34-4CC4-BCBE-F2AE2D55AFAE}.Release|x64.ActiveCfg = Release|Any CPU
		{4CFE05AE-7B34-4CC4-BCBE-F2AE2D55AFAE}.Release|x64.Build.0 = Release|Any CPU
		{4CFE05AE-7B34-4CC4-BCBE-F2AE2D55AFAE}.Release|x86.ActiveCfg = Release|Any CPU
		{4CFE05AE-7B34-4CC4-BCBE-F2AE2D55AFAE}.Release|x86.Build.0 = Release|Any CPU
	EndGlobalSection
EndGlobal
