
Microsoft Visual Studio Solution File, Format Version 12.00
# Visual Studio Version 16
VisualStudioVersion = 16.0.30309.148
MinimumVisualStudioVersion = 10.0.40219.1
Project("{4B07583D-E6E6-4B07-8ADD-4920BDCFFDEB}") = "Azure.ResourceManager.ContainerRegistry", "src\Azure.ResourceManager.ContainerRegistry.csproj", "{15B01EED-656E-4EF0-A9D6-DB5FCD2995B7}"
EndProject
Project("{4B07583D-E6E6-4B07-8ADD-4920BDCFFDEB}") = "Azure.ResourceManager.ContainerRegistry.Tests", "mocktests\Azure.ResourceManager.ContainerRegistry.Tests.csproj", "{3AF907CF-B681-4AA3-BB74-4489711CD502}"
EndProject
Project("{4B07583D-E6E6-4B07-8ADD-4920BDCFFDEB}") = "Azure.Core.TestFramework", "..\..\core\Azure.Core.TestFramework\src\Azure.Core.TestFramework.csproj", "{D834F7AA-20E1-4A74-8474-6E367332E3EB}"
EndProject
Project("{4B07583D-E6E6-4B07-8ADD-4920BDCFFDEB}") = "Azure.Core", "..\..\core\Azure.Core\src\Azure.Core.csproj", "{91F4FCC0-AEB7-4FEC-B3C2-7A3F9764CB51}"
EndProject
Global
	GlobalSection(SolutionProperties) = preSolution
		HideSolutionNode = FALSE
	EndGlobalSection
	GlobalSection(ExtensibilityGlobals) = postSolution
		SolutionGuid = {5769D8D7-0F64-4C10-B725-8D899B7C5672}
	EndGlobalSection
	GlobalSection(SolutionConfigurationPlatforms) = preSolution
		Debug|Any CPU = Debug|Any CPU
		Debug|x64 = Debug|x64
		Debug|x86 = Debug|x86
		Release|Any CPU = Release|Any CPU
		Release|x64 = Release|x64
		Release|x86 = Release|x86
	EndGlobalSection
	GlobalSection(ProjectConfigurationPlatforms) = postSolution
		{15B01EED-656E-4EF0-A9D6-DB5FCD2995B7}.Debug|Any CPU.ActiveCfg = Debug|Any CPU
		{15B01EED-656E-4EF0-A9D6-DB5FCD2995B7}.Debug|Any CPU.Build.0 = Debug|Any CPU
		{15B01EED-656E-4EF0-A9D6-DB5FCD2995B7}.Debug|x64.ActiveCfg = Debug|Any CPU
		{15B01EED-656E-4EF0-A9D6-DB5FCD2995B7}.Debug|x64.Build.0 = Debug|Any CPU
		{15B01EED-656E-4EF0-A9D6-DB5FCD2995B7}.Debug|x86.ActiveCfg = Debug|Any CPU
		{15B01EED-656E-4EF0-A9D6-DB5FCD2995B7}.Debug|x86.Build.0 = Debug|Any CPU
		{15B01EED-656E-4EF0-A9D6-DB5FCD2995B7}.Release|Any CPU.ActiveCfg = Release|Any CPU
		{15B01EED-656E-4EF0-A9D6-DB5FCD2995B7}.Release|Any CPU.Build.0 = Release|Any CPU
		{15B01EED-656E-4EF0-A9D6-DB5FCD2995B7}.Release|x64.ActiveCfg = Release|Any CPU
		{15B01EED-656E-4EF0-A9D6-DB5FCD2995B7}.Release|x64.Build.0 = Release|Any CPU
		{15B01EED-656E-4EF0-A9D6-DB5FCD2995B7}.Release|x86.ActiveCfg = Release|Any CPU
		{15B01EED-656E-4EF0-A9D6-DB5FCD2995B7}.Release|x86.Build.0 = Release|Any CPU
		{3AF907CF-B681-4AA3-BB74-4489711CD502}.Debug|Any CPU.ActiveCfg = Debug|Any CPU
		{3AF907CF-B681-4AA3-BB74-4489711CD502}.Debug|Any CPU.Build.0 = Debug|Any CPU
		{3AF907CF-B681-4AA3-BB74-4489711CD502}.Debug|x64.ActiveCfg = Debug|Any CPU
		{3AF907CF-B681-4AA3-BB74-4489711CD502}.Debug|x64.Build.0 = Debug|Any CPU
		{3AF907CF-B681-4AA3-BB74-4489711CD502}.Debug|x86.ActiveCfg = Debug|Any CPU
		{3AF907CF-B681-4AA3-BB74-4489711CD502}.Debug|x86.Build.0 = Debug|Any CPU
		{3AF907CF-B681-4AA3-BB74-4489711CD502}.Release|Any CPU.ActiveCfg = Release|Any CPU
		{3AF907CF-B681-4AA3-BB74-4489711CD502}.Release|Any CPU.Build.0 = Release|Any CPU
		{3AF907CF-B681-4AA3-BB74-4489711CD502}.Release|x64.ActiveCfg = Release|Any CPU
		{3AF907CF-B681-4AA3-BB74-4489711CD502}.Release|x64.Build.0 = Release|Any CPU
		{3AF907CF-B681-4AA3-BB74-4489711CD502}.Release|x86.ActiveCfg = Release|Any CPU
		{3AF907CF-B681-4AA3-BB74-4489711CD502}.Release|x86.Build.0 = Release|Any CPU
	EndGlobalSection
EndGlobal
