
Microsoft Visual Studio Solution File, Format Version 12.00
# Visual Studio Version 16
VisualStudioVersion = 16.0.30309.148
MinimumVisualStudioVersion = 10.0.40219.1
Project("{B4C4F6D3-3DAC-4608-8A2A-2F83398967D7}") = "Azure.ResourceManager.MarketplaceOrdering", "src\Azure.ResourceManager.MarketplaceOrdering.csproj", "{03CA58A0-57F5-4DDE-A44F-24280D701592}"
EndProject
Project("{B4C4F6D3-3DAC-4608-8A2A-2F83398967D7}") = "Azure.ResourceManager.MarketplaceOrdering.Tests", "tests\Azure.ResourceManager.MarketplaceOrdering.Tests.csproj", "{9E16EBF2-95FF-4238-8EA1-C31E0295E390}"
EndProject
Project("{B4C4F6D3-3DAC-4608-8A2A-2F83398967D7}") = "Azure.Core.TestFramework", "..\..\core\Azure.Core.TestFramework\src\Azure.Core.TestFramework.csproj", "{D834F7AA-20E1-4A74-8474-6E367332E3EB}"
EndProject
Project("{B4C4F6D3-3DAC-4608-8A2A-2F83398967D7}") = "Azure.Core", "..\..\core\Azure.Core\src\Azure.Core.csproj", "{91F4FCC0-AEB7-4FEC-B3C2-7A3F9764CB51}"
EndProject
Global
	GlobalSection(SolutionProperties) = preSolution
		HideSolutionNode = FALSE
	EndGlobalSection
	GlobalSection(ExtensibilityGlobals) = postSolution
		SolutionGuid = {DDAFA22B-86B2-4BB0-98E7-9C80B69E4613}
	EndGlobalSection
	GlobalSection(SolutionConfigurationPlatforms) = preSolution
		Debug|Any CPU = Debug|Any CPU
		Debug|x64 = Debug|x64
		Debug|x86 = Debug|x86
		Release|Any CPU = Release|Any CPU
		Release|x64 = Release|x64
		Release|x86 = Release|x86
	EndGlobalSection
	GlobalSection(ProjectConfigurationPlatforms) = postSolution
		{03CA58A0-57F5-4DDE-A44F-24280D701592}.Debug|Any CPU.ActiveCfg = Debug|Any CPU
		{03CA58A0-57F5-4DDE-A44F-24280D701592}.Debug|Any CPU.Build.0 = Debug|Any CPU
		{03CA58A0-57F5-4DDE-A44F-24280D701592}.Debug|x64.ActiveCfg = Debug|Any CPU
		{03CA58A0-57F5-4DDE-A44F-24280D701592}.Debug|x64.Build.0 = Debug|Any CPU
		{03CA58A0-57F5-4DDE-A44F-24280D701592}.Debug|x86.ActiveCfg = Debug|Any CPU
		{03CA58A0-57F5-4DDE-A44F-24280D701592}.Debug|x86.Build.0 = Debug|Any CPU
		{03CA58A0-57F5-4DDE-A44F-24280D701592}.Release|Any CPU.ActiveCfg = Release|Any CPU
		{03CA58A0-57F5-4DDE-A44F-24280D701592}.Release|Any CPU.Build.0 = Release|Any CPU
		{03CA58A0-57F5-4DDE-A44F-24280D701592}.Release|x64.ActiveCfg = Release|Any CPU
		{03CA58A0-57F5-4DDE-A44F-24280D701592}.Release|x64.Build.0 = Release|Any CPU
		{03CA58A0-57F5-4DDE-A44F-24280D701592}.Release|x86.ActiveCfg = Release|Any CPU
		{03CA58A0-57F5-4DDE-A44F-24280D701592}.Release|x86.Build.0 = Release|Any CPU
		{9E16EBF2-95FF-4238-8EA1-C31E0295E390}.Debug|Any CPU.ActiveCfg = Debug|Any CPU
		{9E16EBF2-95FF-4238-8EA1-C31E0295E390}.Debug|Any CPU.Build.0 = Debug|Any CPU
		{9E16EBF2-95FF-4238-8EA1-C31E0295E390}.Debug|x64.ActiveCfg = Debug|Any CPU
		{9E16EBF2-95FF-4238-8EA1-C31E0295E390}.Debug|x64.Build.0 = Debug|Any CPU
		{9E16EBF2-95FF-4238-8EA1-C31E0295E390}.Debug|x86.ActiveCfg = Debug|Any CPU
		{9E16EBF2-95FF-4238-8EA1-C31E0295E390}.Debug|x86.Build.0 = Debug|Any CPU
		{9E16EBF2-95FF-4238-8EA1-C31E0295E390}.Release|Any CPU.ActiveCfg = Release|Any CPU
		{9E16EBF2-95FF-4238-8EA1-C31E0295E390}.Release|Any CPU.Build.0 = Release|Any CPU
		{9E16EBF2-95FF-4238-8EA1-C31E0295E390}.Release|x64.ActiveCfg = Release|Any CPU
		{9E16EBF2-95FF-4238-8EA1-C31E0295E390}.Release|x64.Build.0 = Release|Any CPU
		{9E16EBF2-95FF-4238-8EA1-C31E0295E390}.Release|x86.ActiveCfg = Release|Any CPU
		{9E16EBF2-95FF-4238-8EA1-C31E0295E390}.Release|x86.Build.0 = Release|Any CPU
	EndGlobalSection
EndGlobal
