
Microsoft Visual Studio Solution File, Format Version 12.00
# Visual Studio Version 16
VisualStudioVersion = 16.0.30309.148
MinimumVisualStudioVersion = 10.0.40219.1
Project("{A899C8B9-C34E-40C7-84CD-F902A267F89A}") = "Azure.ResourceManager.Search", "src\Azure.ResourceManager.Search.csproj", "{70F64455-D090-4C1B-B871-DBCB4A765677}"
EndProject
Project("{A899C8B9-C34E-40C7-84CD-F902A267F89A}") = "Azure.ResourceManager.Search.Tests", "tests\Azure.ResourceManager.Search.Tests.csproj", "{84BD2FB6-BFC8-4842-A6A1-B53B5E6601D0}"
EndProject
Project("{A899C8B9-C34E-40C7-84CD-F902A267F89A}") = "Azure.Core.TestFramework", "..\..\core\Azure.Core.TestFramework\src\Azure.Core.TestFramework.csproj", "{D834F7AA-20E1-4A74-8474-6E367332E3EB}"
EndProject
Project("{A899C8B9-C34E-40C7-84CD-F902A267F89A}") = "Azure.Core", "..\..\core\Azure.Core\src\Azure.Core.csproj", "{91F4FCC0-AEB7-4FEC-B3C2-7A3F9764CB51}"
EndProject
Global
	GlobalSection(SolutionProperties) = preSolution
		HideSolutionNode = FALSE
	EndGlobalSection
	GlobalSection(ExtensibilityGlobals) = postSolution
		SolutionGuid = {08C32289-49BF-47DD-B9A8-4DAE1EBF3FCD}
	EndGlobalSection
	GlobalSection(SolutionConfigurationPlatforms) = preSolution
		Debug|Any CPU = Debug|Any CPU
		Debug|x64 = Debug|x64
		Debug|x86 = Debug|x86
		Release|Any CPU = Release|Any CPU
		Release|x64 = Release|x64
		Release|x86 = Release|x86
	EndGlobalSection
	GlobalSection(ProjectConfigurationPlatforms) = postSolution
		{70F64455-D090-4C1B-B871-DBCB4A765677}.Debug|Any CPU.ActiveCfg = Debug|Any CPU
		{70F64455-D090-4C1B-B871-DBCB4A765677}.Debug|Any CPU.Build.0 = Debug|Any CPU
		{70F64455-D090-4C1B-B871-DBCB4A765677}.Debug|x64.ActiveCfg = Debug|Any CPU
		{70F64455-D090-4C1B-B871-DBCB4A765677}.Debug|x64.Build.0 = Debug|Any CPU
		{70F64455-D090-4C1B-B871-DBCB4A765677}.Debug|x86.ActiveCfg = Debug|Any CPU
		{70F64455-D090-4C1B-B871-DBCB4A765677}.Debug|x86.Build.0 = Debug|Any CPU
		{70F64455-D090-4C1B-B871-DBCB4A765677}.Release|Any CPU.ActiveCfg = Release|Any CPU
		{70F64455-D090-4C1B-B871-DBCB4A765677}.Release|Any CPU.Build.0 = Release|Any CPU
		{70F64455-D090-4C1B-B871-DBCB4A765677}.Release|x64.ActiveCfg = Release|Any CPU
		{70F64455-D090-4C1B-B871-DBCB4A765677}.Release|x64.Build.0 = Release|Any CPU
		{70F64455-D090-4C1B-B871-DBCB4A765677}.Release|x86.ActiveCfg = Release|Any CPU
		{70F64455-D090-4C1B-B871-DBCB4A765677}.Release|x86.Build.0 = Release|Any CPU
		{84BD2FB6-BFC8-4842-A6A1-B53B5E6601D0}.Debug|Any CPU.ActiveCfg = Debug|Any CPU
		{84BD2FB6-BFC8-4842-A6A1-B53B5E6601D0}.Debug|Any CPU.Build.0 = Debug|Any CPU
		{84BD2FB6-BFC8-4842-A6A1-B53B5E6601D0}.Debug|x64.ActiveCfg = Debug|Any CPU
		{84BD2FB6-BFC8-4842-A6A1-B53B5E6601D0}.Debug|x64.Build.0 = Debug|Any CPU
		{84BD2FB6-BFC8-4842-A6A1-B53B5E6601D0}.Debug|x86.ActiveCfg = Debug|Any CPU
		{84BD2FB6-BFC8-4842-A6A1-B53B5E6601D0}.Debug|x86.Build.0 = Debug|Any CPU
		{84BD2FB6-BFC8-4842-A6A1-B53B5E6601D0}.Release|Any CPU.ActiveCfg = Release|Any CPU
		{84BD2FB6-BFC8-4842-A6A1-B53B5E6601D0}.Release|Any CPU.Build.0 = Release|Any CPU
		{84BD2FB6-BFC8-4842-A6A1-B53B5E6601D0}.Release|x64.ActiveCfg = Release|Any CPU
		{84BD2FB6-BFC8-4842-A6A1-B53B5E6601D0}.Release|x64.Build.0 = Release|Any CPU
		{84BD2FB6-BFC8-4842-A6A1-B53B5E6601D0}.Release|x86.ActiveCfg = Release|Any CPU
		{84BD2FB6-BFC8-4842-A6A1-B53B5E6601D0}.Release|x86.Build.0 = Release|Any CPU
	EndGlobalSection
EndGlobal
