
Microsoft Visual Studio Solution File, Format Version 12.00
# Visual Studio Version 16
VisualStudioVersion = 16.0.30309.148
MinimumVisualStudioVersion = 10.0.40219.1
Project("{528FBE96-5737-4CF5-B3AD-C9D501BF836E}") = "Azure.ResourceManager.Blueprint", "src\Azure.ResourceManager.Blueprint.csproj", "{42BEA908-1A97-4776-8CE9-3AD3EAEE6D36}"
EndProject
Project("{528FBE96-5737-4CF5-B3AD-C9D501BF836E}") = "Azure.ResourceManager.Blueprint.Tests", "mocktests\Azure.ResourceManager.Blueprint.Tests.csproj", "{B011A453-6B70-4DE7-8F55-819F9B9413C8}"
EndProject
Project("{528FBE96-5737-4CF5-B3AD-C9D501BF836E}") = "Azure.Core.TestFramework", "..\..\core\Azure.Core.TestFramework\src\Azure.Core.TestFramework.csproj", "{D834F7AA-20E1-4A74-8474-6E367332E3EB}"
EndProject
Project("{528FBE96-5737-4CF5-B3AD-C9D501BF836E}") = "Azure.Core", "..\..\core\Azure.Core\src\Azure.Core.csproj", "{91F4FCC0-AEB7-4FEC-B3C2-7A3F9764CB51}"
EndProject
Global
	GlobalSection(SolutionProperties) = preSolution
		HideSolutionNode = FALSE
	EndGlobalSection
	GlobalSection(ExtensibilityGlobals) = postSolution
		SolutionGuid = {032C02AD-F6A7-4159-96C6-08AAF2215440}
	EndGlobalSection
	GlobalSection(SolutionConfigurationPlatforms) = preSolution
		Debug|Any CPU = Debug|Any CPU
		Debug|x64 = Debug|x64
		Debug|x86 = Debug|x86
		Release|Any CPU = Release|Any CPU
		Release|x64 = Release|x64
		Release|x86 = Release|x86
	EndGlobalSection
	GlobalSection(ProjectConfigurationPlatforms) = postSolution
		{42BEA908-1A97-4776-8CE9-3AD3EAEE6D36}.Debug|Any CPU.ActiveCfg = Debug|Any CPU
		{42BEA908-1A97-4776-8CE9-3AD3EAEE6D36}.Debug|Any CPU.Build.0 = Debug|Any CPU
		{42BEA908-1A97-4776-8CE9-3AD3EAEE6D36}.Debug|x64.ActiveCfg = Debug|Any CPU
		{42BEA908-1A97-4776-8CE9-3AD3EAEE6D36}.Debug|x64.Build.0 = Debug|Any CPU
		{42BEA908-1A97-4776-8CE9-3AD3EAEE6D36}.Debug|x86.ActiveCfg = Debug|Any CPU
		{42BEA908-1A97-4776-8CE9-3AD3EAEE6D36}.Debug|x86.Build.0 = Debug|Any CPU
		{42BEA908-1A97-4776-8CE9-3AD3EAEE6D36}.Release|Any CPU.ActiveCfg = Release|Any CPU
		{42BEA908-1A97-4776-8CE9-3AD3EAEE6D36}.Release|Any CPU.Build.0 = Release|Any CPU
		{42BEA908-1A97-4776-8CE9-3AD3EAEE6D36}.Release|x64.ActiveCfg = Release|Any CPU
		{42BEA908-1A97-4776-8CE9-3AD3EAEE6D36}.Release|x64.Build.0 = Release|Any CPU
		{42BEA908-1A97-4776-8CE9-3AD3EAEE6D36}.Release|x86.ActiveCfg = Release|Any CPU
		{42BEA908-1A97-4776-8CE9-3AD3EAEE6D36}.Release|x86.Build.0 = Release|Any CPU
		{B011A453-6B70-4DE7-8F55-819F9B9413C8}.Debug|Any CPU.ActiveCfg = Debug|Any CPU
		{B011A453-6B70-4DE7-8F55-819F9B9413C8}.Debug|Any CPU.Build.0 = Debug|Any CPU
		{B011A453-6B70-4DE7-8F55-819F9B9413C8}.Debug|x64.ActiveCfg = Debug|Any CPU
		{B011A453-6B70-4DE7-8F55-819F9B9413C8}.Debug|x64.Build.0 = Debug|Any CPU
		{B011A453-6B70-4DE7-8F55-819F9B9413C8}.Debug|x86.ActiveCfg = Debug|Any CPU
		{B011A453-6B70-4DE7-8F55-819F9B9413C8}.Debug|x86.Build.0 = Debug|Any CPU
		{B011A453-6B70-4DE7-8F55-819F9B9413C8}.Release|Any CPU.ActiveCfg = Release|Any CPU
		{B011A453-6B70-4DE7-8F55-819F9B9413C8}.Release|Any CPU.Build.0 = Release|Any CPU
		{B011A453-6B70-4DE7-8F55-819F9B9413C8}.Release|x64.ActiveCfg = Release|Any CPU
		{B011A453-6B70-4DE7-8F55-819F9B9413C8}.Release|x64.Build.0 = Release|Any CPU
		{B011A453-6B70-4DE7-8F55-819F9B9413C8}.Release|x86.ActiveCfg = Release|Any CPU
		{B011A453-6B70-4DE7-8F55-819F9B9413C8}.Release|x86.Build.0 = Release|Any CPU
	EndGlobalSection
EndGlobal
