
Microsoft Visual Studio Solution File, Format Version 12.00
# Visual Studio Version 16
VisualStudioVersion = 16.0.30309.148
MinimumVisualStudioVersion = 10.0.40219.1
Project("{2AF7C79A-948C-4B13-A96A-0906CC568189}") = "Azure.ResourceManager.AppPlatform", "src\Azure.ResourceManager.AppPlatform.csproj", "{B701211E-D714-428F-950A-E014EE01AA11}"
EndProject
Project("{2AF7C79A-948C-4B13-A96A-0906CC568189}") = "Azure.ResourceManager.AppPlatform.Tests", "tests\Azure.ResourceManager.AppPlatform.Tests.csproj", "{69DF04B3-0065-4362-892F-23AB58B636BC}"
EndProject
Project("{2AF7C79A-948C-4B13-A96A-0906CC568189}") = "Azure.Core.TestFramework", "..\..\core\Azure.Core.TestFramework\src\Azure.Core.TestFramework.csproj", "{D834F7AA-20E1-4A74-8474-6E367332E3EB}"
EndProject
Project("{2AF7C79A-948C-4B13-A96A-0906CC568189}") = "Azure.Core", "..\..\core\Azure.Core\src\Azure.Core.csproj", "{91F4FCC0-AEB7-4FEC-B3C2-7A3F9764CB51}"
EndProject
Global
	GlobalSection(SolutionProperties) = preSolution
		HideSolutionNode = FALSE
	EndGlobalSection
	GlobalSection(ExtensibilityGlobals) = postSolution
		SolutionGuid = {E4AE40AD-6897-420C-B37E-26B03948DF93}
	EndGlobalSection
	GlobalSection(SolutionConfigurationPlatforms) = preSolution
		Debug|Any CPU = Debug|Any CPU
		Debug|x64 = Debug|x64
		Debug|x86 = Debug|x86
		Release|Any CPU = Release|Any CPU
		Release|x64 = Release|x64
		Release|x86 = Release|x86
	EndGlobalSection
	GlobalSection(ProjectConfigurationPlatforms) = postSolution
		{B701211E-D714-428F-950A-E014EE01AA11}.Debug|Any CPU.ActiveCfg = Debug|Any CPU
		{B701211E-D714-428F-950A-E014EE01AA11}.Debug|Any CPU.Build.0 = Debug|Any CPU
		{B701211E-D714-428F-950A-E014EE01AA11}.Debug|x64.ActiveCfg = Debug|Any CPU
		{B701211E-D714-428F-950A-E014EE01AA11}.Debug|x64.Build.0 = Debug|Any CPU
		{B701211E-D714-428F-950A-E014EE01AA11}.Debug|x86.ActiveCfg = Debug|Any CPU
		{B701211E-D714-428F-950A-E014EE01AA11}.Debug|x86.Build.0 = Debug|Any CPU
		{B701211E-D714-428F-950A-E014EE01AA11}.Release|Any CPU.ActiveCfg = Release|Any CPU
		{B701211E-D714-428F-950A-E014EE01AA11}.Release|Any CPU.Build.0 = Release|Any CPU
		{B701211E-D714-428F-950A-E014EE01AA11}.Release|x64.ActiveCfg = Release|Any CPU
		{B701211E-D714-428F-950A-E014EE01AA11}.Release|x64.Build.0 = Release|Any CPU
		{B701211E-D714-428F-950A-E014EE01AA11}.Release|x86.ActiveCfg = Release|Any CPU
		{B701211E-D714-428F-950A-E014EE01AA11}.Release|x86.Build.0 = Release|Any CPU
		{69DF04B3-0065-4362-892F-23AB58B636BC}.Debug|Any CPU.ActiveCfg = Debug|Any CPU
		{69DF04B3-0065-4362-892F-23AB58B636BC}.Debug|Any CPU.Build.0 = Debug|Any CPU
		{69DF04B3-0065-4362-892F-23AB58B636BC}.Debug|x64.ActiveCfg = Debug|Any CPU
		{69DF04B3-0065-4362-892F-23AB58B636BC}.Debug|x64.Build.0 = Debug|Any CPU
		{69DF04B3-0065-4362-892F-23AB58B636BC}.Debug|x86.ActiveCfg = Debug|Any CPU
		{69DF04B3-0065-4362-892F-23AB58B636BC}.Debug|x86.Build.0 = Debug|Any CPU
		{69DF04B3-0065-4362-892F-23AB58B636BC}.Release|Any CPU.ActiveCfg = Release|Any CPU
		{69DF04B3-0065-4362-892F-23AB58B636BC}.Release|Any CPU.Build.0 = Release|Any CPU
		{69DF04B3-0065-4362-892F-23AB58B636BC}.Release|x64.ActiveCfg = Release|Any CPU
		{69DF04B3-0065-4362-892F-23AB58B636BC}.Release|x64.Build.0 = Release|Any CPU
		{69DF04B3-0065-4362-892F-23AB58B636BC}.Release|x86.ActiveCfg = Release|Any CPU
		{69DF04B3-0065-4362-892F-23AB58B636BC}.Release|x86.Build.0 = Release|Any CPU
	EndGlobalSection
EndGlobal
