
Microsoft Visual Studio Solution File, Format Version 12.00
# Visual Studio Version 16
VisualStudioVersion = 16.0.30309.148
MinimumVisualStudioVersion = 10.0.40219.1
Project("{C75594C6-B2E2-4FA1-B2D2-429EB9649A49}") = "Azure.ResourceManager.Subscription", "src\Azure.ResourceManager.Subscription.csproj", "{EBB2E91D-0CDC-4D6A-944E-1A6A3B899458}"
EndProject
Project("{C75594C6-B2E2-4FA1-B2D2-429EB9649A49}") = "Azure.ResourceManager.Subscription.Tests", "tests\Azure.ResourceManager.Subscription.Tests.csproj", "{1294A87B-A5CA-4994-A079-8CF85B4DABA3}"
EndProject
Project("{C75594C6-B2E2-4FA1-B2D2-429EB9649A49}") = "Azure.Core.TestFramework", "..\..\core\Azure.Core.TestFramework\src\Azure.Core.TestFramework.csproj", "{D834F7AA-20E1-4A74-8474-6E367332E3EB}"
EndProject
Project("{C75594C6-B2E2-4FA1-B2D2-429EB9649A49}") = "Azure.Core", "..\..\core\Azure.Core\src\Azure.Core.csproj", "{91F4FCC0-AEB7-4FEC-B3C2-7A3F9764CB51}"
EndProject
Global
	GlobalSection(SolutionProperties) = preSolution
		HideSolutionNode = FALSE
	EndGlobalSection
	GlobalSection(ExtensibilityGlobals) = postSolution
		SolutionGuid = {5C1C1F24-1096-4B25-AFB6-610098DE3742}
	EndGlobalSection
	GlobalSection(SolutionConfigurationPlatforms) = preSolution
		Debug|Any CPU = Debug|Any CPU
		Debug|x64 = Debug|x64
		Debug|x86 = Debug|x86
		Release|Any CPU = Release|Any CPU
		Release|x64 = Release|x64
		Release|x86 = Release|x86
	EndGlobalSection
	GlobalSection(ProjectConfigurationPlatforms) = postSolution
		{EBB2E91D-0CDC-4D6A-944E-1A6A3B899458}.Debug|Any CPU.ActiveCfg = Debug|Any CPU
		{EBB2E91D-0CDC-4D6A-944E-1A6A3B899458}.Debug|Any CPU.Build.0 = Debug|Any CPU
		{EBB2E91D-0CDC-4D6A-944E-1A6A3B899458}.Debug|x64.ActiveCfg = Debug|Any CPU
		{EBB2E91D-0CDC-4D6A-944E-1A6A3B899458}.Debug|x64.Build.0 = Debug|Any CPU
		{EBB2E91D-0CDC-4D6A-944E-1A6A3B899458}.Debug|x86.ActiveCfg = Debug|Any CPU
		{EBB2E91D-0CDC-4D6A-944E-1A6A3B899458}.Debug|x86.Build.0 = Debug|Any CPU
		{EBB2E91D-0CDC-4D6A-944E-1A6A3B899458}.Release|Any CPU.ActiveCfg = Release|Any CPU
		{EBB2E91D-0CDC-4D6A-944E-1A6A3B899458}.Release|Any CPU.Build.0 = Release|Any CPU
		{EBB2E91D-0CDC-4D6A-944E-1A6A3B899458}.Release|x64.ActiveCfg = Release|Any CPU
		{EBB2E91D-0CDC-4D6A-944E-1A6A3B899458}.Release|x64.Build.0 = Release|Any CPU
		{EBB2E91D-0CDC-4D6A-944E-1A6A3B899458}.Release|x86.ActiveCfg = Release|Any CPU
		{EBB2E91D-0CDC-4D6A-944E-1A6A3B899458}.Release|x86.Build.0 = Release|Any CPU
		{1294A87B-A5CA-4994-A079-8CF85B4DABA3}.Debug|Any CPU.ActiveCfg = Debug|Any CPU
		{1294A87B-A5CA-4994-A079-8CF85B4DABA3}.Debug|Any CPU.Build.0 = Debug|Any CPU
		{1294A87B-A5CA-4994-A079-8CF85B4DABA3}.Debug|x64.ActiveCfg = Debug|Any CPU
		{1294A87B-A5CA-4994-A079-8CF85B4DABA3}.Debug|x64.Build.0 = Debug|Any CPU
		{1294A87B-A5CA-4994-A079-8CF85B4DABA3}.Debug|x86.ActiveCfg = Debug|Any CPU
		{1294A87B-A5CA-4994-A079-8CF85B4DABA3}.Debug|x86.Build.0 = Debug|Any CPU
		{1294A87B-A5CA-4994-A079-8CF85B4DABA3}.Release|Any CPU.ActiveCfg = Release|Any CPU
		{1294A87B-A5CA-4994-A079-8CF85B4DABA3}.Release|Any CPU.Build.0 = Release|Any CPU
		{1294A87B-A5CA-4994-A079-8CF85B4DABA3}.Release|x64.ActiveCfg = Release|Any CPU
		{1294A87B-A5CA-4994-A079-8CF85B4DABA3}.Release|x64.Build.0 = Release|Any CPU
		{1294A87B-A5CA-4994-A079-8CF85B4DABA3}.Release|x86.ActiveCfg = Release|Any CPU
		{1294A87B-A5CA-4994-A079-8CF85B4DABA3}.Release|x86.Build.0 = Release|Any CPU
	EndGlobalSection
EndGlobal
