
Microsoft Visual Studio Solution File, Format Version 12.00
# Visual Studio Version 16
VisualStudioVersion = 16.0.30309.148
MinimumVisualStudioVersion = 10.0.40219.1
Project("{413AF6B0-3C20-41CE-997D-D2C7A6C01387}") = "Azure.ResourceManager.HybridDataManager", "src\Azure.ResourceManager.HybridDataManager.csproj", "{D044A1B3-1E4D-4120-9A18-D25539615BA0}"
EndProject
Project("{413AF6B0-3C20-41CE-997D-D2C7A6C01387}") = "Azure.ResourceManager.HybridDataManager.Tests", "mocktests\Azure.ResourceManager.HybridDataManager.Tests.csproj", "{0B590C3F-ACCE-45FF-B549-D2151F88D4CE}"
EndProject
Project("{413AF6B0-3C20-41CE-997D-D2C7A6C01387}") = "Azure.Core.TestFramework", "..\..\core\Azure.Core.TestFramework\src\Azure.Core.TestFramework.csproj", "{D834F7AA-20E1-4A74-8474-6E367332E3EB}"
EndProject
Project("{413AF6B0-3C20-41CE-997D-D2C7A6C01387}") = "Azure.Core", "..\..\core\Azure.Core\src\Azure.Core.csproj", "{91F4FCC0-AEB7-4FEC-B3C2-7A3F9764CB51}"
EndProject
Global
	GlobalSection(SolutionProperties) = preSolution
		HideSolutionNode = FALSE
	EndGlobalSection
	GlobalSection(ExtensibilityGlobals) = postSolution
		SolutionGuid = {C29DEF0A-E669-4FD4-BE79-D17EF6994EC9}
	EndGlobalSection
	GlobalSection(SolutionConfigurationPlatforms) = preSolution
		Debug|Any CPU = Debug|Any CPU
		Debug|x64 = Debug|x64
		Debug|x86 = Debug|x86
		Release|Any CPU = Release|Any CPU
		Release|x64 = Release|x64
		Release|x86 = Release|x86
	EndGlobalSection
	GlobalSection(ProjectConfigurationPlatforms) = postSolution
		{D044A1B3-1E4D-4120-9A18-D25539615BA0}.Debug|Any CPU.ActiveCfg = Debug|Any CPU
		{D044A1B3-1E4D-4120-9A18-D25539615BA0}.Debug|Any CPU.Build.0 = Debug|Any CPU
		{D044A1B3-1E4D-4120-9A18-D25539615BA0}.Debug|x64.ActiveCfg = Debug|Any CPU
		{D044A1B3-1E4D-4120-9A18-D25539615BA0}.Debug|x64.Build.0 = Debug|Any CPU
		{D044A1B3-1E4D-4120-9A18-D25539615BA0}.Debug|x86.ActiveCfg = Debug|Any CPU
		{D044A1B3-1E4D-4120-9A18-D25539615BA0}.Debug|x86.Build.0 = Debug|Any CPU
		{D044A1B3-1E4D-4120-9A18-D25539615BA0}.Release|Any CPU.ActiveCfg = Release|Any CPU
		{D044A1B3-1E4D-4120-9A18-D25539615BA0}.Release|Any CPU.Build.0 = Release|Any CPU
		{D044A1B3-1E4D-4120-9A18-D25539615BA0}.Release|x64.ActiveCfg = Release|Any CPU
		{D044A1B3-1E4D-4120-9A18-D25539615BA0}.Release|x64.Build.0 = Release|Any CPU
		{D044A1B3-1E4D-4120-9A18-D25539615BA0}.Release|x86.ActiveCfg = Release|Any CPU
		{D044A1B3-1E4D-4120-9A18-D25539615BA0}.Release|x86.Build.0 = Release|Any CPU
		{0B590C3F-ACCE-45FF-B549-D2151F88D4CE}.Debug|Any CPU.ActiveCfg = Debug|Any CPU
		{0B590C3F-ACCE-45FF-B549-D2151F88D4CE}.Debug|Any CPU.Build.0 = Debug|Any CPU
		{0B590C3F-ACCE-45FF-B549-D2151F88D4CE}.Debug|x64.ActiveCfg = Debug|Any CPU
		{0B590C3F-ACCE-45FF-B549-D2151F88D4CE}.Debug|x64.Build.0 = Debug|Any CPU
		{0B590C3F-ACCE-45FF-B549-D2151F88D4CE}.Debug|x86.ActiveCfg = Debug|Any CPU
		{0B590C3F-ACCE-45FF-B549-D2151F88D4CE}.Debug|x86.Build.0 = Debug|Any CPU
		{0B590C3F-ACCE-45FF-B549-D2151F88D4CE}.Release|Any CPU.ActiveCfg = Release|Any CPU
		{0B590C3F-ACCE-45FF-B549-D2151F88D4CE}.Release|Any CPU.Build.0 = Release|Any CPU
		{0B590C3F-ACCE-45FF-B549-D2151F88D4CE}.Release|x64.ActiveCfg = Release|Any CPU
		{0B590C3F-ACCE-45FF-B549-D2151F88D4CE}.Release|x64.Build.0 = Release|Any CPU
		{0B590C3F-ACCE-45FF-B549-D2151F88D4CE}.Release|x86.ActiveCfg = Release|Any CPU
		{0B590C3F-ACCE-45FF-B549-D2151F88D4CE}.Release|x86.Build.0 = Release|Any CPU
	EndGlobalSection
EndGlobal
