
Microsoft Visual Studio Solution File, Format Version 12.00
# Visual Studio Version 16
VisualStudioVersion = 16.0.30309.148
MinimumVisualStudioVersion = 10.0.40219.1
Project("{F5500371-5845-459D-849C-54B8D1E55141}") = "Azure.ResourceManager.Relay", "src\Azure.ResourceManager.Relay.csproj", "{1D05D488-F9AB-4EA0-B3AE-6BE53F5775CB}"
EndProject
Project("{F5500371-5845-459D-849C-54B8D1E55141}") = "Azure.ResourceManager.Relay.Tests", "mocktests\Azure.ResourceManager.Relay.Tests.csproj", "{C7A275E8-0BAE-48F4-A3F9-28832BF002B2}"
EndProject
Project("{F5500371-5845-459D-849C-54B8D1E55141}") = "Azure.Core.TestFramework", "..\..\core\Azure.Core.TestFramework\src\Azure.Core.TestFramework.csproj", "{D834F7AA-20E1-4A74-8474-6E367332E3EB}"
EndProject
Project("{F5500371-5845-459D-849C-54B8D1E55141}") = "Azure.Core", "..\..\core\Azure.Core\src\Azure.Core.csproj", "{91F4FCC0-AEB7-4FEC-B3C2-7A3F9764CB51}"
EndProject
Global
	GlobalSection(SolutionProperties) = preSolution
		HideSolutionNode = FALSE
	EndGlobalSection
	GlobalSection(ExtensibilityGlobals) = postSolution
		SolutionGuid = {41AA3E7D-2681-4FB7-B7F0-76254D17C5E1}
	EndGlobalSection
	GlobalSection(SolutionConfigurationPlatforms) = preSolution
		Debug|Any CPU = Debug|Any CPU
		Debug|x64 = Debug|x64
		Debug|x86 = Debug|x86
		Release|Any CPU = Release|Any CPU
		Release|x64 = Release|x64
		Release|x86 = Release|x86
	EndGlobalSection
	GlobalSection(ProjectConfigurationPlatforms) = postSolution
		{1D05D488-F9AB-4EA0-B3AE-6BE53F5775CB}.Debug|Any CPU.ActiveCfg = Debug|Any CPU
		{1D05D488-F9AB-4EA0-B3AE-6BE53F5775CB}.Debug|Any CPU.Build.0 = Debug|Any CPU
		{1D05D488-F9AB-4EA0-B3AE-6BE53F5775CB}.Debug|x64.ActiveCfg = Debug|Any CPU
		{1D05D488-F9AB-4EA0-B3AE-6BE53F5775CB}.Debug|x64.Build.0 = Debug|Any CPU
		{1D05D488-F9AB-4EA0-B3AE-6BE53F5775CB}.Debug|x86.ActiveCfg = Debug|Any CPU
		{1D05D488-F9AB-4EA0-B3AE-6BE53F5775CB}.Debug|x86.Build.0 = Debug|Any CPU
		{1D05D488-F9AB-4EA0-B3AE-6BE53F5775CB}.Release|Any CPU.ActiveCfg = Release|Any CPU
		{1D05D488-F9AB-4EA0-B3AE-6BE53F5775CB}.Release|Any CPU.Build.0 = Release|Any CPU
		{1D05D488-F9AB-4EA0-B3AE-6BE53F5775CB}.Release|x64.ActiveCfg = Release|Any CPU
		{1D05D488-F9AB-4EA0-B3AE-6BE53F5775CB}.Release|x64.Build.0 = Release|Any CPU
		{1D05D488-F9AB-4EA0-B3AE-6BE53F5775CB}.Release|x86.ActiveCfg = Release|Any CPU
		{1D05D488-F9AB-4EA0-B3AE-6BE53F5775CB}.Release|x86.Build.0 = Release|Any CPU
		{C7A275E8-0BAE-48F4-A3F9-28832BF002B2}.Debug|Any CPU.ActiveCfg = Debug|Any CPU
		{C7A275E8-0BAE-48F4-A3F9-28832BF002B2}.Debug|Any CPU.Build.0 = Debug|Any CPU
		{C7A275E8-0BAE-48F4-A3F9-28832BF002B2}.Debug|x64.ActiveCfg = Debug|Any CPU
		{C7A275E8-0BAE-48F4-A3F9-28832BF002B2}.Debug|x64.Build.0 = Debug|Any CPU
		{C7A275E8-0BAE-48F4-A3F9-28832BF002B2}.Debug|x86.ActiveCfg = Debug|Any CPU
		{C7A275E8-0BAE-48F4-A3F9-28832BF002B2}.Debug|x86.Build.0 = Debug|Any CPU
		{C7A275E8-0BAE-48F4-A3F9-28832BF002B2}.Release|Any CPU.ActiveCfg = Release|Any CPU
		{C7A275E8-0BAE-48F4-A3F9-28832BF002B2}.Release|Any CPU.Build.0 = Release|Any CPU
		{C7A275E8-0BAE-48F4-A3F9-28832BF002B2}.Release|x64.ActiveCfg = Release|Any CPU
		{C7A275E8-0BAE-48F4-A3F9-28832BF002B2}.Release|x64.Build.0 = Release|Any CPU
		{C7A275E8-0BAE-48F4-A3F9-28832BF002B2}.Release|x86.ActiveCfg = Release|Any CPU
		{C7A275E8-0BAE-48F4-A3F9-28832BF002B2}.Release|x86.Build.0 = Release|Any CPU
	EndGlobalSection
EndGlobal
