
Microsoft Visual Studio Solution File, Format Version 12.00
# Visual Studio Version 16
VisualStudioVersion = 16.0.30309.148
MinimumVisualStudioVersion = 10.0.40219.1
Project("{9035451A-9770-4DE7-A92B-6C876D7A92D6}") = "Azure.ResourceManager.Support", "src\Azure.ResourceManager.Support.csproj", "{84102E9B-3F60-4C67-AFAF-B34DB1A1A210}"
EndProject
Project("{9035451A-9770-4DE7-A92B-6C876D7A92D6}") = "Azure.ResourceManager.Support.Tests", "tests\Azure.ResourceManager.Support.Tests.csproj", "{F58A6BDC-DE55-47F6-8CE2-C6197355A7FA}"
EndProject
Project("{9035451A-9770-4DE7-A92B-6C876D7A92D6}") = "Azure.Core.TestFramework", "..\..\core\Azure.Core.TestFramework\src\Azure.Core.TestFramework.csproj", "{D834F7AA-20E1-4A74-8474-6E367332E3EB}"
EndProject
Project("{9035451A-9770-4DE7-A92B-6C876D7A92D6}") = "Azure.Core", "..\..\core\Azure.Core\src\Azure.Core.csproj", "{91F4FCC0-AEB7-4FEC-B3C2-7A3F9764CB51}"
EndProject
Global
	GlobalSection(SolutionProperties) = preSolution
		HideSolutionNode = FALSE
	EndGlobalSection
	GlobalSection(ExtensibilityGlobals) = postSolution
		SolutionGuid = {00EA95F4-53C7-4AA7-9D82-49AFC8F59D47}
	EndGlobalSection
	GlobalSection(SolutionConfigurationPlatforms) = preSolution
		Debug|Any CPU = Debug|Any CPU
		Debug|x64 = Debug|x64
		Debug|x86 = Debug|x86
		Release|Any CPU = Release|Any CPU
		Release|x64 = Release|x64
		Release|x86 = Release|x86
	EndGlobalSection
	GlobalSection(ProjectConfigurationPlatforms) = postSolution
		{84102E9B-3F60-4C67-AFAF-B34DB1A1A210}.Debug|Any CPU.ActiveCfg = Debug|Any CPU
		{84102E9B-3F60-4C67-AFAF-B34DB1A1A210}.Debug|Any CPU.Build.0 = Debug|Any CPU
		{84102E9B-3F60-4C67-AFAF-B34DB1A1A210}.Debug|x64.ActiveCfg = Debug|Any CPU
		{84102E9B-3F60-4C67-AFAF-B34DB1A1A210}.Debug|x64.Build.0 = Debug|Any CPU
		{84102E9B-3F60-4C67-AFAF-B34DB1A1A210}.Debug|x86.ActiveCfg = Debug|Any CPU
		{84102E9B-3F60-4C67-AFAF-B34DB1A1A210}.Debug|x86.Build.0 = Debug|Any CPU
		{84102E9B-3F60-4C67-AFAF-B34DB1A1A210}.Release|Any CPU.ActiveCfg = Release|Any CPU
		{84102E9B-3F60-4C67-AFAF-B34DB1A1A210}.Release|Any CPU.Build.0 = Release|Any CPU
		{84102E9B-3F60-4C67-AFAF-B34DB1A1A210}.Release|x64.ActiveCfg = Release|Any CPU
		{84102E9B-3F60-4C67-AFAF-B34DB1A1A210}.Release|x64.Build.0 = Release|Any CPU
		{84102E9B-3F60-4C67-AFAF-B34DB1A1A210}.Release|x86.ActiveCfg = Release|Any CPU
		{84102E9B-3F60-4C67-AFAF-B34DB1A1A210}.Release|x86.Build.0 = Release|Any CPU
		{F58A6BDC-DE55-47F6-8CE2-C6197355A7FA}.Debug|Any CPU.ActiveCfg = Debug|Any CPU
		{F58A6BDC-DE55-47F6-8CE2-C6197355A7FA}.Debug|Any CPU.Build.0 = Debug|Any CPU
		{F58A6BDC-DE55-47F6-8CE2-C6197355A7FA}.Debug|x64.ActiveCfg = Debug|Any CPU
		{F58A6BDC-DE55-47F6-8CE2-C6197355A7FA}.Debug|x64.Build.0 = Debug|Any CPU
		{F58A6BDC-DE55-47F6-8CE2-C6197355A7FA}.Debug|x86.ActiveCfg = Debug|Any CPU
		{F58A6BDC-DE55-47F6-8CE2-C6197355A7FA}.Debug|x86.Build.0 = Debug|Any CPU
		{F58A6BDC-DE55-47F6-8CE2-C6197355A7FA}.Release|Any CPU.ActiveCfg = Release|Any CPU
		{F58A6BDC-DE55-47F6-8CE2-C6197355A7FA}.Release|Any CPU.Build.0 = Release|Any CPU
		{F58A6BDC-DE55-47F6-8CE2-C6197355A7FA}.Release|x64.ActiveCfg = Release|Any CPU
		{F58A6BDC-DE55-47F6-8CE2-C6197355A7FA}.Release|x64.Build.0 = Release|Any CPU
		{F58A6BDC-DE55-47F6-8CE2-C6197355A7FA}.Release|x86.ActiveCfg = Release|Any CPU
		{F58A6BDC-DE55-47F6-8CE2-C6197355A7FA}.Release|x86.Build.0 = Release|Any CPU
	EndGlobalSection
EndGlobal
