
Microsoft Visual Studio Solution File, Format Version 12.00
# Visual Studio Version 16
VisualStudioVersion = 16.0.30309.148
MinimumVisualStudioVersion = 10.0.40219.1
Project("{AD964B0A-97BB-4A33-81A1-4655E4E13824}") = "Azure.ResourceManager.MachineLearningCompute", "src\Azure.ResourceManager.MachineLearningCompute.csproj", "{B0FBD3D5-8C45-4B9D-A2B7-19259D5A4CDD}"
EndProject
Project("{AD964B0A-97BB-4A33-81A1-4655E4E13824}") = "Azure.ResourceManager.MachineLearningCompute.Tests", "mocktests\Azure.ResourceManager.MachineLearningCompute.Tests.csproj", "{BFED3C75-3862-442E-986A-C5CA8EA31910}"
EndProject
Project("{AD964B0A-97BB-4A33-81A1-4655E4E13824}") = "Azure.Core.TestFramework", "..\..\core\Azure.Core.TestFramework\src\Azure.Core.TestFramework.csproj", "{D834F7AA-20E1-4A74-8474-6E367332E3EB}"
EndProject
Project("{AD964B0A-97BB-4A33-81A1-4655E4E13824}") = "Azure.Core", "..\..\core\Azure.Core\src\Azure.Core.csproj", "{91F4FCC0-AEB7-4FEC-B3C2-7A3F9764CB51}"
EndProject
Global
	GlobalSection(SolutionProperties) = preSolution
		HideSolutionNode = FALSE
	EndGlobalSection
	GlobalSection(ExtensibilityGlobals) = postSolution
		SolutionGuid = {656379DB-FF06-4E3B-A8BF-9D6B2FDFC2A3}
	EndGlobalSection
	GlobalSection(SolutionConfigurationPlatforms) = preSolution
		Debug|Any CPU = Debug|Any CPU
		Debug|x64 = Debug|x64
		Debug|x86 = Debug|x86
		Release|Any CPU = Release|Any CPU
		Release|x64 = Release|x64
		Release|x86 = Release|x86
	EndGlobalSection
	GlobalSection(ProjectConfigurationPlatforms) = postSolution
		{B0FBD3D5-8C45-4B9D-A2B7-19259D5A4CDD}.Debug|Any CPU.ActiveCfg = Debug|Any CPU
		{B0FBD3D5-8C45-4B9D-A2B7-19259D5A4CDD}.Debug|Any CPU.Build.0 = Debug|Any CPU
		{B0FBD3D5-8C45-4B9D-A2B7-19259D5A4CDD}.Debug|x64.ActiveCfg = Debug|Any CPU
		{B0FBD3D5-8C45-4B9D-A2B7-19259D5A4CDD}.Debug|x64.Build.0 = Debug|Any CPU
		{B0FBD3D5-8C45-4B9D-A2B7-19259D5A4CDD}.Debug|x86.ActiveCfg = Debug|Any CPU
		{B0FBD3D5-8C45-4B9D-A2B7-19259D5A4CDD}.Debug|x86.Build.0 = Debug|Any CPU
		{B0FBD3D5-8C45-4B9D-A2B7-19259D5A4CDD}.Release|Any CPU.ActiveCfg = Release|Any CPU
		{B0FBD3D5-8C45-4B9D-A2B7-19259D5A4CDD}.Release|Any CPU.Build.0 = Release|Any CPU
		{B0FBD3D5-8C45-4B9D-A2B7-19259D5A4CDD}.Release|x64.ActiveCfg = Release|Any CPU
		{B0FBD3D5-8C45-4B9D-A2B7-19259D5A4CDD}.Release|x64.Build.0 = Release|Any CPU
		{B0FBD3D5-8C45-4B9D-A2B7-19259D5A4CDD}.Release|x86.ActiveCfg = Release|Any CPU
		{B0FBD3D5-8C45-4B9D-A2B7-19259D5A4CDD}.Release|x86.Build.0 = Release|Any CPU
		{BFED3C75-3862-442E-986A-C5CA8EA31910}.Debug|Any CPU.ActiveCfg = Debug|Any CPU
		{BFED3C75-3862-442E-986A-C5CA8EA31910}.Debug|Any CPU.Build.0 = Debug|Any CPU
		{BFED3C75-3862-442E-986A-C5CA8EA31910}.Debug|x64.ActiveCfg = Debug|Any CPU
		{BFED3C75-3862-442E-986A-C5CA8EA31910}.Debug|x64.Build.0 = Debug|Any CPU
		{BFED3C75-3862-442E-986A-C5CA8EA31910}.Debug|x86.ActiveCfg = Debug|Any CPU
		{BFED3C75-3862-442E-986A-C5CA8EA31910}.Debug|x86.Build.0 = Debug|Any CPU
		{BFED3C75-3862-442E-986A-C5CA8EA31910}.Release|Any CPU.ActiveCfg = Release|Any CPU
		{BFED3C75-3862-442E-986A-C5CA8EA31910}.Release|Any CPU.Build.0 = Release|Any CPU
		{BFED3C75-3862-442E-986A-C5CA8EA31910}.Release|x64.ActiveCfg = Release|Any CPU
		{BFED3C75-3862-442E-986A-C5CA8EA31910}.Release|x64.Build.0 = Release|Any CPU
		{BFED3C75-3862-442E-986A-C5CA8EA31910}.Release|x86.ActiveCfg = Release|Any CPU
		{BFED3C75-3862-442E-986A-C5CA8EA31910}.Release|x86.Build.0 = Release|Any CPU
	EndGlobalSection
EndGlobal
