
Microsoft Visual Studio Solution File, Format Version 12.00
# Visual Studio Version 16
VisualStudioVersion = 16.0.30309.148
MinimumVisualStudioVersion = 10.0.40219.1
Project("{C808518D-44BD-4E8A-8113-6E4BA26EB39C}") = "Azure.ResourceManager.Billing", "src\Azure.ResourceManager.Billing.csproj", "{EF71A8D3-2075-4BB1-B815-7438E3820734}"
EndProject
Project("{C808518D-44BD-4E8A-8113-6E4BA26EB39C}") = "Azure.ResourceManager.Billing.Tests", "tests\Azure.ResourceManager.Billing.Tests.csproj", "{47373783-4B5B-4294-AF42-5BC03901BF28}"
EndProject
Project("{C808518D-44BD-4E8A-8113-6E4BA26EB39C}") = "Azure.Core.TestFramework", "..\..\core\Azure.Core.TestFramework\src\Azure.Core.TestFramework.csproj", "{D834F7AA-20E1-4A74-8474-6E367332E3EB}"
EndProject
Project("{C808518D-44BD-4E8A-8113-6E4BA26EB39C}") = "Azure.Core", "..\..\core\Azure.Core\src\Azure.Core.csproj", "{91F4FCC0-AEB7-4FEC-B3C2-7A3F9764CB51}"
EndProject
Global
	GlobalSection(SolutionProperties) = preSolution
		HideSolutionNode = FALSE
	EndGlobalSection
	GlobalSection(ExtensibilityGlobals) = postSolution
		SolutionGuid = {A94D2323-6DC3-4E47-86DA-BB7025CA4E8D}
	EndGlobalSection
	GlobalSection(SolutionConfigurationPlatforms) = preSolution
		Debug|Any CPU = Debug|Any CPU
		Debug|x64 = Debug|x64
		Debug|x86 = Debug|x86
		Release|Any CPU = Release|Any CPU
		Release|x64 = Release|x64
		Release|x86 = Release|x86
	EndGlobalSection
	GlobalSection(ProjectConfigurationPlatforms) = postSolution
		{EF71A8D3-2075-4BB1-B815-7438E3820734}.Debug|Any CPU.ActiveCfg = Debug|Any CPU
		{EF71A8D3-2075-4BB1-B815-7438E3820734}.Debug|Any CPU.Build.0 = Debug|Any CPU
		{EF71A8D3-2075-4BB1-B815-7438E3820734}.Debug|x64.ActiveCfg = Debug|Any CPU
		{EF71A8D3-2075-4BB1-B815-7438E3820734}.Debug|x64.Build.0 = Debug|Any CPU
		{EF71A8D3-2075-4BB1-B815-7438E3820734}.Debug|x86.ActiveCfg = Debug|Any CPU
		{EF71A8D3-2075-4BB1-B815-7438E3820734}.Debug|x86.Build.0 = Debug|Any CPU
		{EF71A8D3-2075-4BB1-B815-7438E3820734}.Release|Any CPU.ActiveCfg = Release|Any CPU
		{EF71A8D3-2075-4BB1-B815-7438E3820734}.Release|Any CPU.Build.0 = Release|Any CPU
		{EF71A8D3-2075-4BB1-B815-7438E3820734}.Release|x64.ActiveCfg = Release|Any CPU
		{EF71A8D3-2075-4BB1-B815-7438E3820734}.Release|x64.Build.0 = Release|Any CPU
		{EF71A8D3-2075-4BB1-B815-7438E3820734}.Release|x86.ActiveCfg = Release|Any CPU
		{EF71A8D3-2075-4BB1-B815-7438E3820734}.Release|x86.Build.0 = Release|Any CPU
		{47373783-4B5B-4294-AF42-5BC03901BF28}.Debug|Any CPU.ActiveCfg = Debug|Any CPU
		{47373783-4B5B-4294-AF42-5BC03901BF28}.Debug|Any CPU.Build.0 = Debug|Any CPU
		{47373783-4B5B-4294-AF42-5BC03901BF28}.Debug|x64.ActiveCfg = Debug|Any CPU
		{47373783-4B5B-4294-AF42-5BC03901BF28}.Debug|x64.Build.0 = Debug|Any CPU
		{47373783-4B5B-4294-AF42-5BC03901BF28}.Debug|x86.ActiveCfg = Debug|Any CPU
		{47373783-4B5B-4294-AF42-5BC03901BF28}.Debug|x86.Build.0 = Debug|Any CPU
		{47373783-4B5B-4294-AF42-5BC03901BF28}.Release|Any CPU.ActiveCfg = Release|Any CPU
		{47373783-4B5B-4294-AF42-5BC03901BF28}.Release|Any CPU.Build.0 = Release|Any CPU
		{47373783-4B5B-4294-AF42-5BC03901BF28}.Release|x64.ActiveCfg = Release|Any CPU
		{47373783-4B5B-4294-AF42-5BC03901BF28}.Release|x64.Build.0 = Release|Any CPU
		{47373783-4B5B-4294-AF42-5BC03901BF28}.Release|x86.ActiveCfg = Release|Any CPU
		{47373783-4B5B-4294-AF42-5BC03901BF28}.Release|x86.Build.0 = Release|Any CPU
	EndGlobalSection
EndGlobal
