
Microsoft Visual Studio Solution File, Format Version 12.00
# Visual Studio Version 16
VisualStudioVersion = 16.0.30309.148
MinimumVisualStudioVersion = 10.0.40219.1
Project("{C1CCDED2-1E11-4D09-8E5E-0249EEF2643D}") = "Azure.ResourceManager.DigitalTwins", "src\Azure.ResourceManager.DigitalTwins.csproj", "{ADD9DEA6-6577-4A49-A5EC-C6DA20AA94D3}"
EndProject
Project("{C1CCDED2-1E11-4D09-8E5E-0249EEF2643D}") = "Azure.ResourceManager.DigitalTwins.Tests", "tests\Azure.ResourceManager.DigitalTwins.Tests.csproj", "{5458CA07-B812-4CFD-A455-81F08D1BF231}"
EndProject
Project("{C1CCDED2-1E11-4D09-8E5E-0249EEF2643D}") = "Azure.Core.TestFramework", "..\..\core\Azure.Core.TestFramework\src\Azure.Core.TestFramework.csproj", "{D834F7AA-20E1-4A74-8474-6E367332E3EB}"
EndProject
Project("{C1CCDED2-1E11-4D09-8E5E-0249EEF2643D}") = "Azure.Core", "..\..\core\Azure.Core\src\Azure.Core.csproj", "{91F4FCC0-AEB7-4FEC-B3C2-7A3F9764CB51}"
EndProject
Global
	GlobalSection(SolutionProperties) = preSolution
		HideSolutionNode = FALSE
	EndGlobalSection
	GlobalSection(ExtensibilityGlobals) = postSolution
		SolutionGuid = {E9D01641-2EDE-4F6A-A53C-A75BE902355F}
	EndGlobalSection
	GlobalSection(SolutionConfigurationPlatforms) = preSolution
		Debug|Any CPU = Debug|Any CPU
		Debug|x64 = Debug|x64
		Debug|x86 = Debug|x86
		Release|Any CPU = Release|Any CPU
		Release|x64 = Release|x64
		Release|x86 = Release|x86
	EndGlobalSection
	GlobalSection(ProjectConfigurationPlatforms) = postSolution
		{ADD9DEA6-6577-4A49-A5EC-C6DA20AA94D3}.Debug|Any CPU.ActiveCfg = Debug|Any CPU
		{ADD9DEA6-6577-4A49-A5EC-C6DA20AA94D3}.Debug|Any CPU.Build.0 = Debug|Any CPU
		{ADD9DEA6-6577-4A49-A5EC-C6DA20AA94D3}.Debug|x64.ActiveCfg = Debug|Any CPU
		{ADD9DEA6-6577-4A49-A5EC-C6DA20AA94D3}.Debug|x64.Build.0 = Debug|Any CPU
		{ADD9DEA6-6577-4A49-A5EC-C6DA20AA94D3}.Debug|x86.ActiveCfg = Debug|Any CPU
		{ADD9DEA6-6577-4A49-A5EC-C6DA20AA94D3}.Debug|x86.Build.0 = Debug|Any CPU
		{ADD9DEA6-6577-4A49-A5EC-C6DA20AA94D3}.Release|Any CPU.ActiveCfg = Release|Any CPU
		{ADD9DEA6-6577-4A49-A5EC-C6DA20AA94D3}.Release|Any CPU.Build.0 = Release|Any CPU
		{ADD9DEA6-6577-4A49-A5EC-C6DA20AA94D3}.Release|x64.ActiveCfg = Release|Any CPU
		{ADD9DEA6-6577-4A49-A5EC-C6DA20AA94D3}.Release|x64.Build.0 = Release|Any CPU
		{ADD9DEA6-6577-4A49-A5EC-C6DA20AA94D3}.Release|x86.ActiveCfg = Release|Any CPU
		{ADD9DEA6-6577-4A49-A5EC-C6DA20AA94D3}.Release|x86.Build.0 = Release|Any CPU
		{5458CA07-B812-4CFD-A455-81F08D1BF231}.Debug|Any CPU.ActiveCfg = Debug|Any CPU
		{5458CA07-B812-4CFD-A455-81F08D1BF231}.Debug|Any CPU.Build.0 = Debug|Any CPU
		{5458CA07-B812-4CFD-A455-81F08D1BF231}.Debug|x64.ActiveCfg = Debug|Any CPU
		{5458CA07-B812-4CFD-A455-81F08D1BF231}.Debug|x64.Build.0 = Debug|Any CPU
		{5458CA07-B812-4CFD-A455-81F08D1BF231}.Debug|x86.ActiveCfg = Debug|Any CPU
		{5458CA07-B812-4CFD-A455-81F08D1BF231}.Debug|x86.Build.0 = Debug|Any CPU
		{5458CA07-B812-4CFD-A455-81F08D1BF231}.Release|Any CPU.ActiveCfg = Release|Any CPU
		{5458CA07-B812-4CFD-A455-81F08D1BF231}.Release|Any CPU.Build.0 = Release|Any CPU
		{5458CA07-B812-4CFD-A455-81F08D1BF231}.Release|x64.ActiveCfg = Release|Any CPU
		{5458CA07-B812-4CFD-A455-81F08D1BF231}.Release|x64.Build.0 = Release|Any CPU
		{5458CA07-B812-4CFD-A455-81F08D1BF231}.Release|x86.ActiveCfg = Release|Any CPU
		{5458CA07-B812-4CFD-A455-81F08D1BF231}.Release|x86.Build.0 = Release|Any CPU
	EndGlobalSection
EndGlobal
