
Microsoft Visual Studio Solution File, Format Version 12.00
# Visual Studio Version 16
VisualStudioVersion = 16.0.30309.148
MinimumVisualStudioVersion = 10.0.40219.1
Project("{DEA93BB0-5AFF-4DEA-B6AD-9A836E4AE4DB}") = "Azure.ResourceManager.Peering", "src\Azure.ResourceManager.Peering.csproj", "{630A4629-E259-4576-B1D8-B3FEB999C384}"
EndProject
Project("{DEA93BB0-5AFF-4DEA-B6AD-9A836E4AE4DB}") = "Azure.ResourceManager.Peering.Tests", "tests\Azure.ResourceManager.Peering.Tests.csproj", "{EB1035A3-1C1D-4CEE-8BC8-20A2738F3618}"
EndProject
Project("{DEA93BB0-5AFF-4DEA-B6AD-9A836E4AE4DB}") = "Azure.Core.TestFramework", "..\..\core\Azure.Core.TestFramework\src\Azure.Core.TestFramework.csproj", "{D834F7AA-20E1-4A74-8474-6E367332E3EB}"
EndProject
Project("{DEA93BB0-5AFF-4DEA-B6AD-9A836E4AE4DB}") = "Azure.Core", "..\..\core\Azure.Core\src\Azure.Core.csproj", "{91F4FCC0-AEB7-4FEC-B3C2-7A3F9764CB51}"
EndProject
Global
	GlobalSection(SolutionProperties) = preSolution
		HideSolutionNode = FALSE
	EndGlobalSection
	GlobalSection(ExtensibilityGlobals) = postSolution
		SolutionGuid = {920F4409-459F-4A2A-9BA4-5A972357675E}
	EndGlobalSection
	GlobalSection(SolutionConfigurationPlatforms) = preSolution
		Debug|Any CPU = Debug|Any CPU
		Debug|x64 = Debug|x64
		Debug|x86 = Debug|x86
		Release|Any CPU = Release|Any CPU
		Release|x64 = Release|x64
		Release|x86 = Release|x86
	EndGlobalSection
	GlobalSection(ProjectConfigurationPlatforms) = postSolution
		{630A4629-E259-4576-B1D8-B3FEB999C384}.Debug|Any CPU.ActiveCfg = Debug|Any CPU
		{630A4629-E259-4576-B1D8-B3FEB999C384}.Debug|Any CPU.Build.0 = Debug|Any CPU
		{630A4629-E259-4576-B1D8-B3FEB999C384}.Debug|x64.ActiveCfg = Debug|Any CPU
		{630A4629-E259-4576-B1D8-B3FEB999C384}.Debug|x64.Build.0 = Debug|Any CPU
		{630A4629-E259-4576-B1D8-B3FEB999C384}.Debug|x86.ActiveCfg = Debug|Any CPU
		{630A4629-E259-4576-B1D8-B3FEB999C384}.Debug|x86.Build.0 = Debug|Any CPU
		{630A4629-E259-4576-B1D8-B3FEB999C384}.Release|Any CPU.ActiveCfg = Release|Any CPU
		{630A4629-E259-4576-B1D8-B3FEB999C384}.Release|Any CPU.Build.0 = Release|Any CPU
		{630A4629-E259-4576-B1D8-B3FEB999C384}.Release|x64.ActiveCfg = Release|Any CPU
		{630A4629-E259-4576-B1D8-B3FEB999C384}.Release|x64.Build.0 = Release|Any CPU
		{630A4629-E259-4576-B1D8-B3FEB999C384}.Release|x86.ActiveCfg = Release|Any CPU
		{630A4629-E259-4576-B1D8-B3FEB999C384}.Release|x86.Build.0 = Release|Any CPU
		{EB1035A3-1C1D-4CEE-8BC8-20A2738F3618}.Debug|Any CPU.ActiveCfg = Debug|Any CPU
		{EB1035A3-1C1D-4CEE-8BC8-20A2738F3618}.Debug|Any CPU.Build.0 = Debug|Any CPU
		{EB1035A3-1C1D-4CEE-8BC8-20A2738F3618}.Debug|x64.ActiveCfg = Debug|Any CPU
		{EB1035A3-1C1D-4CEE-8BC8-20A2738F3618}.Debug|x64.Build.0 = Debug|Any CPU
		{EB1035A3-1C1D-4CEE-8BC8-20A2738F3618}.Debug|x86.ActiveCfg = Debug|Any CPU
		{EB1035A3-1C1D-4CEE-8BC8-20A2738F3618}.Debug|x86.Build.0 = Debug|Any CPU
		{EB1035A3-1C1D-4CEE-8BC8-20A2738F3618}.Release|Any CPU.ActiveCfg = Release|Any CPU
		{EB1035A3-1C1D-4CEE-8BC8-20A2738F3618}.Release|Any CPU.Build.0 = Release|Any CPU
		{EB1035A3-1C1D-4CEE-8BC8-20A2738F3618}.Release|x64.ActiveCfg = Release|Any CPU
		{EB1035A3-1C1D-4CEE-8BC8-20A2738F3618}.Release|x64.Build.0 = Release|Any CPU
		{EB1035A3-1C1D-4CEE-8BC8-20A2738F3618}.Release|x86.ActiveCfg = Release|Any CPU
		{EB1035A3-1C1D-4CEE-8BC8-20A2738F3618}.Release|x86.Build.0 = Release|Any CPU
	EndGlobalSection
EndGlobal
