
Microsoft Visual Studio Solution File, Format Version 12.00
# Visual Studio Version 16
VisualStudioVersion = 16.0.30309.148
MinimumVisualStudioVersion = 10.0.40219.1
Project("{21F8233D-2CAE-45E4-A4F5-EE0E2D91A662}") = "Azure.ResourceManager.Peering", "src\Azure.ResourceManager.Peering.csproj", "{C74D68B7-EBEE-4083-B905-A17F05267B29}"
EndProject
Project("{21F8233D-2CAE-45E4-A4F5-EE0E2D91A662}") = "Azure.ResourceManager.Peering.Tests", "mocktests\Azure.ResourceManager.Peering.Tests.csproj", "{0150F373-E7DD-4A83-BBCA-1BE375BCA721}"
EndProject
Project("{21F8233D-2CAE-45E4-A4F5-EE0E2D91A662}") = "Azure.Core.TestFramework", "..\..\core\Azure.Core.TestFramework\src\Azure.Core.TestFramework.csproj", "{D834F7AA-20E1-4A74-8474-6E367332E3EB}"
EndProject
Project("{21F8233D-2CAE-45E4-A4F5-EE0E2D91A662}") = "Azure.Core", "..\..\core\Azure.Core\src\Azure.Core.csproj", "{91F4FCC0-AEB7-4FEC-B3C2-7A3F9764CB51}"
EndProject
Global
	GlobalSection(SolutionProperties) = preSolution
		HideSolutionNode = FALSE
	EndGlobalSection
	GlobalSection(ExtensibilityGlobals) = postSolution
		SolutionGuid = {F3297D17-87EF-45CD-80CB-8B2B3688E4AB}
	EndGlobalSection
	GlobalSection(SolutionConfigurationPlatforms) = preSolution
		Debug|Any CPU = Debug|Any CPU
		Debug|x64 = Debug|x64
		Debug|x86 = Debug|x86
		Release|Any CPU = Release|Any CPU
		Release|x64 = Release|x64
		Release|x86 = Release|x86
	EndGlobalSection
	GlobalSection(ProjectConfigurationPlatforms) = postSolution
		{C74D68B7-EBEE-4083-B905-A17F05267B29}.Debug|Any CPU.ActiveCfg = Debug|Any CPU
		{C74D68B7-EBEE-4083-B905-A17F05267B29}.Debug|Any CPU.Build.0 = Debug|Any CPU
		{C74D68B7-EBEE-4083-B905-A17F05267B29}.Debug|x64.ActiveCfg = Debug|Any CPU
		{C74D68B7-EBEE-4083-B905-A17F05267B29}.Debug|x64.Build.0 = Debug|Any CPU
		{C74D68B7-EBEE-4083-B905-A17F05267B29}.Debug|x86.ActiveCfg = Debug|Any CPU
		{C74D68B7-EBEE-4083-B905-A17F05267B29}.Debug|x86.Build.0 = Debug|Any CPU
		{C74D68B7-EBEE-4083-B905-A17F05267B29}.Release|Any CPU.ActiveCfg = Release|Any CPU
		{C74D68B7-EBEE-4083-B905-A17F05267B29}.Release|Any CPU.Build.0 = Release|Any CPU
		{C74D68B7-EBEE-4083-B905-A17F05267B29}.Release|x64.ActiveCfg = Release|Any CPU
		{C74D68B7-EBEE-4083-B905-A17F05267B29}.Release|x64.Build.0 = Release|Any CPU
		{C74D68B7-EBEE-4083-B905-A17F05267B29}.Release|x86.ActiveCfg = Release|Any CPU
		{C74D68B7-EBEE-4083-B905-A17F05267B29}.Release|x86.Build.0 = Release|Any CPU
		{0150F373-E7DD-4A83-BBCA-1BE375BCA721}.Debug|Any CPU.ActiveCfg = Debug|Any CPU
		{0150F373-E7DD-4A83-BBCA-1BE375BCA721}.Debug|Any CPU.Build.0 = Debug|Any CPU
		{0150F373-E7DD-4A83-BBCA-1BE375BCA721}.Debug|x64.ActiveCfg = Debug|Any CPU
		{0150F373-E7DD-4A83-BBCA-1BE375BCA721}.Debug|x64.Build.0 = Debug|Any CPU
		{0150F373-E7DD-4A83-BBCA-1BE375BCA721}.Debug|x86.ActiveCfg = Debug|Any CPU
		{0150F373-E7DD-4A83-BBCA-1BE375BCA721}.Debug|x86.Build.0 = Debug|Any CPU
		{0150F373-E7DD-4A83-BBCA-1BE375BCA721}.Release|Any CPU.ActiveCfg = Release|Any CPU
		{0150F373-E7DD-4A83-BBCA-1BE375BCA721}.Release|Any CPU.Build.0 = Release|Any CPU
		{0150F373-E7DD-4A83-BBCA-1BE375BCA721}.Release|x64.ActiveCfg = Release|Any CPU
		{0150F373-E7DD-4A83-BBCA-1BE375BCA721}.Release|x64.Build.0 = Release|Any CPU
		{0150F373-E7DD-4A83-BBCA-1BE375BCA721}.Release|x86.ActiveCfg = Release|Any CPU
		{0150F373-E7DD-4A83-BBCA-1BE375BCA721}.Release|x86.Build.0 = Release|Any CPU
	EndGlobalSection
EndGlobal
