
Microsoft Visual Studio Solution File, Format Version 12.00
# Visual Studio Version 16
VisualStudioVersion = 16.0.30309.148
MinimumVisualStudioVersion = 10.0.40219.1
Project("{29F0EDD1-09AD-4B2C-A4B4-C0B075A73B3F}") = "Azure.ResourceManager.SignalR", "src\Azure.ResourceManager.SignalR.csproj", "{9623823A-F57D-442D-AB31-EE5CEE0F1158}"
EndProject
Project("{29F0EDD1-09AD-4B2C-A4B4-C0B075A73B3F}") = "Azure.ResourceManager.SignalR.Tests", "mocktests\Azure.ResourceManager.SignalR.Tests.csproj", "{3FF3F1E9-E4EA-4CEA-9D4F-207023721645}"
EndProject
Project("{29F0EDD1-09AD-4B2C-A4B4-C0B075A73B3F}") = "Azure.Core.TestFramework", "..\..\core\Azure.Core.TestFramework\src\Azure.Core.TestFramework.csproj", "{D834F7AA-20E1-4A74-8474-6E367332E3EB}"
EndProject
Project("{29F0EDD1-09AD-4B2C-A4B4-C0B075A73B3F}") = "Azure.Core", "..\..\core\Azure.Core\src\Azure.Core.csproj", "{91F4FCC0-AEB7-4FEC-B3C2-7A3F9764CB51}"
EndProject
Global
	GlobalSection(SolutionProperties) = preSolution
		HideSolutionNode = FALSE
	EndGlobalSection
	GlobalSection(ExtensibilityGlobals) = postSolution
		SolutionGuid = {382BAA52-B79E-4DD7-9553-A360B05731A2}
	EndGlobalSection
	GlobalSection(SolutionConfigurationPlatforms) = preSolution
		Debug|Any CPU = Debug|Any CPU
		Debug|x64 = Debug|x64
		Debug|x86 = Debug|x86
		Release|Any CPU = Release|Any CPU
		Release|x64 = Release|x64
		Release|x86 = Release|x86
	EndGlobalSection
	GlobalSection(ProjectConfigurationPlatforms) = postSolution
		{9623823A-F57D-442D-AB31-EE5CEE0F1158}.Debug|Any CPU.ActiveCfg = Debug|Any CPU
		{9623823A-F57D-442D-AB31-EE5CEE0F1158}.Debug|Any CPU.Build.0 = Debug|Any CPU
		{9623823A-F57D-442D-AB31-EE5CEE0F1158}.Debug|x64.ActiveCfg = Debug|Any CPU
		{9623823A-F57D-442D-AB31-EE5CEE0F1158}.Debug|x64.Build.0 = Debug|Any CPU
		{9623823A-F57D-442D-AB31-EE5CEE0F1158}.Debug|x86.ActiveCfg = Debug|Any CPU
		{9623823A-F57D-442D-AB31-EE5CEE0F1158}.Debug|x86.Build.0 = Debug|Any CPU
		{9623823A-F57D-442D-AB31-EE5CEE0F1158}.Release|Any CPU.ActiveCfg = Release|Any CPU
		{9623823A-F57D-442D-AB31-EE5CEE0F1158}.Release|Any CPU.Build.0 = Release|Any CPU
		{9623823A-F57D-442D-AB31-EE5CEE0F1158}.Release|x64.ActiveCfg = Release|Any CPU
		{9623823A-F57D-442D-AB31-EE5CEE0F1158}.Release|x64.Build.0 = Release|Any CPU
		{9623823A-F57D-442D-AB31-EE5CEE0F1158}.Release|x86.ActiveCfg = Release|Any CPU
		{9623823A-F57D-442D-AB31-EE5CEE0F1158}.Release|x86.Build.0 = Release|Any CPU
		{3FF3F1E9-E4EA-4CEA-9D4F-207023721645}.Debug|Any CPU.ActiveCfg = Debug|Any CPU
		{3FF3F1E9-E4EA-4CEA-9D4F-207023721645}.Debug|Any CPU.Build.0 = Debug|Any CPU
		{3FF3F1E9-E4EA-4CEA-9D4F-207023721645}.Debug|x64.ActiveCfg = Debug|Any CPU
		{3FF3F1E9-E4EA-4CEA-9D4F-207023721645}.Debug|x64.Build.0 = Debug|Any CPU
		{3FF3F1E9-E4EA-4CEA-9D4F-207023721645}.Debug|x86.ActiveCfg = Debug|Any CPU
		{3FF3F1E9-E4EA-4CEA-9D4F-207023721645}.Debug|x86.Build.0 = Debug|Any CPU
		{3FF3F1E9-E4EA-4CEA-9D4F-207023721645}.Release|Any CPU.ActiveCfg = Release|Any CPU
		{3FF3F1E9-E4EA-4CEA-9D4F-207023721645}.Release|Any CPU.Build.0 = Release|Any CPU
		{3FF3F1E9-E4EA-4CEA-9D4F-207023721645}.Release|x64.ActiveCfg = Release|Any CPU
		{3FF3F1E9-E4EA-4CEA-9D4F-207023721645}.Release|x64.Build.0 = Release|Any CPU
		{3FF3F1E9-E4EA-4CEA-9D4F-207023721645}.Release|x86.ActiveCfg = Release|Any CPU
		{3FF3F1E9-E4EA-4CEA-9D4F-207023721645}.Release|x86.Build.0 = Release|Any CPU
	EndGlobalSection
EndGlobal
