
Microsoft Visual Studio Solution File, Format Version 12.00
# Visual Studio Version 16
VisualStudioVersion = 16.0.30309.148
MinimumVisualStudioVersion = 10.0.40219.1
Project("{D8E04269-450D-4011-916B-8F7BB9839D4D}") = "Azure.ResourceManager.Advisor", "src\Azure.ResourceManager.Advisor.csproj", "{FC2A8B14-7FC7-45CD-B6E4-FDC4E6C1F040}"
EndProject
Project("{D8E04269-450D-4011-916B-8F7BB9839D4D}") = "Azure.ResourceManager.Advisor.Tests", "tests\Azure.ResourceManager.Advisor.Tests.csproj", "{875927A1-9E99-4413-B22E-EC10E297E516}"
EndProject
Project("{D8E04269-450D-4011-916B-8F7BB9839D4D}") = "Azure.Core.TestFramework", "..\..\core\Azure.Core.TestFramework\src\Azure.Core.TestFramework.csproj", "{D834F7AA-20E1-4A74-8474-6E367332E3EB}"
EndProject
Project("{D8E04269-450D-4011-916B-8F7BB9839D4D}") = "Azure.Core", "..\..\core\Azure.Core\src\Azure.Core.csproj", "{91F4FCC0-AEB7-4FEC-B3C2-7A3F9764CB51}"
EndProject
Global
	GlobalSection(SolutionProperties) = preSolution
		HideSolutionNode = FALSE
	EndGlobalSection
	GlobalSection(ExtensibilityGlobals) = postSolution
		SolutionGuid = {B4010E47-9F56-4D0E-9A31-BB8005D6A7D8}
	EndGlobalSection
	GlobalSection(SolutionConfigurationPlatforms) = preSolution
		Debug|Any CPU = Debug|Any CPU
		Debug|x64 = Debug|x64
		Debug|x86 = Debug|x86
		Release|Any CPU = Release|Any CPU
		Release|x64 = Release|x64
		Release|x86 = Release|x86
	EndGlobalSection
	GlobalSection(ProjectConfigurationPlatforms) = postSolution
		{FC2A8B14-7FC7-45CD-B6E4-FDC4E6C1F040}.Debug|Any CPU.ActiveCfg = Debug|Any CPU
		{FC2A8B14-7FC7-45CD-B6E4-FDC4E6C1F040}.Debug|Any CPU.Build.0 = Debug|Any CPU
		{FC2A8B14-7FC7-45CD-B6E4-FDC4E6C1F040}.Debug|x64.ActiveCfg = Debug|Any CPU
		{FC2A8B14-7FC7-45CD-B6E4-FDC4E6C1F040}.Debug|x64.Build.0 = Debug|Any CPU
		{FC2A8B14-7FC7-45CD-B6E4-FDC4E6C1F040}.Debug|x86.ActiveCfg = Debug|Any CPU
		{FC2A8B14-7FC7-45CD-B6E4-FDC4E6C1F040}.Debug|x86.Build.0 = Debug|Any CPU
		{FC2A8B14-7FC7-45CD-B6E4-FDC4E6C1F040}.Release|Any CPU.ActiveCfg = Release|Any CPU
		{FC2A8B14-7FC7-45CD-B6E4-FDC4E6C1F040}.Release|Any CPU.Build.0 = Release|Any CPU
		{FC2A8B14-7FC7-45CD-B6E4-FDC4E6C1F040}.Release|x64.ActiveCfg = Release|Any CPU
		{FC2A8B14-7FC7-45CD-B6E4-FDC4E6C1F040}.Release|x64.Build.0 = Release|Any CPU
		{FC2A8B14-7FC7-45CD-B6E4-FDC4E6C1F040}.Release|x86.ActiveCfg = Release|Any CPU
		{FC2A8B14-7FC7-45CD-B6E4-FDC4E6C1F040}.Release|x86.Build.0 = Release|Any CPU
		{875927A1-9E99-4413-B22E-EC10E297E516}.Debug|Any CPU.ActiveCfg = Debug|Any CPU
		{875927A1-9E99-4413-B22E-EC10E297E516}.Debug|Any CPU.Build.0 = Debug|Any CPU
		{875927A1-9E99-4413-B22E-EC10E297E516}.Debug|x64.ActiveCfg = Debug|Any CPU
		{875927A1-9E99-4413-B22E-EC10E297E516}.Debug|x64.Build.0 = Debug|Any CPU
		{875927A1-9E99-4413-B22E-EC10E297E516}.Debug|x86.ActiveCfg = Debug|Any CPU
		{875927A1-9E99-4413-B22E-EC10E297E516}.Debug|x86.Build.0 = Debug|Any CPU
		{875927A1-9E99-4413-B22E-EC10E297E516}.Release|Any CPU.ActiveCfg = Release|Any CPU
		{875927A1-9E99-4413-B22E-EC10E297E516}.Release|Any CPU.Build.0 = Release|Any CPU
		{875927A1-9E99-4413-B22E-EC10E297E516}.Release|x64.ActiveCfg = Release|Any CPU
		{875927A1-9E99-4413-B22E-EC10E297E516}.Release|x64.Build.0 = Release|Any CPU
		{875927A1-9E99-4413-B22E-EC10E297E516}.Release|x86.ActiveCfg = Release|Any CPU
		{875927A1-9E99-4413-B22E-EC10E297E516}.Release|x86.Build.0 = Release|Any CPU
	EndGlobalSection
EndGlobal
