
Microsoft Visual Studio Solution File, Format Version 12.00
# Visual Studio Version 16
VisualStudioVersion = 16.0.30309.148
MinimumVisualStudioVersion = 10.0.40219.1
Project("{1F6DD581-958C-4099-972C-2AA5A44CDF16}") = "Azure.ResourceManager.DeploymentManager", "src\Azure.ResourceManager.DeploymentManager.csproj", "{8C1917E4-ACA7-482C-AF09-183CD6A38FF9}"
EndProject
Project("{1F6DD581-958C-4099-972C-2AA5A44CDF16}") = "Azure.ResourceManager.DeploymentManager.Tests", "tests\Azure.ResourceManager.DeploymentManager.Tests.csproj", "{2C154E8B-DB53-4CED-B6FE-AC8355B21A00}"
EndProject
Project("{1F6DD581-958C-4099-972C-2AA5A44CDF16}") = "Azure.Core.TestFramework", "..\..\core\Azure.Core.TestFramework\src\Azure.Core.TestFramework.csproj", "{D834F7AA-20E1-4A74-8474-6E367332E3EB}"
EndProject
Project("{1F6DD581-958C-4099-972C-2AA5A44CDF16}") = "Azure.Core", "..\..\core\Azure.Core\src\Azure.Core.csproj", "{91F4FCC0-AEB7-4FEC-B3C2-7A3F9764CB51}"
EndProject
Global
	GlobalSection(SolutionProperties) = preSolution
		HideSolutionNode = FALSE
	EndGlobalSection
	GlobalSection(ExtensibilityGlobals) = postSolution
		SolutionGuid = {6B8F1B6A-1AA2-422A-B2D0-AFF62B842F1B}
	EndGlobalSection
	GlobalSection(SolutionConfigurationPlatforms) = preSolution
		Debug|Any CPU = Debug|Any CPU
		Debug|x64 = Debug|x64
		Debug|x86 = Debug|x86
		Release|Any CPU = Release|Any CPU
		Release|x64 = Release|x64
		Release|x86 = Release|x86
	EndGlobalSection
	GlobalSection(ProjectConfigurationPlatforms) = postSolution
		{8C1917E4-ACA7-482C-AF09-183CD6A38FF9}.Debug|Any CPU.ActiveCfg = Debug|Any CPU
		{8C1917E4-ACA7-482C-AF09-183CD6A38FF9}.Debug|Any CPU.Build.0 = Debug|Any CPU
		{8C1917E4-ACA7-482C-AF09-183CD6A38FF9}.Debug|x64.ActiveCfg = Debug|Any CPU
		{8C1917E4-ACA7-482C-AF09-183CD6A38FF9}.Debug|x64.Build.0 = Debug|Any CPU
		{8C1917E4-ACA7-482C-AF09-183CD6A38FF9}.Debug|x86.ActiveCfg = Debug|Any CPU
		{8C1917E4-ACA7-482C-AF09-183CD6A38FF9}.Debug|x86.Build.0 = Debug|Any CPU
		{8C1917E4-ACA7-482C-AF09-183CD6A38FF9}.Release|Any CPU.ActiveCfg = Release|Any CPU
		{8C1917E4-ACA7-482C-AF09-183CD6A38FF9}.Release|Any CPU.Build.0 = Release|Any CPU
		{8C1917E4-ACA7-482C-AF09-183CD6A38FF9}.Release|x64.ActiveCfg = Release|Any CPU
		{8C1917E4-ACA7-482C-AF09-183CD6A38FF9}.Release|x64.Build.0 = Release|Any CPU
		{8C1917E4-ACA7-482C-AF09-183CD6A38FF9}.Release|x86.ActiveCfg = Release|Any CPU
		{8C1917E4-ACA7-482C-AF09-183CD6A38FF9}.Release|x86.Build.0 = Release|Any CPU
		{2C154E8B-DB53-4CED-B6FE-AC8355B21A00}.Debug|Any CPU.ActiveCfg = Debug|Any CPU
		{2C154E8B-DB53-4CED-B6FE-AC8355B21A00}.Debug|Any CPU.Build.0 = Debug|Any CPU
		{2C154E8B-DB53-4CED-B6FE-AC8355B21A00}.Debug|x64.ActiveCfg = Debug|Any CPU
		{2C154E8B-DB53-4CED-B6FE-AC8355B21A00}.Debug|x64.Build.0 = Debug|Any CPU
		{2C154E8B-DB53-4CED-B6FE-AC8355B21A00}.Debug|x86.ActiveCfg = Debug|Any CPU
		{2C154E8B-DB53-4CED-B6FE-AC8355B21A00}.Debug|x86.Build.0 = Debug|Any CPU
		{2C154E8B-DB53-4CED-B6FE-AC8355B21A00}.Release|Any CPU.ActiveCfg = Release|Any CPU
		{2C154E8B-DB53-4CED-B6FE-AC8355B21A00}.Release|Any CPU.Build.0 = Release|Any CPU
		{2C154E8B-DB53-4CED-B6FE-AC8355B21A00}.Release|x64.ActiveCfg = Release|Any CPU
		{2C154E8B-DB53-4CED-B6FE-AC8355B21A00}.Release|x64.Build.0 = Release|Any CPU
		{2C154E8B-DB53-4CED-B6FE-AC8355B21A00}.Release|x86.ActiveCfg = Release|Any CPU
		{2C154E8B-DB53-4CED-B6FE-AC8355B21A00}.Release|x86.Build.0 = Release|Any CPU
	EndGlobalSection
EndGlobal
