
Microsoft Visual Studio Solution File, Format Version 12.00
# Visual Studio Version 16
VisualStudioVersion = 16.0.30309.148
MinimumVisualStudioVersion = 10.0.40219.1
Project("{5A0E8C3A-A497-4A3E-BB4C-1622CB97833F}") = "Azure.ResourceManager.DeploymentManager", "src\Azure.ResourceManager.DeploymentManager.csproj", "{0C7F5DFC-1473-48D9-9D9C-21096F75923F}"
EndProject
Project("{5A0E8C3A-A497-4A3E-BB4C-1622CB97833F}") = "Azure.ResourceManager.DeploymentManager.Tests", "tests\Azure.ResourceManager.DeploymentManager.Tests.csproj", "{A1BCF1D3-1CED-4B97-B8BE-D084267F4D05}"
EndProject
Project("{5A0E8C3A-A497-4A3E-BB4C-1622CB97833F}") = "Azure.Core.TestFramework", "..\..\core\Azure.Core.TestFramework\src\Azure.Core.TestFramework.csproj", "{D834F7AA-20E1-4A74-8474-6E367332E3EB}"
EndProject
Project("{5A0E8C3A-A497-4A3E-BB4C-1622CB97833F}") = "Azure.Core", "..\..\core\Azure.Core\src\Azure.Core.csproj", "{91F4FCC0-AEB7-4FEC-B3C2-7A3F9764CB51}"
EndProject
Global
	GlobalSection(SolutionProperties) = preSolution
		HideSolutionNode = FALSE
	EndGlobalSection
	GlobalSection(ExtensibilityGlobals) = postSolution
		SolutionGuid = {E8420EF7-889A-4816-A04B-0E0F1229BDD3}
	EndGlobalSection
	GlobalSection(SolutionConfigurationPlatforms) = preSolution
		Debug|Any CPU = Debug|Any CPU
		Debug|x64 = Debug|x64
		Debug|x86 = Debug|x86
		Release|Any CPU = Release|Any CPU
		Release|x64 = Release|x64
		Release|x86 = Release|x86
	EndGlobalSection
	GlobalSection(ProjectConfigurationPlatforms) = postSolution
		{0C7F5DFC-1473-48D9-9D9C-21096F75923F}.Debug|Any CPU.ActiveCfg = Debug|Any CPU
		{0C7F5DFC-1473-48D9-9D9C-21096F75923F}.Debug|Any CPU.Build.0 = Debug|Any CPU
		{0C7F5DFC-1473-48D9-9D9C-21096F75923F}.Debug|x64.ActiveCfg = Debug|Any CPU
		{0C7F5DFC-1473-48D9-9D9C-21096F75923F}.Debug|x64.Build.0 = Debug|Any CPU
		{0C7F5DFC-1473-48D9-9D9C-21096F75923F}.Debug|x86.ActiveCfg = Debug|Any CPU
		{0C7F5DFC-1473-48D9-9D9C-21096F75923F}.Debug|x86.Build.0 = Debug|Any CPU
		{0C7F5DFC-1473-48D9-9D9C-21096F75923F}.Release|Any CPU.ActiveCfg = Release|Any CPU
		{0C7F5DFC-1473-48D9-9D9C-21096F75923F}.Release|Any CPU.Build.0 = Release|Any CPU
		{0C7F5DFC-1473-48D9-9D9C-21096F75923F}.Release|x64.ActiveCfg = Release|Any CPU
		{0C7F5DFC-1473-48D9-9D9C-21096F75923F}.Release|x64.Build.0 = Release|Any CPU
		{0C7F5DFC-1473-48D9-9D9C-21096F75923F}.Release|x86.ActiveCfg = Release|Any CPU
		{0C7F5DFC-1473-48D9-9D9C-21096F75923F}.Release|x86.Build.0 = Release|Any CPU
		{A1BCF1D3-1CED-4B97-B8BE-D084267F4D05}.Debug|Any CPU.ActiveCfg = Debug|Any CPU
		{A1BCF1D3-1CED-4B97-B8BE-D084267F4D05}.Debug|Any CPU.Build.0 = Debug|Any CPU
		{A1BCF1D3-1CED-4B97-B8BE-D084267F4D05}.Debug|x64.ActiveCfg = Debug|Any CPU
		{A1BCF1D3-1CED-4B97-B8BE-D084267F4D05}.Debug|x64.Build.0 = Debug|Any CPU
		{A1BCF1D3-1CED-4B97-B8BE-D084267F4D05}.Debug|x86.ActiveCfg = Debug|Any CPU
		{A1BCF1D3-1CED-4B97-B8BE-D084267F4D05}.Debug|x86.Build.0 = Debug|Any CPU
		{A1BCF1D3-1CED-4B97-B8BE-D084267F4D05}.Release|Any CPU.ActiveCfg = Release|Any CPU
		{A1BCF1D3-1CED-4B97-B8BE-D084267F4D05}.Release|Any CPU.Build.0 = Release|Any CPU
		{A1BCF1D3-1CED-4B97-B8BE-D084267F4D05}.Release|x64.ActiveCfg = Release|Any CPU
		{A1BCF1D3-1CED-4B97-B8BE-D084267F4D05}.Release|x64.Build.0 = Release|Any CPU
		{A1BCF1D3-1CED-4B97-B8BE-D084267F4D05}.Release|x86.ActiveCfg = Release|Any CPU
		{A1BCF1D3-1CED-4B97-B8BE-D084267F4D05}.Release|x86.Build.0 = Release|Any CPU
	EndGlobalSection
EndGlobal
