
Microsoft Visual Studio Solution File, Format Version 12.00
# Visual Studio Version 16
VisualStudioVersion = 16.0.30309.148
MinimumVisualStudioVersion = 10.0.40219.1
Project("{6F8D0AD0-EF4A-40F3-9E43-304EB69F65C7}") = "Azure.ResourceManager.MixedReality", "src\Azure.ResourceManager.MixedReality.csproj", "{95FE0C5A-3979-4458-8257-77AA67294FBF}"
EndProject
Project("{6F8D0AD0-EF4A-40F3-9E43-304EB69F65C7}") = "Azure.ResourceManager.MixedReality.Tests", "tests\Azure.ResourceManager.MixedReality.Tests.csproj", "{593B3F8C-E257-47C2-A831-B49FEF475670}"
EndProject
Project("{6F8D0AD0-EF4A-40F3-9E43-304EB69F65C7}") = "Azure.Core.TestFramework", "..\..\core\Azure.Core.TestFramework\src\Azure.Core.TestFramework.csproj", "{D834F7AA-20E1-4A74-8474-6E367332E3EB}"
EndProject
Project("{6F8D0AD0-EF4A-40F3-9E43-304EB69F65C7}") = "Azure.Core", "..\..\core\Azure.Core\src\Azure.Core.csproj", "{91F4FCC0-AEB7-4FEC-B3C2-7A3F9764CB51}"
EndProject
Global
	GlobalSection(SolutionProperties) = preSolution
		HideSolutionNode = FALSE
	EndGlobalSection
	GlobalSection(ExtensibilityGlobals) = postSolution
		SolutionGuid = {EED29426-7274-4327-82A6-6A9023779A8B}
	EndGlobalSection
	GlobalSection(SolutionConfigurationPlatforms) = preSolution
		Debug|Any CPU = Debug|Any CPU
		Debug|x64 = Debug|x64
		Debug|x86 = Debug|x86
		Release|Any CPU = Release|Any CPU
		Release|x64 = Release|x64
		Release|x86 = Release|x86
	EndGlobalSection
	GlobalSection(ProjectConfigurationPlatforms) = postSolution
		{95FE0C5A-3979-4458-8257-77AA67294FBF}.Debug|Any CPU.ActiveCfg = Debug|Any CPU
		{95FE0C5A-3979-4458-8257-77AA67294FBF}.Debug|Any CPU.Build.0 = Debug|Any CPU
		{95FE0C5A-3979-4458-8257-77AA67294FBF}.Debug|x64.ActiveCfg = Debug|Any CPU
		{95FE0C5A-3979-4458-8257-77AA67294FBF}.Debug|x64.Build.0 = Debug|Any CPU
		{95FE0C5A-3979-4458-8257-77AA67294FBF}.Debug|x86.ActiveCfg = Debug|Any CPU
		{95FE0C5A-3979-4458-8257-77AA67294FBF}.Debug|x86.Build.0 = Debug|Any CPU
		{95FE0C5A-3979-4458-8257-77AA67294FBF}.Release|Any CPU.ActiveCfg = Release|Any CPU
		{95FE0C5A-3979-4458-8257-77AA67294FBF}.Release|Any CPU.Build.0 = Release|Any CPU
		{95FE0C5A-3979-4458-8257-77AA67294FBF}.Release|x64.ActiveCfg = Release|Any CPU
		{95FE0C5A-3979-4458-8257-77AA67294FBF}.Release|x64.Build.0 = Release|Any CPU
		{95FE0C5A-3979-4458-8257-77AA67294FBF}.Release|x86.ActiveCfg = Release|Any CPU
		{95FE0C5A-3979-4458-8257-77AA67294FBF}.Release|x86.Build.0 = Release|Any CPU
		{593B3F8C-E257-47C2-A831-B49FEF475670}.Debug|Any CPU.ActiveCfg = Debug|Any CPU
		{593B3F8C-E257-47C2-A831-B49FEF475670}.Debug|Any CPU.Build.0 = Debug|Any CPU
		{593B3F8C-E257-47C2-A831-B49FEF475670}.Debug|x64.ActiveCfg = Debug|Any CPU
		{593B3F8C-E257-47C2-A831-B49FEF475670}.Debug|x64.Build.0 = Debug|Any CPU
		{593B3F8C-E257-47C2-A831-B49FEF475670}.Debug|x86.ActiveCfg = Debug|Any CPU
		{593B3F8C-E257-47C2-A831-B49FEF475670}.Debug|x86.Build.0 = Debug|Any CPU
		{593B3F8C-E257-47C2-A831-B49FEF475670}.Release|Any CPU.ActiveCfg = Release|Any CPU
		{593B3F8C-E257-47C2-A831-B49FEF475670}.Release|Any CPU.Build.0 = Release|Any CPU
		{593B3F8C-E257-47C2-A831-B49FEF475670}.Release|x64.ActiveCfg = Release|Any CPU
		{593B3F8C-E257-47C2-A831-B49FEF475670}.Release|x64.Build.0 = Release|Any CPU
		{593B3F8C-E257-47C2-A831-B49FEF475670}.Release|x86.ActiveCfg = Release|Any CPU
		{593B3F8C-E257-47C2-A831-B49FEF475670}.Release|x86.Build.0 = Release|Any CPU
	EndGlobalSection
EndGlobal
