
Microsoft Visual Studio Solution File, Format Version 12.00
# Visual Studio Version 16
VisualStudioVersion = 16.0.30309.148
MinimumVisualStudioVersion = 10.0.40219.1
Project("{EF254F6E-8F67-4EF9-A785-1A55390F9BCA}") = "Azure.ResourceManager.Media", "src\Azure.ResourceManager.Media.csproj", "{358E535E-7BDD-45D8-AB06-F2B56ED5897F}"
EndProject
Project("{EF254F6E-8F67-4EF9-A785-1A55390F9BCA}") = "Azure.ResourceManager.Media.Tests", "mocktests\Azure.ResourceManager.Media.Tests.csproj", "{E39F91A6-765A-4761-A8D6-1F01B4CAE731}"
EndProject
Project("{EF254F6E-8F67-4EF9-A785-1A55390F9BCA}") = "Azure.Core.TestFramework", "..\..\core\Azure.Core.TestFramework\src\Azure.Core.TestFramework.csproj", "{D834F7AA-20E1-4A74-8474-6E367332E3EB}"
EndProject
Project("{EF254F6E-8F67-4EF9-A785-1A55390F9BCA}") = "Azure.Core", "..\..\core\Azure.Core\src\Azure.Core.csproj", "{91F4FCC0-AEB7-4FEC-B3C2-7A3F9764CB51}"
EndProject
Global
	GlobalSection(SolutionProperties) = preSolution
		HideSolutionNode = FALSE
	EndGlobalSection
	GlobalSection(ExtensibilityGlobals) = postSolution
		SolutionGuid = {85E7D169-5431-458E-9BEE-2721B8AF8A7F}
	EndGlobalSection
	GlobalSection(SolutionConfigurationPlatforms) = preSolution
		Debug|Any CPU = Debug|Any CPU
		Debug|x64 = Debug|x64
		Debug|x86 = Debug|x86
		Release|Any CPU = Release|Any CPU
		Release|x64 = Release|x64
		Release|x86 = Release|x86
	EndGlobalSection
	GlobalSection(ProjectConfigurationPlatforms) = postSolution
		{358E535E-7BDD-45D8-AB06-F2B56ED5897F}.Debug|Any CPU.ActiveCfg = Debug|Any CPU
		{358E535E-7BDD-45D8-AB06-F2B56ED5897F}.Debug|Any CPU.Build.0 = Debug|Any CPU
		{358E535E-7BDD-45D8-AB06-F2B56ED5897F}.Debug|x64.ActiveCfg = Debug|Any CPU
		{358E535E-7BDD-45D8-AB06-F2B56ED5897F}.Debug|x64.Build.0 = Debug|Any CPU
		{358E535E-7BDD-45D8-AB06-F2B56ED5897F}.Debug|x86.ActiveCfg = Debug|Any CPU
		{358E535E-7BDD-45D8-AB06-F2B56ED5897F}.Debug|x86.Build.0 = Debug|Any CPU
		{358E535E-7BDD-45D8-AB06-F2B56ED5897F}.Release|Any CPU.ActiveCfg = Release|Any CPU
		{358E535E-7BDD-45D8-AB06-F2B56ED5897F}.Release|Any CPU.Build.0 = Release|Any CPU
		{358E535E-7BDD-45D8-AB06-F2B56ED5897F}.Release|x64.ActiveCfg = Release|Any CPU
		{358E535E-7BDD-45D8-AB06-F2B56ED5897F}.Release|x64.Build.0 = Release|Any CPU
		{358E535E-7BDD-45D8-AB06-F2B56ED5897F}.Release|x86.ActiveCfg = Release|Any CPU
		{358E535E-7BDD-45D8-AB06-F2B56ED5897F}.Release|x86.Build.0 = Release|Any CPU
		{E39F91A6-765A-4761-A8D6-1F01B4CAE731}.Debug|Any CPU.ActiveCfg = Debug|Any CPU
		{E39F91A6-765A-4761-A8D6-1F01B4CAE731}.Debug|Any CPU.Build.0 = Debug|Any CPU
		{E39F91A6-765A-4761-A8D6-1F01B4CAE731}.Debug|x64.ActiveCfg = Debug|Any CPU
		{E39F91A6-765A-4761-A8D6-1F01B4CAE731}.Debug|x64.Build.0 = Debug|Any CPU
		{E39F91A6-765A-4761-A8D6-1F01B4CAE731}.Debug|x86.ActiveCfg = Debug|Any CPU
		{E39F91A6-765A-4761-A8D6-1F01B4CAE731}.Debug|x86.Build.0 = Debug|Any CPU
		{E39F91A6-765A-4761-A8D6-1F01B4CAE731}.Release|Any CPU.ActiveCfg = Release|Any CPU
		{E39F91A6-765A-4761-A8D6-1F01B4CAE731}.Release|Any CPU.Build.0 = Release|Any CPU
		{E39F91A6-765A-4761-A8D6-1F01B4CAE731}.Release|x64.ActiveCfg = Release|Any CPU
		{E39F91A6-765A-4761-A8D6-1F01B4CAE731}.Release|x64.Build.0 = Release|Any CPU
		{E39F91A6-765A-4761-A8D6-1F01B4CAE731}.Release|x86.ActiveCfg = Release|Any CPU
		{E39F91A6-765A-4761-A8D6-1F01B4CAE731}.Release|x86.Build.0 = Release|Any CPU
	EndGlobalSection
EndGlobal
