
Microsoft Visual Studio Solution File, Format Version 12.00
# Visual Studio Version 16
VisualStudioVersion = 16.0.30309.148
MinimumVisualStudioVersion = 10.0.40219.1
Project("{8AA4FBCE-39E2-4FD9-BFA6-D2DDF15CE701}") = "Azure.ResourceManager.Media", "src\Azure.ResourceManager.Media.csproj", "{5E1767C9-18DB-44D0-A22D-5F4D3221F4EE}"
EndProject
Project("{8AA4FBCE-39E2-4FD9-BFA6-D2DDF15CE701}") = "Azure.ResourceManager.Media.Tests", "mocktests\Azure.ResourceManager.Media.Tests.csproj", "{B74A8353-3A99-4F28-958E-1A1CDDBD5324}"
EndProject
Project("{8AA4FBCE-39E2-4FD9-BFA6-D2DDF15CE701}") = "Azure.Core.TestFramework", "..\..\core\Azure.Core.TestFramework\src\Azure.Core.TestFramework.csproj", "{D834F7AA-20E1-4A74-8474-6E367332E3EB}"
EndProject
Project("{8AA4FBCE-39E2-4FD9-BFA6-D2DDF15CE701}") = "Azure.Core", "..\..\core\Azure.Core\src\Azure.Core.csproj", "{91F4FCC0-AEB7-4FEC-B3C2-7A3F9764CB51}"
EndProject
Global
	GlobalSection(SolutionProperties) = preSolution
		HideSolutionNode = FALSE
	EndGlobalSection
	GlobalSection(ExtensibilityGlobals) = postSolution
		SolutionGuid = {D6B635FA-46C4-46BB-91AB-F302220240A4}
	EndGlobalSection
	GlobalSection(SolutionConfigurationPlatforms) = preSolution
		Debug|Any CPU = Debug|Any CPU
		Debug|x64 = Debug|x64
		Debug|x86 = Debug|x86
		Release|Any CPU = Release|Any CPU
		Release|x64 = Release|x64
		Release|x86 = Release|x86
	EndGlobalSection
	GlobalSection(ProjectConfigurationPlatforms) = postSolution
		{5E1767C9-18DB-44D0-A22D-5F4D3221F4EE}.Debug|Any CPU.ActiveCfg = Debug|Any CPU
		{5E1767C9-18DB-44D0-A22D-5F4D3221F4EE}.Debug|Any CPU.Build.0 = Debug|Any CPU
		{5E1767C9-18DB-44D0-A22D-5F4D3221F4EE}.Debug|x64.ActiveCfg = Debug|Any CPU
		{5E1767C9-18DB-44D0-A22D-5F4D3221F4EE}.Debug|x64.Build.0 = Debug|Any CPU
		{5E1767C9-18DB-44D0-A22D-5F4D3221F4EE}.Debug|x86.ActiveCfg = Debug|Any CPU
		{5E1767C9-18DB-44D0-A22D-5F4D3221F4EE}.Debug|x86.Build.0 = Debug|Any CPU
		{5E1767C9-18DB-44D0-A22D-5F4D3221F4EE}.Release|Any CPU.ActiveCfg = Release|Any CPU
		{5E1767C9-18DB-44D0-A22D-5F4D3221F4EE}.Release|Any CPU.Build.0 = Release|Any CPU
		{5E1767C9-18DB-44D0-A22D-5F4D3221F4EE}.Release|x64.ActiveCfg = Release|Any CPU
		{5E1767C9-18DB-44D0-A22D-5F4D3221F4EE}.Release|x64.Build.0 = Release|Any CPU
		{5E1767C9-18DB-44D0-A22D-5F4D3221F4EE}.Release|x86.ActiveCfg = Release|Any CPU
		{5E1767C9-18DB-44D0-A22D-5F4D3221F4EE}.Release|x86.Build.0 = Release|Any CPU
		{B74A8353-3A99-4F28-958E-1A1CDDBD5324}.Debug|Any CPU.ActiveCfg = Debug|Any CPU
		{B74A8353-3A99-4F28-958E-1A1CDDBD5324}.Debug|Any CPU.Build.0 = Debug|Any CPU
		{B74A8353-3A99-4F28-958E-1A1CDDBD5324}.Debug|x64.ActiveCfg = Debug|Any CPU
		{B74A8353-3A99-4F28-958E-1A1CDDBD5324}.Debug|x64.Build.0 = Debug|Any CPU
		{B74A8353-3A99-4F28-958E-1A1CDDBD5324}.Debug|x86.ActiveCfg = Debug|Any CPU
		{B74A8353-3A99-4F28-958E-1A1CDDBD5324}.Debug|x86.Build.0 = Debug|Any CPU
		{B74A8353-3A99-4F28-958E-1A1CDDBD5324}.Release|Any CPU.ActiveCfg = Release|Any CPU
		{B74A8353-3A99-4F28-958E-1A1CDDBD5324}.Release|Any CPU.Build.0 = Release|Any CPU
		{B74A8353-3A99-4F28-958E-1A1CDDBD5324}.Release|x64.ActiveCfg = Release|Any CPU
		{B74A8353-3A99-4F28-958E-1A1CDDBD5324}.Release|x64.Build.0 = Release|Any CPU
		{B74A8353-3A99-4F28-958E-1A1CDDBD5324}.Release|x86.ActiveCfg = Release|Any CPU
		{B74A8353-3A99-4F28-958E-1A1CDDBD5324}.Release|x86.Build.0 = Release|Any CPU
	EndGlobalSection
EndGlobal
