
Microsoft Visual Studio Solution File, Format Version 12.00
# Visual Studio Version 16
VisualStudioVersion = 16.0.30309.148
MinimumVisualStudioVersion = 10.0.40219.1
Project("{B05163A3-DF93-494B-A0DD-EA94F3BF138E}") = "Azure.ResourceManager.Datadog", "src\Azure.ResourceManager.Datadog.csproj", "{9CF18DC5-9210-4524-8C14-0BD68F600B8B}"
EndProject
Project("{B05163A3-DF93-494B-A0DD-EA94F3BF138E}") = "Azure.ResourceManager.Datadog.Tests", "tests\Azure.ResourceManager.Datadog.Tests.csproj", "{B4E0489D-C071-4EE7-B7C1-104E7C9954DB}"
EndProject
Project("{B05163A3-DF93-494B-A0DD-EA94F3BF138E}") = "Azure.Core.TestFramework", "..\..\core\Azure.Core.TestFramework\src\Azure.Core.TestFramework.csproj", "{D834F7AA-20E1-4A74-8474-6E367332E3EB}"
EndProject
Project("{B05163A3-DF93-494B-A0DD-EA94F3BF138E}") = "Azure.Core", "..\..\core\Azure.Core\src\Azure.Core.csproj", "{91F4FCC0-AEB7-4FEC-B3C2-7A3F9764CB51}"
EndProject
Global
	GlobalSection(SolutionProperties) = preSolution
		HideSolutionNode = FALSE
	EndGlobalSection
	GlobalSection(ExtensibilityGlobals) = postSolution
		SolutionGuid = {76C7D151-C06D-4E4D-9C18-E611D9A92B46}
	EndGlobalSection
	GlobalSection(SolutionConfigurationPlatforms) = preSolution
		Debug|Any CPU = Debug|Any CPU
		Debug|x64 = Debug|x64
		Debug|x86 = Debug|x86
		Release|Any CPU = Release|Any CPU
		Release|x64 = Release|x64
		Release|x86 = Release|x86
	EndGlobalSection
	GlobalSection(ProjectConfigurationPlatforms) = postSolution
		{9CF18DC5-9210-4524-8C14-0BD68F600B8B}.Debug|Any CPU.ActiveCfg = Debug|Any CPU
		{9CF18DC5-9210-4524-8C14-0BD68F600B8B}.Debug|Any CPU.Build.0 = Debug|Any CPU
		{9CF18DC5-9210-4524-8C14-0BD68F600B8B}.Debug|x64.ActiveCfg = Debug|Any CPU
		{9CF18DC5-9210-4524-8C14-0BD68F600B8B}.Debug|x64.Build.0 = Debug|Any CPU
		{9CF18DC5-9210-4524-8C14-0BD68F600B8B}.Debug|x86.ActiveCfg = Debug|Any CPU
		{9CF18DC5-9210-4524-8C14-0BD68F600B8B}.Debug|x86.Build.0 = Debug|Any CPU
		{9CF18DC5-9210-4524-8C14-0BD68F600B8B}.Release|Any CPU.ActiveCfg = Release|Any CPU
		{9CF18DC5-9210-4524-8C14-0BD68F600B8B}.Release|Any CPU.Build.0 = Release|Any CPU
		{9CF18DC5-9210-4524-8C14-0BD68F600B8B}.Release|x64.ActiveCfg = Release|Any CPU
		{9CF18DC5-9210-4524-8C14-0BD68F600B8B}.Release|x64.Build.0 = Release|Any CPU
		{9CF18DC5-9210-4524-8C14-0BD68F600B8B}.Release|x86.ActiveCfg = Release|Any CPU
		{9CF18DC5-9210-4524-8C14-0BD68F600B8B}.Release|x86.Build.0 = Release|Any CPU
		{B4E0489D-C071-4EE7-B7C1-104E7C9954DB}.Debug|Any CPU.ActiveCfg = Debug|Any CPU
		{B4E0489D-C071-4EE7-B7C1-104E7C9954DB}.Debug|Any CPU.Build.0 = Debug|Any CPU
		{B4E0489D-C071-4EE7-B7C1-104E7C9954DB}.Debug|x64.ActiveCfg = Debug|Any CPU
		{B4E0489D-C071-4EE7-B7C1-104E7C9954DB}.Debug|x64.Build.0 = Debug|Any CPU
		{B4E0489D-C071-4EE7-B7C1-104E7C9954DB}.Debug|x86.ActiveCfg = Debug|Any CPU
		{B4E0489D-C071-4EE7-B7C1-104E7C9954DB}.Debug|x86.Build.0 = Debug|Any CPU
		{B4E0489D-C071-4EE7-B7C1-104E7C9954DB}.Release|Any CPU.ActiveCfg = Release|Any CPU
		{B4E0489D-C071-4EE7-B7C1-104E7C9954DB}.Release|Any CPU.Build.0 = Release|Any CPU
		{B4E0489D-C071-4EE7-B7C1-104E7C9954DB}.Release|x64.ActiveCfg = Release|Any CPU
		{B4E0489D-C071-4EE7-B7C1-104E7C9954DB}.Release|x64.Build.0 = Release|Any CPU
		{B4E0489D-C071-4EE7-B7C1-104E7C9954DB}.Release|x86.ActiveCfg = Release|Any CPU
		{B4E0489D-C071-4EE7-B7C1-104E7C9954DB}.Release|x86.Build.0 = Release|Any CPU
	EndGlobalSection
EndGlobal
