
Microsoft Visual Studio Solution File, Format Version 12.00
# Visual Studio Version 16
VisualStudioVersion = 16.0.30309.148
MinimumVisualStudioVersion = 10.0.40219.1
Project("{BB40FB6F-C5CA-4EF5-BBA3-DD44594119BC}") = "Azure.ResourceManager.Avs", "src\Azure.ResourceManager.Avs.csproj", "{3B8646E8-2B93-4E40-A4F4-B565011F4A83}"
EndProject
Project("{BB40FB6F-C5CA-4EF5-BBA3-DD44594119BC}") = "Azure.ResourceManager.Avs.Tests", "mocktests\Azure.ResourceManager.Avs.Tests.csproj", "{E85BE7E2-1BCC-42AE-B6B1-B12AA2FC35AB}"
EndProject
Project("{BB40FB6F-C5CA-4EF5-BBA3-DD44594119BC}") = "Azure.Core.TestFramework", "..\..\core\Azure.Core.TestFramework\src\Azure.Core.TestFramework.csproj", "{D834F7AA-20E1-4A74-8474-6E367332E3EB}"
EndProject
Project("{BB40FB6F-C5CA-4EF5-BBA3-DD44594119BC}") = "Azure.Core", "..\..\core\Azure.Core\src\Azure.Core.csproj", "{91F4FCC0-AEB7-4FEC-B3C2-7A3F9764CB51}"
EndProject
Global
	GlobalSection(SolutionProperties) = preSolution
		HideSolutionNode = FALSE
	EndGlobalSection
	GlobalSection(ExtensibilityGlobals) = postSolution
		SolutionGuid = {DB458396-5D08-4CE1-8C56-6B3C64ECC30F}
	EndGlobalSection
	GlobalSection(SolutionConfigurationPlatforms) = preSolution
		Debug|Any CPU = Debug|Any CPU
		Debug|x64 = Debug|x64
		Debug|x86 = Debug|x86
		Release|Any CPU = Release|Any CPU
		Release|x64 = Release|x64
		Release|x86 = Release|x86
	EndGlobalSection
	GlobalSection(ProjectConfigurationPlatforms) = postSolution
		{3B8646E8-2B93-4E40-A4F4-B565011F4A83}.Debug|Any CPU.ActiveCfg = Debug|Any CPU
		{3B8646E8-2B93-4E40-A4F4-B565011F4A83}.Debug|Any CPU.Build.0 = Debug|Any CPU
		{3B8646E8-2B93-4E40-A4F4-B565011F4A83}.Debug|x64.ActiveCfg = Debug|Any CPU
		{3B8646E8-2B93-4E40-A4F4-B565011F4A83}.Debug|x64.Build.0 = Debug|Any CPU
		{3B8646E8-2B93-4E40-A4F4-B565011F4A83}.Debug|x86.ActiveCfg = Debug|Any CPU
		{3B8646E8-2B93-4E40-A4F4-B565011F4A83}.Debug|x86.Build.0 = Debug|Any CPU
		{3B8646E8-2B93-4E40-A4F4-B565011F4A83}.Release|Any CPU.ActiveCfg = Release|Any CPU
		{3B8646E8-2B93-4E40-A4F4-B565011F4A83}.Release|Any CPU.Build.0 = Release|Any CPU
		{3B8646E8-2B93-4E40-A4F4-B565011F4A83}.Release|x64.ActiveCfg = Release|Any CPU
		{3B8646E8-2B93-4E40-A4F4-B565011F4A83}.Release|x64.Build.0 = Release|Any CPU
		{3B8646E8-2B93-4E40-A4F4-B565011F4A83}.Release|x86.ActiveCfg = Release|Any CPU
		{3B8646E8-2B93-4E40-A4F4-B565011F4A83}.Release|x86.Build.0 = Release|Any CPU
		{E85BE7E2-1BCC-42AE-B6B1-B12AA2FC35AB}.Debug|Any CPU.ActiveCfg = Debug|Any CPU
		{E85BE7E2-1BCC-42AE-B6B1-B12AA2FC35AB}.Debug|Any CPU.Build.0 = Debug|Any CPU
		{E85BE7E2-1BCC-42AE-B6B1-B12AA2FC35AB}.Debug|x64.ActiveCfg = Debug|Any CPU
		{E85BE7E2-1BCC-42AE-B6B1-B12AA2FC35AB}.Debug|x64.Build.0 = Debug|Any CPU
		{E85BE7E2-1BCC-42AE-B6B1-B12AA2FC35AB}.Debug|x86.ActiveCfg = Debug|Any CPU
		{E85BE7E2-1BCC-42AE-B6B1-B12AA2FC35AB}.Debug|x86.Build.0 = Debug|Any CPU
		{E85BE7E2-1BCC-42AE-B6B1-B12AA2FC35AB}.Release|Any CPU.ActiveCfg = Release|Any CPU
		{E85BE7E2-1BCC-42AE-B6B1-B12AA2FC35AB}.Release|Any CPU.Build.0 = Release|Any CPU
		{E85BE7E2-1BCC-42AE-B6B1-B12AA2FC35AB}.Release|x64.ActiveCfg = Release|Any CPU
		{E85BE7E2-1BCC-42AE-B6B1-B12AA2FC35AB}.Release|x64.Build.0 = Release|Any CPU
		{E85BE7E2-1BCC-42AE-B6B1-B12AA2FC35AB}.Release|x86.ActiveCfg = Release|Any CPU
		{E85BE7E2-1BCC-42AE-B6B1-B12AA2FC35AB}.Release|x86.Build.0 = Release|Any CPU
	EndGlobalSection
EndGlobal
