
Microsoft Visual Studio Solution File, Format Version 12.00
# Visual Studio Version 16
VisualStudioVersion = 16.0.30309.148
MinimumVisualStudioVersion = 10.0.40219.1
Project("{EB124670-991A-4189-A45E-6C857DDEA0D6}") = "Azure.ResourceManager.Maps", "src\Azure.ResourceManager.Maps.csproj", "{D43B08D0-D570-4E78-AA21-7AF6F59D614E}"
EndProject
Project("{EB124670-991A-4189-A45E-6C857DDEA0D6}") = "Azure.ResourceManager.Maps.Tests", "mocktests\Azure.ResourceManager.Maps.Tests.csproj", "{84E47234-E8D7-43BF-9429-772F791E578C}"
EndProject
Project("{EB124670-991A-4189-A45E-6C857DDEA0D6}") = "Azure.Core.TestFramework", "..\..\core\Azure.Core.TestFramework\src\Azure.Core.TestFramework.csproj", "{D834F7AA-20E1-4A74-8474-6E367332E3EB}"
EndProject
Project("{EB124670-991A-4189-A45E-6C857DDEA0D6}") = "Azure.Core", "..\..\core\Azure.Core\src\Azure.Core.csproj", "{91F4FCC0-AEB7-4FEC-B3C2-7A3F9764CB51}"
EndProject
Global
	GlobalSection(SolutionProperties) = preSolution
		HideSolutionNode = FALSE
	EndGlobalSection
	GlobalSection(ExtensibilityGlobals) = postSolution
		SolutionGuid = {D00435D7-1349-4B88-91A1-AF948626833E}
	EndGlobalSection
	GlobalSection(SolutionConfigurationPlatforms) = preSolution
		Debug|Any CPU = Debug|Any CPU
		Debug|x64 = Debug|x64
		Debug|x86 = Debug|x86
		Release|Any CPU = Release|Any CPU
		Release|x64 = Release|x64
		Release|x86 = Release|x86
	EndGlobalSection
	GlobalSection(ProjectConfigurationPlatforms) = postSolution
		{D43B08D0-D570-4E78-AA21-7AF6F59D614E}.Debug|Any CPU.ActiveCfg = Debug|Any CPU
		{D43B08D0-D570-4E78-AA21-7AF6F59D614E}.Debug|Any CPU.Build.0 = Debug|Any CPU
		{D43B08D0-D570-4E78-AA21-7AF6F59D614E}.Debug|x64.ActiveCfg = Debug|Any CPU
		{D43B08D0-D570-4E78-AA21-7AF6F59D614E}.Debug|x64.Build.0 = Debug|Any CPU
		{D43B08D0-D570-4E78-AA21-7AF6F59D614E}.Debug|x86.ActiveCfg = Debug|Any CPU
		{D43B08D0-D570-4E78-AA21-7AF6F59D614E}.Debug|x86.Build.0 = Debug|Any CPU
		{D43B08D0-D570-4E78-AA21-7AF6F59D614E}.Release|Any CPU.ActiveCfg = Release|Any CPU
		{D43B08D0-D570-4E78-AA21-7AF6F59D614E}.Release|Any CPU.Build.0 = Release|Any CPU
		{D43B08D0-D570-4E78-AA21-7AF6F59D614E}.Release|x64.ActiveCfg = Release|Any CPU
		{D43B08D0-D570-4E78-AA21-7AF6F59D614E}.Release|x64.Build.0 = Release|Any CPU
		{D43B08D0-D570-4E78-AA21-7AF6F59D614E}.Release|x86.ActiveCfg = Release|Any CPU
		{D43B08D0-D570-4E78-AA21-7AF6F59D614E}.Release|x86.Build.0 = Release|Any CPU
		{84E47234-E8D7-43BF-9429-772F791E578C}.Debug|Any CPU.ActiveCfg = Debug|Any CPU
		{84E47234-E8D7-43BF-9429-772F791E578C}.Debug|Any CPU.Build.0 = Debug|Any CPU
		{84E47234-E8D7-43BF-9429-772F791E578C}.Debug|x64.ActiveCfg = Debug|Any CPU
		{84E47234-E8D7-43BF-9429-772F791E578C}.Debug|x64.Build.0 = Debug|Any CPU
		{84E47234-E8D7-43BF-9429-772F791E578C}.Debug|x86.ActiveCfg = Debug|Any CPU
		{84E47234-E8D7-43BF-9429-772F791E578C}.Debug|x86.Build.0 = Debug|Any CPU
		{84E47234-E8D7-43BF-9429-772F791E578C}.Release|Any CPU.ActiveCfg = Release|Any CPU
		{84E47234-E8D7-43BF-9429-772F791E578C}.Release|Any CPU.Build.0 = Release|Any CPU
		{84E47234-E8D7-43BF-9429-772F791E578C}.Release|x64.ActiveCfg = Release|Any CPU
		{84E47234-E8D7-43BF-9429-772F791E578C}.Release|x64.Build.0 = Release|Any CPU
		{84E47234-E8D7-43BF-9429-772F791E578C}.Release|x86.ActiveCfg = Release|Any CPU
		{84E47234-E8D7-43BF-9429-772F791E578C}.Release|x86.Build.0 = Release|Any CPU
	EndGlobalSection
EndGlobal
