
Microsoft Visual Studio Solution File, Format Version 12.00
# Visual Studio Version 16
VisualStudioVersion = 16.0.30309.148
MinimumVisualStudioVersion = 10.0.40219.1
Project("{178A6EC7-9CA3-48E0-83DB-EC113A06A571}") = "Azure.ResourceManager.Marketplace", "src\Azure.ResourceManager.Marketplace.csproj", "{1A0B24B0-4F3D-4109-A7C3-FA4250BCA235}"
EndProject
Project("{178A6EC7-9CA3-48E0-83DB-EC113A06A571}") = "Azure.ResourceManager.Marketplace.Tests", "tests\Azure.ResourceManager.Marketplace.Tests.csproj", "{BAFEDFD2-322C-4971-A2E2-5F3B73A9C1DC}"
EndProject
Project("{178A6EC7-9CA3-48E0-83DB-EC113A06A571}") = "Azure.Core.TestFramework", "..\..\core\Azure.Core.TestFramework\src\Azure.Core.TestFramework.csproj", "{D834F7AA-20E1-4A74-8474-6E367332E3EB}"
EndProject
Project("{178A6EC7-9CA3-48E0-83DB-EC113A06A571}") = "Azure.Core", "..\..\core\Azure.Core\src\Azure.Core.csproj", "{91F4FCC0-AEB7-4FEC-B3C2-7A3F9764CB51}"
EndProject
Global
	GlobalSection(SolutionProperties) = preSolution
		HideSolutionNode = FALSE
	EndGlobalSection
	GlobalSection(ExtensibilityGlobals) = postSolution
		SolutionGuid = {20004A0F-FC7D-453F-A131-A404112E47A9}
	EndGlobalSection
	GlobalSection(SolutionConfigurationPlatforms) = preSolution
		Debug|Any CPU = Debug|Any CPU
		Debug|x64 = Debug|x64
		Debug|x86 = Debug|x86
		Release|Any CPU = Release|Any CPU
		Release|x64 = Release|x64
		Release|x86 = Release|x86
	EndGlobalSection
	GlobalSection(ProjectConfigurationPlatforms) = postSolution
		{1A0B24B0-4F3D-4109-A7C3-FA4250BCA235}.Debug|Any CPU.ActiveCfg = Debug|Any CPU
		{1A0B24B0-4F3D-4109-A7C3-FA4250BCA235}.Debug|Any CPU.Build.0 = Debug|Any CPU
		{1A0B24B0-4F3D-4109-A7C3-FA4250BCA235}.Debug|x64.ActiveCfg = Debug|Any CPU
		{1A0B24B0-4F3D-4109-A7C3-FA4250BCA235}.Debug|x64.Build.0 = Debug|Any CPU
		{1A0B24B0-4F3D-4109-A7C3-FA4250BCA235}.Debug|x86.ActiveCfg = Debug|Any CPU
		{1A0B24B0-4F3D-4109-A7C3-FA4250BCA235}.Debug|x86.Build.0 = Debug|Any CPU
		{1A0B24B0-4F3D-4109-A7C3-FA4250BCA235}.Release|Any CPU.ActiveCfg = Release|Any CPU
		{1A0B24B0-4F3D-4109-A7C3-FA4250BCA235}.Release|Any CPU.Build.0 = Release|Any CPU
		{1A0B24B0-4F3D-4109-A7C3-FA4250BCA235}.Release|x64.ActiveCfg = Release|Any CPU
		{1A0B24B0-4F3D-4109-A7C3-FA4250BCA235}.Release|x64.Build.0 = Release|Any CPU
		{1A0B24B0-4F3D-4109-A7C3-FA4250BCA235}.Release|x86.ActiveCfg = Release|Any CPU
		{1A0B24B0-4F3D-4109-A7C3-FA4250BCA235}.Release|x86.Build.0 = Release|Any CPU
		{BAFEDFD2-322C-4971-A2E2-5F3B73A9C1DC}.Debug|Any CPU.ActiveCfg = Debug|Any CPU
		{BAFEDFD2-322C-4971-A2E2-5F3B73A9C1DC}.Debug|Any CPU.Build.0 = Debug|Any CPU
		{BAFEDFD2-322C-4971-A2E2-5F3B73A9C1DC}.Debug|x64.ActiveCfg = Debug|Any CPU
		{BAFEDFD2-322C-4971-A2E2-5F3B73A9C1DC}.Debug|x64.Build.0 = Debug|Any CPU
		{BAFEDFD2-322C-4971-A2E2-5F3B73A9C1DC}.Debug|x86.ActiveCfg = Debug|Any CPU
		{BAFEDFD2-322C-4971-A2E2-5F3B73A9C1DC}.Debug|x86.Build.0 = Debug|Any CPU
		{BAFEDFD2-322C-4971-A2E2-5F3B73A9C1DC}.Release|Any CPU.ActiveCfg = Release|Any CPU
		{BAFEDFD2-322C-4971-A2E2-5F3B73A9C1DC}.Release|Any CPU.Build.0 = Release|Any CPU
		{BAFEDFD2-322C-4971-A2E2-5F3B73A9C1DC}.Release|x64.ActiveCfg = Release|Any CPU
		{BAFEDFD2-322C-4971-A2E2-5F3B73A9C1DC}.Release|x64.Build.0 = Release|Any CPU
		{BAFEDFD2-322C-4971-A2E2-5F3B73A9C1DC}.Release|x86.ActiveCfg = Release|Any CPU
		{BAFEDFD2-322C-4971-A2E2-5F3B73A9C1DC}.Release|x86.Build.0 = Release|Any CPU
	EndGlobalSection
EndGlobal
