
Microsoft Visual Studio Solution File, Format Version 12.00
# Visual Studio Version 16
VisualStudioVersion = 16.0.30309.148
MinimumVisualStudioVersion = 10.0.40219.1
Project("{A13557A5-DBC1-4D48-8C12-4564D515AEE2}") = "Azure.ResourceManager.DevTestLabs", "src\Azure.ResourceManager.DevTestLabs.csproj", "{E5AA7166-36C5-43E5-9800-298B5F7EC872}"
EndProject
Project("{A13557A5-DBC1-4D48-8C12-4564D515AEE2}") = "Azure.ResourceManager.DevTestLabs.Tests", "mocktests\Azure.ResourceManager.DevTestLabs.Tests.csproj", "{C77FCC4F-CF5F-4280-B28C-18DDF687BE50}"
EndProject
Project("{A13557A5-DBC1-4D48-8C12-4564D515AEE2}") = "Azure.Core.TestFramework", "..\..\core\Azure.Core.TestFramework\src\Azure.Core.TestFramework.csproj", "{D834F7AA-20E1-4A74-8474-6E367332E3EB}"
EndProject
Project("{A13557A5-DBC1-4D48-8C12-4564D515AEE2}") = "Azure.Core", "..\..\core\Azure.Core\src\Azure.Core.csproj", "{91F4FCC0-AEB7-4FEC-B3C2-7A3F9764CB51}"
EndProject
Global
	GlobalSection(SolutionProperties) = preSolution
		HideSolutionNode = FALSE
	EndGlobalSection
	GlobalSection(ExtensibilityGlobals) = postSolution
		SolutionGuid = {A89E57E8-73BD-4DE3-8A45-DB27BB1A4F53}
	EndGlobalSection
	GlobalSection(SolutionConfigurationPlatforms) = preSolution
		Debug|Any CPU = Debug|Any CPU
		Debug|x64 = Debug|x64
		Debug|x86 = Debug|x86
		Release|Any CPU = Release|Any CPU
		Release|x64 = Release|x64
		Release|x86 = Release|x86
	EndGlobalSection
	GlobalSection(ProjectConfigurationPlatforms) = postSolution
		{E5AA7166-36C5-43E5-9800-298B5F7EC872}.Debug|Any CPU.ActiveCfg = Debug|Any CPU
		{E5AA7166-36C5-43E5-9800-298B5F7EC872}.Debug|Any CPU.Build.0 = Debug|Any CPU
		{E5AA7166-36C5-43E5-9800-298B5F7EC872}.Debug|x64.ActiveCfg = Debug|Any CPU
		{E5AA7166-36C5-43E5-9800-298B5F7EC872}.Debug|x64.Build.0 = Debug|Any CPU
		{E5AA7166-36C5-43E5-9800-298B5F7EC872}.Debug|x86.ActiveCfg = Debug|Any CPU
		{E5AA7166-36C5-43E5-9800-298B5F7EC872}.Debug|x86.Build.0 = Debug|Any CPU
		{E5AA7166-36C5-43E5-9800-298B5F7EC872}.Release|Any CPU.ActiveCfg = Release|Any CPU
		{E5AA7166-36C5-43E5-9800-298B5F7EC872}.Release|Any CPU.Build.0 = Release|Any CPU
		{E5AA7166-36C5-43E5-9800-298B5F7EC872}.Release|x64.ActiveCfg = Release|Any CPU
		{E5AA7166-36C5-43E5-9800-298B5F7EC872}.Release|x64.Build.0 = Release|Any CPU
		{E5AA7166-36C5-43E5-9800-298B5F7EC872}.Release|x86.ActiveCfg = Release|Any CPU
		{E5AA7166-36C5-43E5-9800-298B5F7EC872}.Release|x86.Build.0 = Release|Any CPU
		{C77FCC4F-CF5F-4280-B28C-18DDF687BE50}.Debug|Any CPU.ActiveCfg = Debug|Any CPU
		{C77FCC4F-CF5F-4280-B28C-18DDF687BE50}.Debug|Any CPU.Build.0 = Debug|Any CPU
		{C77FCC4F-CF5F-4280-B28C-18DDF687BE50}.Debug|x64.ActiveCfg = Debug|Any CPU
		{C77FCC4F-CF5F-4280-B28C-18DDF687BE50}.Debug|x64.Build.0 = Debug|Any CPU
		{C77FCC4F-CF5F-4280-B28C-18DDF687BE50}.Debug|x86.ActiveCfg = Debug|Any CPU
		{C77FCC4F-CF5F-4280-B28C-18DDF687BE50}.Debug|x86.Build.0 = Debug|Any CPU
		{C77FCC4F-CF5F-4280-B28C-18DDF687BE50}.Release|Any CPU.ActiveCfg = Release|Any CPU
		{C77FCC4F-CF5F-4280-B28C-18DDF687BE50}.Release|Any CPU.Build.0 = Release|Any CPU
		{C77FCC4F-CF5F-4280-B28C-18DDF687BE50}.Release|x64.ActiveCfg = Release|Any CPU
		{C77FCC4F-CF5F-4280-B28C-18DDF687BE50}.Release|x64.Build.0 = Release|Any CPU
		{C77FCC4F-CF5F-4280-B28C-18DDF687BE50}.Release|x86.ActiveCfg = Release|Any CPU
		{C77FCC4F-CF5F-4280-B28C-18DDF687BE50}.Release|x86.Build.0 = Release|Any CPU
	EndGlobalSection
EndGlobal
