
Microsoft Visual Studio Solution File, Format Version 12.00
# Visual Studio Version 16
VisualStudioVersion = 16.0.30309.148
MinimumVisualStudioVersion = 10.0.40219.1
Project("{53586D2E-8870-404C-B750-85924BE908E9}") = "Azure.ResourceManager.DevTestLabs", "src\Azure.ResourceManager.DevTestLabs.csproj", "{50893E66-F511-48C5-B3A9-470F45ABF257}"
EndProject
Project("{53586D2E-8870-404C-B750-85924BE908E9}") = "Azure.ResourceManager.DevTestLabs.Tests", "tests\Azure.ResourceManager.DevTestLabs.Tests.csproj", "{F62D4D51-4B7A-41EE-99EB-793A6FFD13BC}"
EndProject
Project("{53586D2E-8870-404C-B750-85924BE908E9}") = "Azure.Core.TestFramework", "..\..\core\Azure.Core.TestFramework\src\Azure.Core.TestFramework.csproj", "{D834F7AA-20E1-4A74-8474-6E367332E3EB}"
EndProject
Project("{53586D2E-8870-404C-B750-85924BE908E9}") = "Azure.Core", "..\..\core\Azure.Core\src\Azure.Core.csproj", "{91F4FCC0-AEB7-4FEC-B3C2-7A3F9764CB51}"
EndProject
Global
	GlobalSection(SolutionProperties) = preSolution
		HideSolutionNode = FALSE
	EndGlobalSection
	GlobalSection(ExtensibilityGlobals) = postSolution
		SolutionGuid = {CF564235-AF22-488D-BEEC-BB72D1E2A03A}
	EndGlobalSection
	GlobalSection(SolutionConfigurationPlatforms) = preSolution
		Debug|Any CPU = Debug|Any CPU
		Debug|x64 = Debug|x64
		Debug|x86 = Debug|x86
		Release|Any CPU = Release|Any CPU
		Release|x64 = Release|x64
		Release|x86 = Release|x86
	EndGlobalSection
	GlobalSection(ProjectConfigurationPlatforms) = postSolution
		{50893E66-F511-48C5-B3A9-470F45ABF257}.Debug|Any CPU.ActiveCfg = Debug|Any CPU
		{50893E66-F511-48C5-B3A9-470F45ABF257}.Debug|Any CPU.Build.0 = Debug|Any CPU
		{50893E66-F511-48C5-B3A9-470F45ABF257}.Debug|x64.ActiveCfg = Debug|Any CPU
		{50893E66-F511-48C5-B3A9-470F45ABF257}.Debug|x64.Build.0 = Debug|Any CPU
		{50893E66-F511-48C5-B3A9-470F45ABF257}.Debug|x86.ActiveCfg = Debug|Any CPU
		{50893E66-F511-48C5-B3A9-470F45ABF257}.Debug|x86.Build.0 = Debug|Any CPU
		{50893E66-F511-48C5-B3A9-470F45ABF257}.Release|Any CPU.ActiveCfg = Release|Any CPU
		{50893E66-F511-48C5-B3A9-470F45ABF257}.Release|Any CPU.Build.0 = Release|Any CPU
		{50893E66-F511-48C5-B3A9-470F45ABF257}.Release|x64.ActiveCfg = Release|Any CPU
		{50893E66-F511-48C5-B3A9-470F45ABF257}.Release|x64.Build.0 = Release|Any CPU
		{50893E66-F511-48C5-B3A9-470F45ABF257}.Release|x86.ActiveCfg = Release|Any CPU
		{50893E66-F511-48C5-B3A9-470F45ABF257}.Release|x86.Build.0 = Release|Any CPU
		{F62D4D51-4B7A-41EE-99EB-793A6FFD13BC}.Debug|Any CPU.ActiveCfg = Debug|Any CPU
		{F62D4D51-4B7A-41EE-99EB-793A6FFD13BC}.Debug|Any CPU.Build.0 = Debug|Any CPU
		{F62D4D51-4B7A-41EE-99EB-793A6FFD13BC}.Debug|x64.ActiveCfg = Debug|Any CPU
		{F62D4D51-4B7A-41EE-99EB-793A6FFD13BC}.Debug|x64.Build.0 = Debug|Any CPU
		{F62D4D51-4B7A-41EE-99EB-793A6FFD13BC}.Debug|x86.ActiveCfg = Debug|Any CPU
		{F62D4D51-4B7A-41EE-99EB-793A6FFD13BC}.Debug|x86.Build.0 = Debug|Any CPU
		{F62D4D51-4B7A-41EE-99EB-793A6FFD13BC}.Release|Any CPU.ActiveCfg = Release|Any CPU
		{F62D4D51-4B7A-41EE-99EB-793A6FFD13BC}.Release|Any CPU.Build.0 = Release|Any CPU
		{F62D4D51-4B7A-41EE-99EB-793A6FFD13BC}.Release|x64.ActiveCfg = Release|Any CPU
		{F62D4D51-4B7A-41EE-99EB-793A6FFD13BC}.Release|x64.Build.0 = Release|Any CPU
		{F62D4D51-4B7A-41EE-99EB-793A6FFD13BC}.Release|x86.ActiveCfg = Release|Any CPU
		{F62D4D51-4B7A-41EE-99EB-793A6FFD13BC}.Release|x86.Build.0 = Release|Any CPU
	EndGlobalSection
EndGlobal
