
Microsoft Visual Studio Solution File, Format Version 12.00
# Visual Studio Version 16
VisualStudioVersion = 16.0.30309.148
MinimumVisualStudioVersion = 10.0.40219.1
Project("{921EC6E4-6A11-431A-9F48-32A5E488E2BF}") = "Azure.ResourceManager.SqlVirtualMachine", "src\Azure.ResourceManager.SqlVirtualMachine.csproj", "{9031B996-2D25-4022-9EF8-0C0B6F9C9129}"
EndProject
Project("{921EC6E4-6A11-431A-9F48-32A5E488E2BF}") = "Azure.ResourceManager.SqlVirtualMachine.Tests", "tests\Azure.ResourceManager.SqlVirtualMachine.Tests.csproj", "{878AD7DD-5197-4C40-94E6-A507AD8121D0}"
EndProject
Project("{921EC6E4-6A11-431A-9F48-32A5E488E2BF}") = "Azure.Core.TestFramework", "..\..\core\Azure.Core.TestFramework\src\Azure.Core.TestFramework.csproj", "{D834F7AA-20E1-4A74-8474-6E367332E3EB}"
EndProject
Project("{921EC6E4-6A11-431A-9F48-32A5E488E2BF}") = "Azure.Core", "..\..\core\Azure.Core\src\Azure.Core.csproj", "{91F4FCC0-AEB7-4FEC-B3C2-7A3F9764CB51}"
EndProject
Global
	GlobalSection(SolutionProperties) = preSolution
		HideSolutionNode = FALSE
	EndGlobalSection
	GlobalSection(ExtensibilityGlobals) = postSolution
		SolutionGuid = {F9DE8FE0-7BEA-40FD-BA1F-F7AF12DD78DB}
	EndGlobalSection
	GlobalSection(SolutionConfigurationPlatforms) = preSolution
		Debug|Any CPU = Debug|Any CPU
		Debug|x64 = Debug|x64
		Debug|x86 = Debug|x86
		Release|Any CPU = Release|Any CPU
		Release|x64 = Release|x64
		Release|x86 = Release|x86
	EndGlobalSection
	GlobalSection(ProjectConfigurationPlatforms) = postSolution
		{9031B996-2D25-4022-9EF8-0C0B6F9C9129}.Debug|Any CPU.ActiveCfg = Debug|Any CPU
		{9031B996-2D25-4022-9EF8-0C0B6F9C9129}.Debug|Any CPU.Build.0 = Debug|Any CPU
		{9031B996-2D25-4022-9EF8-0C0B6F9C9129}.Debug|x64.ActiveCfg = Debug|Any CPU
		{9031B996-2D25-4022-9EF8-0C0B6F9C9129}.Debug|x64.Build.0 = Debug|Any CPU
		{9031B996-2D25-4022-9EF8-0C0B6F9C9129}.Debug|x86.ActiveCfg = Debug|Any CPU
		{9031B996-2D25-4022-9EF8-0C0B6F9C9129}.Debug|x86.Build.0 = Debug|Any CPU
		{9031B996-2D25-4022-9EF8-0C0B6F9C9129}.Release|Any CPU.ActiveCfg = Release|Any CPU
		{9031B996-2D25-4022-9EF8-0C0B6F9C9129}.Release|Any CPU.Build.0 = Release|Any CPU
		{9031B996-2D25-4022-9EF8-0C0B6F9C9129}.Release|x64.ActiveCfg = Release|Any CPU
		{9031B996-2D25-4022-9EF8-0C0B6F9C9129}.Release|x64.Build.0 = Release|Any CPU
		{9031B996-2D25-4022-9EF8-0C0B6F9C9129}.Release|x86.ActiveCfg = Release|Any CPU
		{9031B996-2D25-4022-9EF8-0C0B6F9C9129}.Release|x86.Build.0 = Release|Any CPU
		{878AD7DD-5197-4C40-94E6-A507AD8121D0}.Debug|Any CPU.ActiveCfg = Debug|Any CPU
		{878AD7DD-5197-4C40-94E6-A507AD8121D0}.Debug|Any CPU.Build.0 = Debug|Any CPU
		{878AD7DD-5197-4C40-94E6-A507AD8121D0}.Debug|x64.ActiveCfg = Debug|Any CPU
		{878AD7DD-5197-4C40-94E6-A507AD8121D0}.Debug|x64.Build.0 = Debug|Any CPU
		{878AD7DD-5197-4C40-94E6-A507AD8121D0}.Debug|x86.ActiveCfg = Debug|Any CPU
		{878AD7DD-5197-4C40-94E6-A507AD8121D0}.Debug|x86.Build.0 = Debug|Any CPU
		{878AD7DD-5197-4C40-94E6-A507AD8121D0}.Release|Any CPU.ActiveCfg = Release|Any CPU
		{878AD7DD-5197-4C40-94E6-A507AD8121D0}.Release|Any CPU.Build.0 = Release|Any CPU
		{878AD7DD-5197-4C40-94E6-A507AD8121D0}.Release|x64.ActiveCfg = Release|Any CPU
		{878AD7DD-5197-4C40-94E6-A507AD8121D0}.Release|x64.Build.0 = Release|Any CPU
		{878AD7DD-5197-4C40-94E6-A507AD8121D0}.Release|x86.ActiveCfg = Release|Any CPU
		{878AD7DD-5197-4C40-94E6-A507AD8121D0}.Release|x86.Build.0 = Release|Any CPU
	EndGlobalSection
EndGlobal
