
Microsoft Visual Studio Solution File, Format Version 12.00
# Visual Studio Version 16
VisualStudioVersion = 16.0.30309.148
MinimumVisualStudioVersion = 10.0.40219.1
Project("{4C084B12-EA24-4DB8-9581-F5324E6C26CE}") = "Azure.ResourceManager.HealthcareApis", "src\Azure.ResourceManager.HealthcareApis.csproj", "{0D179D6E-7DB1-4D87-B8BC-E08944AEF80E}"
EndProject
Project("{4C084B12-EA24-4DB8-9581-F5324E6C26CE}") = "Azure.ResourceManager.HealthcareApis.Tests", "tests\Azure.ResourceManager.HealthcareApis.Tests.csproj", "{A300F0FE-EBAF-465A-BB49-D9749EF73D38}"
EndProject
Project("{4C084B12-EA24-4DB8-9581-F5324E6C26CE}") = "Azure.Core.TestFramework", "..\..\core\Azure.Core.TestFramework\src\Azure.Core.TestFramework.csproj", "{D834F7AA-20E1-4A74-8474-6E367332E3EB}"
EndProject
Project("{4C084B12-EA24-4DB8-9581-F5324E6C26CE}") = "Azure.Core", "..\..\core\Azure.Core\src\Azure.Core.csproj", "{91F4FCC0-AEB7-4FEC-B3C2-7A3F9764CB51}"
EndProject
Global
	GlobalSection(SolutionProperties) = preSolution
		HideSolutionNode = FALSE
	EndGlobalSection
	GlobalSection(ExtensibilityGlobals) = postSolution
		SolutionGuid = {5FBEBD4C-9268-4C19-A595-D9CF6D1BD41F}
	EndGlobalSection
	GlobalSection(SolutionConfigurationPlatforms) = preSolution
		Debug|Any CPU = Debug|Any CPU
		Debug|x64 = Debug|x64
		Debug|x86 = Debug|x86
		Release|Any CPU = Release|Any CPU
		Release|x64 = Release|x64
		Release|x86 = Release|x86
	EndGlobalSection
	GlobalSection(ProjectConfigurationPlatforms) = postSolution
		{0D179D6E-7DB1-4D87-B8BC-E08944AEF80E}.Debug|Any CPU.ActiveCfg = Debug|Any CPU
		{0D179D6E-7DB1-4D87-B8BC-E08944AEF80E}.Debug|Any CPU.Build.0 = Debug|Any CPU
		{0D179D6E-7DB1-4D87-B8BC-E08944AEF80E}.Debug|x64.ActiveCfg = Debug|Any CPU
		{0D179D6E-7DB1-4D87-B8BC-E08944AEF80E}.Debug|x64.Build.0 = Debug|Any CPU
		{0D179D6E-7DB1-4D87-B8BC-E08944AEF80E}.Debug|x86.ActiveCfg = Debug|Any CPU
		{0D179D6E-7DB1-4D87-B8BC-E08944AEF80E}.Debug|x86.Build.0 = Debug|Any CPU
		{0D179D6E-7DB1-4D87-B8BC-E08944AEF80E}.Release|Any CPU.ActiveCfg = Release|Any CPU
		{0D179D6E-7DB1-4D87-B8BC-E08944AEF80E}.Release|Any CPU.Build.0 = Release|Any CPU
		{0D179D6E-7DB1-4D87-B8BC-E08944AEF80E}.Release|x64.ActiveCfg = Release|Any CPU
		{0D179D6E-7DB1-4D87-B8BC-E08944AEF80E}.Release|x64.Build.0 = Release|Any CPU
		{0D179D6E-7DB1-4D87-B8BC-E08944AEF80E}.Release|x86.ActiveCfg = Release|Any CPU
		{0D179D6E-7DB1-4D87-B8BC-E08944AEF80E}.Release|x86.Build.0 = Release|Any CPU
		{A300F0FE-EBAF-465A-BB49-D9749EF73D38}.Debug|Any CPU.ActiveCfg = Debug|Any CPU
		{A300F0FE-EBAF-465A-BB49-D9749EF73D38}.Debug|Any CPU.Build.0 = Debug|Any CPU
		{A300F0FE-EBAF-465A-BB49-D9749EF73D38}.Debug|x64.ActiveCfg = Debug|Any CPU
		{A300F0FE-EBAF-465A-BB49-D9749EF73D38}.Debug|x64.Build.0 = Debug|Any CPU
		{A300F0FE-EBAF-465A-BB49-D9749EF73D38}.Debug|x86.ActiveCfg = Debug|Any CPU
		{A300F0FE-EBAF-465A-BB49-D9749EF73D38}.Debug|x86.Build.0 = Debug|Any CPU
		{A300F0FE-EBAF-465A-BB49-D9749EF73D38}.Release|Any CPU.ActiveCfg = Release|Any CPU
		{A300F0FE-EBAF-465A-BB49-D9749EF73D38}.Release|Any CPU.Build.0 = Release|Any CPU
		{A300F0FE-EBAF-465A-BB49-D9749EF73D38}.Release|x64.ActiveCfg = Release|Any CPU
		{A300F0FE-EBAF-465A-BB49-D9749EF73D38}.Release|x64.Build.0 = Release|Any CPU
		{A300F0FE-EBAF-465A-BB49-D9749EF73D38}.Release|x86.ActiveCfg = Release|Any CPU
		{A300F0FE-EBAF-465A-BB49-D9749EF73D38}.Release|x86.Build.0 = Release|Any CPU
	EndGlobalSection
EndGlobal
