
Microsoft Visual Studio Solution File, Format Version 12.00
# Visual Studio Version 16
VisualStudioVersion = 16.0.30309.148
MinimumVisualStudioVersion = 10.0.40219.1
Project("{059FA27C-4B4E-4C48-AA6F-BF01849D536A}") = "Azure.ResourceManager.HealthcareApis", "src\Azure.ResourceManager.HealthcareApis.csproj", "{6B0AE7F0-B324-42A8-A07B-3D730A4EEBFF}"
EndProject
Project("{059FA27C-4B4E-4C48-AA6F-BF01849D536A}") = "Azure.ResourceManager.HealthcareApis.Tests", "mocktests\Azure.ResourceManager.HealthcareApis.Tests.csproj", "{B03BA463-5782-482F-9A58-C1BB40A1C146}"
EndProject
Project("{059FA27C-4B4E-4C48-AA6F-BF01849D536A}") = "Azure.Core.TestFramework", "..\..\core\Azure.Core.TestFramework\src\Azure.Core.TestFramework.csproj", "{D834F7AA-20E1-4A74-8474-6E367332E3EB}"
EndProject
Project("{059FA27C-4B4E-4C48-AA6F-BF01849D536A}") = "Azure.Core", "..\..\core\Azure.Core\src\Azure.Core.csproj", "{91F4FCC0-AEB7-4FEC-B3C2-7A3F9764CB51}"
EndProject
Global
	GlobalSection(SolutionProperties) = preSolution
		HideSolutionNode = FALSE
	EndGlobalSection
	GlobalSection(ExtensibilityGlobals) = postSolution
		SolutionGuid = {6EC1BA6C-D1D2-4CE7-A889-735A7D52E611}
	EndGlobalSection
	GlobalSection(SolutionConfigurationPlatforms) = preSolution
		Debug|Any CPU = Debug|Any CPU
		Debug|x64 = Debug|x64
		Debug|x86 = Debug|x86
		Release|Any CPU = Release|Any CPU
		Release|x64 = Release|x64
		Release|x86 = Release|x86
	EndGlobalSection
	GlobalSection(ProjectConfigurationPlatforms) = postSolution
		{6B0AE7F0-B324-42A8-A07B-3D730A4EEBFF}.Debug|Any CPU.ActiveCfg = Debug|Any CPU
		{6B0AE7F0-B324-42A8-A07B-3D730A4EEBFF}.Debug|Any CPU.Build.0 = Debug|Any CPU
		{6B0AE7F0-B324-42A8-A07B-3D730A4EEBFF}.Debug|x64.ActiveCfg = Debug|Any CPU
		{6B0AE7F0-B324-42A8-A07B-3D730A4EEBFF}.Debug|x64.Build.0 = Debug|Any CPU
		{6B0AE7F0-B324-42A8-A07B-3D730A4EEBFF}.Debug|x86.ActiveCfg = Debug|Any CPU
		{6B0AE7F0-B324-42A8-A07B-3D730A4EEBFF}.Debug|x86.Build.0 = Debug|Any CPU
		{6B0AE7F0-B324-42A8-A07B-3D730A4EEBFF}.Release|Any CPU.ActiveCfg = Release|Any CPU
		{6B0AE7F0-B324-42A8-A07B-3D730A4EEBFF}.Release|Any CPU.Build.0 = Release|Any CPU
		{6B0AE7F0-B324-42A8-A07B-3D730A4EEBFF}.Release|x64.ActiveCfg = Release|Any CPU
		{6B0AE7F0-B324-42A8-A07B-3D730A4EEBFF}.Release|x64.Build.0 = Release|Any CPU
		{6B0AE7F0-B324-42A8-A07B-3D730A4EEBFF}.Release|x86.ActiveCfg = Release|Any CPU
		{6B0AE7F0-B324-42A8-A07B-3D730A4EEBFF}.Release|x86.Build.0 = Release|Any CPU
		{B03BA463-5782-482F-9A58-C1BB40A1C146}.Debug|Any CPU.ActiveCfg = Debug|Any CPU
		{B03BA463-5782-482F-9A58-C1BB40A1C146}.Debug|Any CPU.Build.0 = Debug|Any CPU
		{B03BA463-5782-482F-9A58-C1BB40A1C146}.Debug|x64.ActiveCfg = Debug|Any CPU
		{B03BA463-5782-482F-9A58-C1BB40A1C146}.Debug|x64.Build.0 = Debug|Any CPU
		{B03BA463-5782-482F-9A58-C1BB40A1C146}.Debug|x86.ActiveCfg = Debug|Any CPU
		{B03BA463-5782-482F-9A58-C1BB40A1C146}.Debug|x86.Build.0 = Debug|Any CPU
		{B03BA463-5782-482F-9A58-C1BB40A1C146}.Release|Any CPU.ActiveCfg = Release|Any CPU
		{B03BA463-5782-482F-9A58-C1BB40A1C146}.Release|Any CPU.Build.0 = Release|Any CPU
		{B03BA463-5782-482F-9A58-C1BB40A1C146}.Release|x64.ActiveCfg = Release|Any CPU
		{B03BA463-5782-482F-9A58-C1BB40A1C146}.Release|x64.Build.0 = Release|Any CPU
		{B03BA463-5782-482F-9A58-C1BB40A1C146}.Release|x86.ActiveCfg = Release|Any CPU
		{B03BA463-5782-482F-9A58-C1BB40A1C146}.Release|x86.Build.0 = Release|Any CPU
	EndGlobalSection
EndGlobal
