
Microsoft Visual Studio Solution File, Format Version 12.00
# Visual Studio Version 16
VisualStudioVersion = 16.0.30309.148
MinimumVisualStudioVersion = 10.0.40219.1
Project("{ADED8744-0D3C-4846-81FB-6C4A742CE27A}") = "Azure.ResourceManager.RecoveryServices", "src\Azure.ResourceManager.RecoveryServices.csproj", "{D15343D2-16EA-4136-8ADE-71CC8ACBA3FA}"
EndProject
Project("{ADED8744-0D3C-4846-81FB-6C4A742CE27A}") = "Azure.ResourceManager.RecoveryServices.Tests", "tests\Azure.ResourceManager.RecoveryServices.Tests.csproj", "{563480BC-BBA1-4B84-9E63-FF559BA345D4}"
EndProject
Project("{ADED8744-0D3C-4846-81FB-6C4A742CE27A}") = "Azure.Core.TestFramework", "..\..\core\Azure.Core.TestFramework\src\Azure.Core.TestFramework.csproj", "{D834F7AA-20E1-4A74-8474-6E367332E3EB}"
EndProject
Project("{ADED8744-0D3C-4846-81FB-6C4A742CE27A}") = "Azure.Core", "..\..\core\Azure.Core\src\Azure.Core.csproj", "{91F4FCC0-AEB7-4FEC-B3C2-7A3F9764CB51}"
EndProject
Global
	GlobalSection(SolutionProperties) = preSolution
		HideSolutionNode = FALSE
	EndGlobalSection
	GlobalSection(ExtensibilityGlobals) = postSolution
		SolutionGuid = {857F400E-BFDF-4834-914F-73D6A7365EA5}
	EndGlobalSection
	GlobalSection(SolutionConfigurationPlatforms) = preSolution
		Debug|Any CPU = Debug|Any CPU
		Debug|x64 = Debug|x64
		Debug|x86 = Debug|x86
		Release|Any CPU = Release|Any CPU
		Release|x64 = Release|x64
		Release|x86 = Release|x86
	EndGlobalSection
	GlobalSection(ProjectConfigurationPlatforms) = postSolution
		{D15343D2-16EA-4136-8ADE-71CC8ACBA3FA}.Debug|Any CPU.ActiveCfg = Debug|Any CPU
		{D15343D2-16EA-4136-8ADE-71CC8ACBA3FA}.Debug|Any CPU.Build.0 = Debug|Any CPU
		{D15343D2-16EA-4136-8ADE-71CC8ACBA3FA}.Debug|x64.ActiveCfg = Debug|Any CPU
		{D15343D2-16EA-4136-8ADE-71CC8ACBA3FA}.Debug|x64.Build.0 = Debug|Any CPU
		{D15343D2-16EA-4136-8ADE-71CC8ACBA3FA}.Debug|x86.ActiveCfg = Debug|Any CPU
		{D15343D2-16EA-4136-8ADE-71CC8ACBA3FA}.Debug|x86.Build.0 = Debug|Any CPU
		{D15343D2-16EA-4136-8ADE-71CC8ACBA3FA}.Release|Any CPU.ActiveCfg = Release|Any CPU
		{D15343D2-16EA-4136-8ADE-71CC8ACBA3FA}.Release|Any CPU.Build.0 = Release|Any CPU
		{D15343D2-16EA-4136-8ADE-71CC8ACBA3FA}.Release|x64.ActiveCfg = Release|Any CPU
		{D15343D2-16EA-4136-8ADE-71CC8ACBA3FA}.Release|x64.Build.0 = Release|Any CPU
		{D15343D2-16EA-4136-8ADE-71CC8ACBA3FA}.Release|x86.ActiveCfg = Release|Any CPU
		{D15343D2-16EA-4136-8ADE-71CC8ACBA3FA}.Release|x86.Build.0 = Release|Any CPU
		{563480BC-BBA1-4B84-9E63-FF559BA345D4}.Debug|Any CPU.ActiveCfg = Debug|Any CPU
		{563480BC-BBA1-4B84-9E63-FF559BA345D4}.Debug|Any CPU.Build.0 = Debug|Any CPU
		{563480BC-BBA1-4B84-9E63-FF559BA345D4}.Debug|x64.ActiveCfg = Debug|Any CPU
		{563480BC-BBA1-4B84-9E63-FF559BA345D4}.Debug|x64.Build.0 = Debug|Any CPU
		{563480BC-BBA1-4B84-9E63-FF559BA345D4}.Debug|x86.ActiveCfg = Debug|Any CPU
		{563480BC-BBA1-4B84-9E63-FF559BA345D4}.Debug|x86.Build.0 = Debug|Any CPU
		{563480BC-BBA1-4B84-9E63-FF559BA345D4}.Release|Any CPU.ActiveCfg = Release|Any CPU
		{563480BC-BBA1-4B84-9E63-FF559BA345D4}.Release|Any CPU.Build.0 = Release|Any CPU
		{563480BC-BBA1-4B84-9E63-FF559BA345D4}.Release|x64.ActiveCfg = Release|Any CPU
		{563480BC-BBA1-4B84-9E63-FF559BA345D4}.Release|x64.Build.0 = Release|Any CPU
		{563480BC-BBA1-4B84-9E63-FF559BA345D4}.Release|x86.ActiveCfg = Release|Any CPU
		{563480BC-BBA1-4B84-9E63-FF559BA345D4}.Release|x86.Build.0 = Release|Any CPU
	EndGlobalSection
EndGlobal
