
Microsoft Visual Studio Solution File, Format Version 12.00
# Visual Studio Version 16
VisualStudioVersion = 16.0.30309.148
MinimumVisualStudioVersion = 10.0.40219.1
Project("{AA98CE09-33CA-4A90-8EAA-1B318E345BD3}") = "Azure.ResourceManager.RecoveryServices", "src\Azure.ResourceManager.RecoveryServices.csproj", "{B8BE6FC5-4DD1-4F59-9591-912AEE2374B7}"
EndProject
Project("{AA98CE09-33CA-4A90-8EAA-1B318E345BD3}") = "Azure.ResourceManager.RecoveryServices.Tests", "mocktests\Azure.ResourceManager.RecoveryServices.Tests.csproj", "{8285C01B-B23D-4742-952E-599E9B480545}"
EndProject
Project("{AA98CE09-33CA-4A90-8EAA-1B318E345BD3}") = "Azure.Core.TestFramework", "..\..\core\Azure.Core.TestFramework\src\Azure.Core.TestFramework.csproj", "{D834F7AA-20E1-4A74-8474-6E367332E3EB}"
EndProject
Project("{AA98CE09-33CA-4A90-8EAA-1B318E345BD3}") = "Azure.Core", "..\..\core\Azure.Core\src\Azure.Core.csproj", "{91F4FCC0-AEB7-4FEC-B3C2-7A3F9764CB51}"
EndProject
Global
	GlobalSection(SolutionProperties) = preSolution
		HideSolutionNode = FALSE
	EndGlobalSection
	GlobalSection(ExtensibilityGlobals) = postSolution
		SolutionGuid = {F731E478-57CC-4283-A4B3-C39B380934EC}
	EndGlobalSection
	GlobalSection(SolutionConfigurationPlatforms) = preSolution
		Debug|Any CPU = Debug|Any CPU
		Debug|x64 = Debug|x64
		Debug|x86 = Debug|x86
		Release|Any CPU = Release|Any CPU
		Release|x64 = Release|x64
		Release|x86 = Release|x86
	EndGlobalSection
	GlobalSection(ProjectConfigurationPlatforms) = postSolution
		{B8BE6FC5-4DD1-4F59-9591-912AEE2374B7}.Debug|Any CPU.ActiveCfg = Debug|Any CPU
		{B8BE6FC5-4DD1-4F59-9591-912AEE2374B7}.Debug|Any CPU.Build.0 = Debug|Any CPU
		{B8BE6FC5-4DD1-4F59-9591-912AEE2374B7}.Debug|x64.ActiveCfg = Debug|Any CPU
		{B8BE6FC5-4DD1-4F59-9591-912AEE2374B7}.Debug|x64.Build.0 = Debug|Any CPU
		{B8BE6FC5-4DD1-4F59-9591-912AEE2374B7}.Debug|x86.ActiveCfg = Debug|Any CPU
		{B8BE6FC5-4DD1-4F59-9591-912AEE2374B7}.Debug|x86.Build.0 = Debug|Any CPU
		{B8BE6FC5-4DD1-4F59-9591-912AEE2374B7}.Release|Any CPU.ActiveCfg = Release|Any CPU
		{B8BE6FC5-4DD1-4F59-9591-912AEE2374B7}.Release|Any CPU.Build.0 = Release|Any CPU
		{B8BE6FC5-4DD1-4F59-9591-912AEE2374B7}.Release|x64.ActiveCfg = Release|Any CPU
		{B8BE6FC5-4DD1-4F59-9591-912AEE2374B7}.Release|x64.Build.0 = Release|Any CPU
		{B8BE6FC5-4DD1-4F59-9591-912AEE2374B7}.Release|x86.ActiveCfg = Release|Any CPU
		{B8BE6FC5-4DD1-4F59-9591-912AEE2374B7}.Release|x86.Build.0 = Release|Any CPU
		{8285C01B-B23D-4742-952E-599E9B480545}.Debug|Any CPU.ActiveCfg = Debug|Any CPU
		{8285C01B-B23D-4742-952E-599E9B480545}.Debug|Any CPU.Build.0 = Debug|Any CPU
		{8285C01B-B23D-4742-952E-599E9B480545}.Debug|x64.ActiveCfg = Debug|Any CPU
		{8285C01B-B23D-4742-952E-599E9B480545}.Debug|x64.Build.0 = Debug|Any CPU
		{8285C01B-B23D-4742-952E-599E9B480545}.Debug|x86.ActiveCfg = Debug|Any CPU
		{8285C01B-B23D-4742-952E-599E9B480545}.Debug|x86.Build.0 = Debug|Any CPU
		{8285C01B-B23D-4742-952E-599E9B480545}.Release|Any CPU.ActiveCfg = Release|Any CPU
		{8285C01B-B23D-4742-952E-599E9B480545}.Release|Any CPU.Build.0 = Release|Any CPU
		{8285C01B-B23D-4742-952E-599E9B480545}.Release|x64.ActiveCfg = Release|Any CPU
		{8285C01B-B23D-4742-952E-599E9B480545}.Release|x64.Build.0 = Release|Any CPU
		{8285C01B-B23D-4742-952E-599E9B480545}.Release|x86.ActiveCfg = Release|Any CPU
		{8285C01B-B23D-4742-952E-599E9B480545}.Release|x86.Build.0 = Release|Any CPU
	EndGlobalSection
EndGlobal
