
Microsoft Visual Studio Solution File, Format Version 12.00
# Visual Studio Version 16
VisualStudioVersion = 16.0.30309.148
MinimumVisualStudioVersion = 10.0.40219.1
Project("{F00A7296-9178-4972-9C2C-70CFF5290AD1}") = "Azure.ResourceManager.Chaos", "src\Azure.ResourceManager.Chaos.csproj", "{E9A7E99F-27C0-48AF-80CB-32E81E77E139}"
EndProject
Project("{F00A7296-9178-4972-9C2C-70CFF5290AD1}") = "Azure.ResourceManager.Chaos.Tests", "mocktests\Azure.ResourceManager.Chaos.Tests.csproj", "{AE25E3A0-3CC8-4844-AC98-DB0009CD78F2}"
EndProject
Project("{F00A7296-9178-4972-9C2C-70CFF5290AD1}") = "Azure.Core.TestFramework", "..\..\core\Azure.Core.TestFramework\src\Azure.Core.TestFramework.csproj", "{D834F7AA-20E1-4A74-8474-6E367332E3EB}"
EndProject
Project("{F00A7296-9178-4972-9C2C-70CFF5290AD1}") = "Azure.Core", "..\..\core\Azure.Core\src\Azure.Core.csproj", "{91F4FCC0-AEB7-4FEC-B3C2-7A3F9764CB51}"
EndProject
Global
	GlobalSection(SolutionProperties) = preSolution
		HideSolutionNode = FALSE
	EndGlobalSection
	GlobalSection(ExtensibilityGlobals) = postSolution
		SolutionGuid = {F111D9E0-86DF-4994-A23D-2A3BE3469499}
	EndGlobalSection
	GlobalSection(SolutionConfigurationPlatforms) = preSolution
		Debug|Any CPU = Debug|Any CPU
		Debug|x64 = Debug|x64
		Debug|x86 = Debug|x86
		Release|Any CPU = Release|Any CPU
		Release|x64 = Release|x64
		Release|x86 = Release|x86
	EndGlobalSection
	GlobalSection(ProjectConfigurationPlatforms) = postSolution
		{E9A7E99F-27C0-48AF-80CB-32E81E77E139}.Debug|Any CPU.ActiveCfg = Debug|Any CPU
		{E9A7E99F-27C0-48AF-80CB-32E81E77E139}.Debug|Any CPU.Build.0 = Debug|Any CPU
		{E9A7E99F-27C0-48AF-80CB-32E81E77E139}.Debug|x64.ActiveCfg = Debug|Any CPU
		{E9A7E99F-27C0-48AF-80CB-32E81E77E139}.Debug|x64.Build.0 = Debug|Any CPU
		{E9A7E99F-27C0-48AF-80CB-32E81E77E139}.Debug|x86.ActiveCfg = Debug|Any CPU
		{E9A7E99F-27C0-48AF-80CB-32E81E77E139}.Debug|x86.Build.0 = Debug|Any CPU
		{E9A7E99F-27C0-48AF-80CB-32E81E77E139}.Release|Any CPU.ActiveCfg = Release|Any CPU
		{E9A7E99F-27C0-48AF-80CB-32E81E77E139}.Release|Any CPU.Build.0 = Release|Any CPU
		{E9A7E99F-27C0-48AF-80CB-32E81E77E139}.Release|x64.ActiveCfg = Release|Any CPU
		{E9A7E99F-27C0-48AF-80CB-32E81E77E139}.Release|x64.Build.0 = Release|Any CPU
		{E9A7E99F-27C0-48AF-80CB-32E81E77E139}.Release|x86.ActiveCfg = Release|Any CPU
		{E9A7E99F-27C0-48AF-80CB-32E81E77E139}.Release|x86.Build.0 = Release|Any CPU
		{AE25E3A0-3CC8-4844-AC98-DB0009CD78F2}.Debug|Any CPU.ActiveCfg = Debug|Any CPU
		{AE25E3A0-3CC8-4844-AC98-DB0009CD78F2}.Debug|Any CPU.Build.0 = Debug|Any CPU
		{AE25E3A0-3CC8-4844-AC98-DB0009CD78F2}.Debug|x64.ActiveCfg = Debug|Any CPU
		{AE25E3A0-3CC8-4844-AC98-DB0009CD78F2}.Debug|x64.Build.0 = Debug|Any CPU
		{AE25E3A0-3CC8-4844-AC98-DB0009CD78F2}.Debug|x86.ActiveCfg = Debug|Any CPU
		{AE25E3A0-3CC8-4844-AC98-DB0009CD78F2}.Debug|x86.Build.0 = Debug|Any CPU
		{AE25E3A0-3CC8-4844-AC98-DB0009CD78F2}.Release|Any CPU.ActiveCfg = Release|Any CPU
		{AE25E3A0-3CC8-4844-AC98-DB0009CD78F2}.Release|Any CPU.Build.0 = Release|Any CPU
		{AE25E3A0-3CC8-4844-AC98-DB0009CD78F2}.Release|x64.ActiveCfg = Release|Any CPU
		{AE25E3A0-3CC8-4844-AC98-DB0009CD78F2}.Release|x64.Build.0 = Release|Any CPU
		{AE25E3A0-3CC8-4844-AC98-DB0009CD78F2}.Release|x86.ActiveCfg = Release|Any CPU
		{AE25E3A0-3CC8-4844-AC98-DB0009CD78F2}.Release|x86.Build.0 = Release|Any CPU
	EndGlobalSection
EndGlobal
