
Microsoft Visual Studio Solution File, Format Version 12.00
# Visual Studio Version 16
VisualStudioVersion = 16.0.30309.148
MinimumVisualStudioVersion = 10.0.40219.1
Project("{98B5370F-802F-440D-AD3B-C0DD53FC53F9}") = "Azure.ResourceManager.Redis", "src\Azure.ResourceManager.Redis.csproj", "{BCAB506F-5B90-43E5-ABE9-40EB37D12516}"
EndProject
Project("{98B5370F-802F-440D-AD3B-C0DD53FC53F9}") = "Azure.ResourceManager.Redis.Tests", "tests\Azure.ResourceManager.Redis.Tests.csproj", "{5436E65B-271B-4FE8-8CFE-1C0744D3AEC2}"
EndProject
Project("{98B5370F-802F-440D-AD3B-C0DD53FC53F9}") = "Azure.Core.TestFramework", "..\..\core\Azure.Core.TestFramework\src\Azure.Core.TestFramework.csproj", "{D834F7AA-20E1-4A74-8474-6E367332E3EB}"
EndProject
Project("{98B5370F-802F-440D-AD3B-C0DD53FC53F9}") = "Azure.Core", "..\..\core\Azure.Core\src\Azure.Core.csproj", "{91F4FCC0-AEB7-4FEC-B3C2-7A3F9764CB51}"
EndProject
Global
	GlobalSection(SolutionProperties) = preSolution
		HideSolutionNode = FALSE
	EndGlobalSection
	GlobalSection(ExtensibilityGlobals) = postSolution
		SolutionGuid = {316F0E72-89DE-42E4-8097-FE5A0A50EC6A}
	EndGlobalSection
	GlobalSection(SolutionConfigurationPlatforms) = preSolution
		Debug|Any CPU = Debug|Any CPU
		Debug|x64 = Debug|x64
		Debug|x86 = Debug|x86
		Release|Any CPU = Release|Any CPU
		Release|x64 = Release|x64
		Release|x86 = Release|x86
	EndGlobalSection
	GlobalSection(ProjectConfigurationPlatforms) = postSolution
		{BCAB506F-5B90-43E5-ABE9-40EB37D12516}.Debug|Any CPU.ActiveCfg = Debug|Any CPU
		{BCAB506F-5B90-43E5-ABE9-40EB37D12516}.Debug|Any CPU.Build.0 = Debug|Any CPU
		{BCAB506F-5B90-43E5-ABE9-40EB37D12516}.Debug|x64.ActiveCfg = Debug|Any CPU
		{BCAB506F-5B90-43E5-ABE9-40EB37D12516}.Debug|x64.Build.0 = Debug|Any CPU
		{BCAB506F-5B90-43E5-ABE9-40EB37D12516}.Debug|x86.ActiveCfg = Debug|Any CPU
		{BCAB506F-5B90-43E5-ABE9-40EB37D12516}.Debug|x86.Build.0 = Debug|Any CPU
		{BCAB506F-5B90-43E5-ABE9-40EB37D12516}.Release|Any CPU.ActiveCfg = Release|Any CPU
		{BCAB506F-5B90-43E5-ABE9-40EB37D12516}.Release|Any CPU.Build.0 = Release|Any CPU
		{BCAB506F-5B90-43E5-ABE9-40EB37D12516}.Release|x64.ActiveCfg = Release|Any CPU
		{BCAB506F-5B90-43E5-ABE9-40EB37D12516}.Release|x64.Build.0 = Release|Any CPU
		{BCAB506F-5B90-43E5-ABE9-40EB37D12516}.Release|x86.ActiveCfg = Release|Any CPU
		{BCAB506F-5B90-43E5-ABE9-40EB37D12516}.Release|x86.Build.0 = Release|Any CPU
		{5436E65B-271B-4FE8-8CFE-1C0744D3AEC2}.Debug|Any CPU.ActiveCfg = Debug|Any CPU
		{5436E65B-271B-4FE8-8CFE-1C0744D3AEC2}.Debug|Any CPU.Build.0 = Debug|Any CPU
		{5436E65B-271B-4FE8-8CFE-1C0744D3AEC2}.Debug|x64.ActiveCfg = Debug|Any CPU
		{5436E65B-271B-4FE8-8CFE-1C0744D3AEC2}.Debug|x64.Build.0 = Debug|Any CPU
		{5436E65B-271B-4FE8-8CFE-1C0744D3AEC2}.Debug|x86.ActiveCfg = Debug|Any CPU
		{5436E65B-271B-4FE8-8CFE-1C0744D3AEC2}.Debug|x86.Build.0 = Debug|Any CPU
		{5436E65B-271B-4FE8-8CFE-1C0744D3AEC2}.Release|Any CPU.ActiveCfg = Release|Any CPU
		{5436E65B-271B-4FE8-8CFE-1C0744D3AEC2}.Release|Any CPU.Build.0 = Release|Any CPU
		{5436E65B-271B-4FE8-8CFE-1C0744D3AEC2}.Release|x64.ActiveCfg = Release|Any CPU
		{5436E65B-271B-4FE8-8CFE-1C0744D3AEC2}.Release|x64.Build.0 = Release|Any CPU
		{5436E65B-271B-4FE8-8CFE-1C0744D3AEC2}.Release|x86.ActiveCfg = Release|Any CPU
		{5436E65B-271B-4FE8-8CFE-1C0744D3AEC2}.Release|x86.Build.0 = Release|Any CPU
	EndGlobalSection
EndGlobal
